<?xml version="1.0" encoding="UTF-8"?>
<Project ToolsVersion="14.0" xmlns="http://schemas.microsoft.com/developer/msbuild/2003">
  <ItemGroup>
    <CustomBuild Include="C:\Users\hca\Desktop\GPC\OGLPG-9th-Edition\OGLPG-9th-Edition\lib\glfw\CMakeLists.txt" />
    <CustomBuild Include="C:\Users\hca\Desktop\GPC\OpenGL\CMakeFiles\e6adac805ca033c1a64b225ae0e45727\uninstall.rule">
      <Filter>CMake Rules</Filter>
    </CustomBuild>
  </ItemGroup>
  <ItemGroup>
    <None Include="C:\Users\hca\Desktop\GPC\OpenGL\lib\glfw\CMakeFiles\uninstall" />
  </ItemGroup>
  <ItemGroup>
    <Filter Include="CMake Rules">
      <UniqueIdentifier>{08B0303C-5F6E-32C4-A424-D82F3B2FDA4D}</UniqueIdentifier>
    </Filter>
  </ItemGroup>
</Project>
