<?xml version="1.0" encoding="UTF-8"?>
<Project ToolsVersion="14.0" xmlns="http://schemas.microsoft.com/developer/msbuild/2003">
  <ItemGroup>
    <ClCompile Include="C:\OGLPG-9th-Edition\OGLPG-9th-Edition\src\03-xfb\03-xfb.cpp">
      <Filter>Source Files</Filter>
    </ClCompile>
  </ItemGroup>
  <ItemGroup>
    <ClInclude Include="C:\OGLPG-9th-Edition\OGLPG-9th-Edition\include\vgl.h">
      <Filter>Header Files</Filter>
    </ClInclude>
    <ClInclude Include="C:\OGLPG-9th-Edition\OGLPG-9th-Edition\include\vapp.h">
      <Filter>Header Files</Filter>
    </ClInclude>
  </ItemGroup>
  <ItemGroup>
    <CustomBuild Include="C:\OGLPG-9th-Edition\OGLPG-9th-Edition\CMakeLists.txt" />
  </ItemGroup>
  <ItemGroup>
    <Filter Include="Source Files">
      <UniqueIdentifier>{B3FEB672-C172-311F-B595-A4806169616C}</UniqueIdentifier>
    </Filter>
    <Filter Include="Header Files">
      <UniqueIdentifier>{D26C7E05-370F-32FF-B396-7C2888A67B0B}</UniqueIdentifier>
    </Filter>
  </ItemGroup>
</Project>
