Microsoft Visual Studio Solution File, Format Version 12.00
# Visual Studio 14
Project("{2150E333-8FDC-42A3-9474-1A3956D46DE8}") = "CMakePredefinedTargets", "CMakePredefinedTargets", "{AB3E8E0C-DF05-3521-A5D6-94604DF3CB89}"
EndProject
Project("{2150E333-8FDC-42A3-9474-1A3956D46DE8}") = "GLFW3", "GLFW3", "{CC14BBC0-FB42-350E-9ADC-121161C39B84}"
EndProject
Project("{2150E333-8FDC-42A3-9474-1A3956D46DE8}") = "Examples", "GLFW3\Examples", "{EDDC9388-6FB5-395B-A902-032048A32965}"
EndProject
Project("{2150E333-8FDC-42A3-9474-1A3956D46DE8}") = "Tests", "GLFW3\Tests", "{DB713FBC-B2DC-35C6-AC7B-244B33B3726A}"
EndProject
Project("{8BC9CEB8-8B4A-11D0-8D11-00A0C91BC942}") = "ALL_BUILD", "ALL_BUILD.vcxproj", "{56EFE21C-E26E-359F-BE2D-E9AC7BC03D57}"
	ProjectSection(ProjectDependencies) = postProject
		{F8639B46-B763-350D-99D3-701697FC9180} = {F8639B46-B763-350D-99D3-701697FC9180}
		{4524E0FC-0BAC-35E3-BF9C-1DB3A3F535DD} = {4524E0FC-0BAC-35E3-BF9C-1DB3A3F535DD}
		{BEAAEA20-AEB0-30ED-98AC-F65D97C9FD65} = {BEAAEA20-AEB0-30ED-98AC-F65D97C9FD65}
		{95B9D5EB-427F-379F-9DDE-7F6A33585E92} = {95B9D5EB-427F-379F-9DDE-7F6A33585E92}
		{515CB0A9-510A-385B-8E85-E23092B08851} = {515CB0A9-510A-385B-8E85-E23092B08851}
		{F06A7A09-D983-3E98-B65A-0C876A08306A} = {F06A7A09-D983-3E98-B65A-0C876A08306A}
		{1518E2B6-FC33-385C-AD01-5B703239BF4C} = {1518E2B6-FC33-385C-AD01-5B703239BF4C}
		{3C459D36-444D-36BC-A5CA-9A0387498AEB} = {3C459D36-444D-36BC-A5CA-9A0387498AEB}
		{44744ABB-F823-33F0-8EC1-53F277B2DD03} = {44744ABB-F823-33F0-8EC1-53F277B2DD03}
		{D1A5436E-385A-3185-8821-D6D3D6195C89} = {D1A5436E-385A-3185-8821-D6D3D6195C89}
		{0323B621-7340-35C9-B524-37CB62951184} = {0323B621-7340-35C9-B524-37CB62951184}
		{D884821F-26F9-3507-98EF-85D324D214DD} = {D884821F-26F9-3507-98EF-85D324D214DD}
		{07992338-6EE7-395F-B31B-487527E2F119} = {07992338-6EE7-395F-B31B-487527E2F119}
		{AA894C61-22F5-3B5E-AACC-DFF6644B4D77} = {AA894C61-22F5-3B5E-AACC-DFF6644B4D77}
		{93F1D1C0-71FF-3515-8D83-6A45F9686538} = {93F1D1C0-71FF-3515-8D83-6A45F9686538}
		{195D4C96-5656-3324-832A-45BC896315C1} = {195D4C96-5656-3324-832A-45BC896315C1}
		{D8E07797-733C-3FC3-968B-7C3DA5D07954} = {D8E07797-733C-3FC3-968B-7C3DA5D07954}
		{FE0171F9-81BF-32A7-8EF3-980DFF4F02DF} = {FE0171F9-81BF-32A7-8EF3-980DFF4F02DF}
		{9B22EB7C-A9D7-3AD2-A1B3-83353565BFF9} = {9B22EB7C-A9D7-3AD2-A1B3-83353565BFF9}
		{756EF41B-AA0F-3993-811A-253DE4BE567D} = {756EF41B-AA0F-3993-811A-253DE4BE567D}
		{0CF3D6CE-6F75-3227-A263-33070EC9B3D7} = {0CF3D6CE-6F75-3227-A263-33070EC9B3D7}
		{74F776EA-7993-3400-8B54-C707C2BEEFFF} = {74F776EA-7993-3400-8B54-C707C2BEEFFF}
		{50F9A4B1-471F-3336-AFC6-F1D5F8C9C17F} = {50F9A4B1-471F-3336-AFC6-F1D5F8C9C17F}
		{9C135E0A-A319-3887-B884-142425D6B3CA} = {9C135E0A-A319-3887-B884-142425D6B3CA}
		{6A58EE35-E66F-32AC-8A66-3DCE222D0AC4} = {6A58EE35-E66F-32AC-8A66-3DCE222D0AC4}
		{79597A99-64F9-301F-BD2E-E5A10FDAD094} = {79597A99-64F9-301F-BD2E-E5A10FDAD094}
		{C6229436-D505-373A-873D-6E5E11445F0D} = {C6229436-D505-373A-873D-6E5E11445F0D}
		{FAA4DC4D-2B56-37A2-8D16-065FFDF0D909} = {FAA4DC4D-2B56-37A2-8D16-065FFDF0D909}
		{DFFF3750-660D-3EA7-B1C1-017C9FBDC260} = {DFFF3750-660D-3EA7-B1C1-017C9FBDC260}
		{AC911BFF-23B0-3B0D-BF7E-0254F228D5DC} = {AC911BFF-23B0-3B0D-BF7E-0254F228D5DC}
		{56F9EA7D-32E5-363E-8C35-DBABE5487A65} = {56F9EA7D-32E5-363E-8C35-DBABE5487A65}
		{4E8D00EC-55E6-3354-AC18-798628395B07} = {4E8D00EC-55E6-3354-AC18-798628395B07}
		{81535EF7-3368-3AE1-9D54-7984DB2BA273} = {81535EF7-3368-3AE1-9D54-7984DB2BA273}
		{ECFE848B-62E0-3794-B030-5419EB1589BD} = {ECFE848B-62E0-3794-B030-5419EB1589BD}
		{E5CD3609-8828-3E20-9311-2EAF6119FE66} = {E5CD3609-8828-3E20-9311-2EAF6119FE66}
		{9AEC2DB4-67C7-3F61-ACFC-9E154B2C201F} = {9AEC2DB4-67C7-3F61-ACFC-9E154B2C201F}
		{A3338D0A-F417-3E12-9F59-9C5013A58B9E} = {A3338D0A-F417-3E12-9F59-9C5013A58B9E}
		{D1DBACB0-2D57-3306-8728-8AB1572E65FE} = {D1DBACB0-2D57-3306-8728-8AB1572E65FE}
		{8B6934DA-F1FB-3731-B8CB-FEE71A17CB21} = {8B6934DA-F1FB-3731-B8CB-FEE71A17CB21}
		{EE425285-4BEF-3302-AA29-E1778C3FBC2A} = {EE425285-4BEF-3302-AA29-E1778C3FBC2A}
		{6DE0A0EE-51F9-3CD6-9913-A3D5A1592EAA} = {6DE0A0EE-51F9-3CD6-9913-A3D5A1592EAA}
		{AD620ABE-ADAF-3974-9741-99915D5AC169} = {AD620ABE-ADAF-3974-9741-99915D5AC169}
		{898BED3F-773D-3730-B870-3780FEC2C295} = {898BED3F-773D-3730-B870-3780FEC2C295}
		{154E4E90-C053-3094-A0AC-887716E109C2} = {154E4E90-C053-3094-A0AC-887716E109C2}
		{47695C1C-5A02-314B-966E-B0ACFE6E2820} = {47695C1C-5A02-314B-966E-B0ACFE6E2820}
		{15AF24EF-F26F-31E9-ADCC-44668C683DDF} = {15AF24EF-F26F-31E9-ADCC-44668C683DDF}
		{B823D2F4-13ED-34B3-B7AF-6ADDE5BF8242} = {B823D2F4-13ED-34B3-B7AF-6ADDE5BF8242}
		{B6EF09C8-A3D2-3A06-AF91-E276450D6720} = {B6EF09C8-A3D2-3A06-AF91-E276450D6720}
		{530D29D4-0EB5-35BA-B680-79E99EB8831A} = {530D29D4-0EB5-35BA-B680-79E99EB8831A}
		{5F55A888-8D2D-3A42-9959-BEF66DA5E615} = {5F55A888-8D2D-3A42-9959-BEF66DA5E615}
		{11959CDE-A378-3CF8-AD7B-063BCFBB4606} = {11959CDE-A378-3CF8-AD7B-063BCFBB4606}
		{B2C0C467-5E7F-321E-ABA6-FFB2214FE12D} = {B2C0C467-5E7F-321E-ABA6-FFB2214FE12D}
		{C7F728C4-5092-345E-A0E7-FD6B45D3E954} = {C7F728C4-5092-345E-A0E7-FD6B45D3E954}
		{6046D466-B2EE-38D6-B288-2DF122417654} = {6046D466-B2EE-38D6-B288-2DF122417654}
		{6E6E0979-5A4A-3092-A57D-4533F949AB74} = {6E6E0979-5A4A-3092-A57D-4533F949AB74}
		{2DFBDF71-86A8-32C9-8B88-CD8B651AECEA} = {2DFBDF71-86A8-32C9-8B88-CD8B651AECEA}
		{E82EEFCA-A888-3326-9361-42A069B9C4DF} = {E82EEFCA-A888-3326-9361-42A069B9C4DF}
		{633CF7B6-59C8-3C6D-8932-2D48B0CC6364} = {633CF7B6-59C8-3C6D-8932-2D48B0CC6364}
	EndProjectSection
EndProject
Project("{8BC9CEB8-8B4A-11D0-8D11-00A0C91BC942}") = "01-keypress", "01-keypress.vcxproj", "{F8639B46-B763-350D-99D3-701697FC9180}"
	ProjectSection(ProjectDependencies) = postProject
		{81535EF7-3368-3AE1-9D54-7984DB2BA273} = {81535EF7-3368-3AE1-9D54-7984DB2BA273}
		{2DFBDF71-86A8-32C9-8B88-CD8B651AECEA} = {2DFBDF71-86A8-32C9-8B88-CD8B651AECEA}
	EndProjectSection
EndProject
Project("{8BC9CEB8-8B4A-11D0-8D11-00A0C91BC942}") = "01-triangles", "01-triangles.vcxproj", "{4524E0FC-0BAC-35E3-BF9C-1DB3A3F535DD}"
	ProjectSection(ProjectDependencies) = postProject
		{81535EF7-3368-3AE1-9D54-7984DB2BA273} = {81535EF7-3368-3AE1-9D54-7984DB2BA273}
		{2DFBDF71-86A8-32C9-8B88-CD8B651AECEA} = {2DFBDF71-86A8-32C9-8B88-CD8B651AECEA}
	EndProjectSection
EndProject
Project("{8BC9CEB8-8B4A-11D0-8D11-00A0C91BC942}") = "03-drawcommands", "03-drawcommands.vcxproj", "{BEAAEA20-AEB0-30ED-98AC-F65D97C9FD65}"
	ProjectSection(ProjectDependencies) = postProject
		{81535EF7-3368-3AE1-9D54-7984DB2BA273} = {81535EF7-3368-3AE1-9D54-7984DB2BA273}
		{2DFBDF71-86A8-32C9-8B88-CD8B651AECEA} = {2DFBDF71-86A8-32C9-8B88-CD8B651AECEA}
	EndProjectSection
EndProject
Project("{8BC9CEB8-8B4A-11D0-8D11-00A0C91BC942}") = "03-instancing", "03-instancing.vcxproj", "{95B9D5EB-427F-379F-9DDE-7F6A33585E92}"
	ProjectSection(ProjectDependencies) = postProject
		{81535EF7-3368-3AE1-9D54-7984DB2BA273} = {81535EF7-3368-3AE1-9D54-7984DB2BA273}
		{2DFBDF71-86A8-32C9-8B88-CD8B651AECEA} = {2DFBDF71-86A8-32C9-8B88-CD8B651AECEA}
	EndProjectSection
EndProject
Project("{8BC9CEB8-8B4A-11D0-8D11-00A0C91BC942}") = "03-instancing2", "03-instancing2.vcxproj", "{515CB0A9-510A-385B-8E85-E23092B08851}"
	ProjectSection(ProjectDependencies) = postProject
		{81535EF7-3368-3AE1-9D54-7984DB2BA273} = {81535EF7-3368-3AE1-9D54-7984DB2BA273}
		{2DFBDF71-86A8-32C9-8B88-CD8B651AECEA} = {2DFBDF71-86A8-32C9-8B88-CD8B651AECEA}
	EndProjectSection
EndProject
Project("{8BC9CEB8-8B4A-11D0-8D11-00A0C91BC942}") = "03-instancing3", "03-instancing3.vcxproj", "{F06A7A09-D983-3E98-B65A-0C876A08306A}"
	ProjectSection(ProjectDependencies) = postProject
		{81535EF7-3368-3AE1-9D54-7984DB2BA273} = {81535EF7-3368-3AE1-9D54-7984DB2BA273}
		{2DFBDF71-86A8-32C9-8B88-CD8B651AECEA} = {2DFBDF71-86A8-32C9-8B88-CD8B651AECEA}
	EndProjectSection
EndProject
Project("{8BC9CEB8-8B4A-11D0-8D11-00A0C91BC942}") = "03-pointsprites", "03-pointsprites.vcxproj", "{1518E2B6-FC33-385C-AD01-5B703239BF4C}"
	ProjectSection(ProjectDependencies) = postProject
		{81535EF7-3368-3AE1-9D54-7984DB2BA273} = {81535EF7-3368-3AE1-9D54-7984DB2BA273}
		{2DFBDF71-86A8-32C9-8B88-CD8B651AECEA} = {2DFBDF71-86A8-32C9-8B88-CD8B651AECEA}
	EndProjectSection
EndProject
Project("{8BC9CEB8-8B4A-11D0-8D11-00A0C91BC942}") = "03-primitiverestart", "03-primitiverestart.vcxproj", "{3C459D36-444D-36BC-A5CA-9A0387498AEB}"
	ProjectSection(ProjectDependencies) = postProject
		{81535EF7-3368-3AE1-9D54-7984DB2BA273} = {81535EF7-3368-3AE1-9D54-7984DB2BA273}
		{2DFBDF71-86A8-32C9-8B88-CD8B651AECEA} = {2DFBDF71-86A8-32C9-8B88-CD8B651AECEA}
	EndProjectSection
EndProject
Project("{8BC9CEB8-8B4A-11D0-8D11-00A0C91BC942}") = "03-xfb", "03-xfb.vcxproj", "{44744ABB-F823-33F0-8EC1-53F277B2DD03}"
	ProjectSection(ProjectDependencies) = postProject
		{81535EF7-3368-3AE1-9D54-7984DB2BA273} = {81535EF7-3368-3AE1-9D54-7984DB2BA273}
		{2DFBDF71-86A8-32C9-8B88-CD8B651AECEA} = {2DFBDF71-86A8-32C9-8B88-CD8B651AECEA}
	EndProjectSection
EndProject
Project("{8BC9CEB8-8B4A-11D0-8D11-00A0C91BC942}") = "04-gouraud", "04-gouraud.vcxproj", "{D1A5436E-385A-3185-8821-D6D3D6195C89}"
	ProjectSection(ProjectDependencies) = postProject
		{81535EF7-3368-3AE1-9D54-7984DB2BA273} = {81535EF7-3368-3AE1-9D54-7984DB2BA273}
		{2DFBDF71-86A8-32C9-8B88-CD8B651AECEA} = {2DFBDF71-86A8-32C9-8B88-CD8B651AECEA}
	EndProjectSection
EndProject
Project("{8BC9CEB8-8B4A-11D0-8D11-00A0C91BC942}") = "04-gouraud-float", "04-gouraud-float.vcxproj", "{0323B621-7340-35C9-B524-37CB62951184}"
	ProjectSection(ProjectDependencies) = postProject
		{81535EF7-3368-3AE1-9D54-7984DB2BA273} = {81535EF7-3368-3AE1-9D54-7984DB2BA273}
		{2DFBDF71-86A8-32C9-8B88-CD8B651AECEA} = {2DFBDF71-86A8-32C9-8B88-CD8B651AECEA}
	EndProjectSection
EndProject
Project("{8BC9CEB8-8B4A-11D0-8D11-00A0C91BC942}") = "04-shadowmap", "04-shadowmap.vcxproj", "{D884821F-26F9-3507-98EF-85D324D214DD}"
	ProjectSection(ProjectDependencies) = postProject
		{81535EF7-3368-3AE1-9D54-7984DB2BA273} = {81535EF7-3368-3AE1-9D54-7984DB2BA273}
		{2DFBDF71-86A8-32C9-8B88-CD8B651AECEA} = {2DFBDF71-86A8-32C9-8B88-CD8B651AECEA}
	EndProjectSection
EndProject
Project("{8BC9CEB8-8B4A-11D0-8D11-00A0C91BC942}") = "06-cubemap", "06-cubemap.vcxproj", "{07992338-6EE7-395F-B31B-487527E2F119}"
	ProjectSection(ProjectDependencies) = postProject
		{81535EF7-3368-3AE1-9D54-7984DB2BA273} = {81535EF7-3368-3AE1-9D54-7984DB2BA273}
		{2DFBDF71-86A8-32C9-8B88-CD8B651AECEA} = {2DFBDF71-86A8-32C9-8B88-CD8B651AECEA}
	EndProjectSection
EndProject
Project("{8BC9CEB8-8B4A-11D0-8D11-00A0C91BC942}") = "06-load-texture", "06-load-texture.vcxproj", "{AA894C61-22F5-3B5E-AACC-DFF6644B4D77}"
	ProjectSection(ProjectDependencies) = postProject
		{81535EF7-3368-3AE1-9D54-7984DB2BA273} = {81535EF7-3368-3AE1-9D54-7984DB2BA273}
		{2DFBDF71-86A8-32C9-8B88-CD8B651AECEA} = {2DFBDF71-86A8-32C9-8B88-CD8B651AECEA}
	EndProjectSection
EndProject
Project("{8BC9CEB8-8B4A-11D0-8D11-00A0C91BC942}") = "06-mipfilters", "06-mipfilters.vcxproj", "{93F1D1C0-71FF-3515-8D83-6A45F9686538}"
	ProjectSection(ProjectDependencies) = postProject
		{81535EF7-3368-3AE1-9D54-7984DB2BA273} = {81535EF7-3368-3AE1-9D54-7984DB2BA273}
		{2DFBDF71-86A8-32C9-8B88-CD8B651AECEA} = {2DFBDF71-86A8-32C9-8B88-CD8B651AECEA}
	EndProjectSection
EndProject
Project("{8BC9CEB8-8B4A-11D0-8D11-00A0C91BC942}") = "06-multitexture", "06-multitexture.vcxproj", "{195D4C96-5656-3324-832A-45BC896315C1}"
	ProjectSection(ProjectDependencies) = postProject
		{81535EF7-3368-3AE1-9D54-7984DB2BA273} = {81535EF7-3368-3AE1-9D54-7984DB2BA273}
		{2DFBDF71-86A8-32C9-8B88-CD8B651AECEA} = {2DFBDF71-86A8-32C9-8B88-CD8B651AECEA}
	EndProjectSection
EndProject
Project("{8BC9CEB8-8B4A-11D0-8D11-00A0C91BC942}") = "06-statictexture", "06-statictexture.vcxproj", "{D8E07797-733C-3FC3-968B-7C3DA5D07954}"
	ProjectSection(ProjectDependencies) = postProject
		{81535EF7-3368-3AE1-9D54-7984DB2BA273} = {81535EF7-3368-3AE1-9D54-7984DB2BA273}
		{2DFBDF71-86A8-32C9-8B88-CD8B651AECEA} = {2DFBDF71-86A8-32C9-8B88-CD8B651AECEA}
	EndProjectSection
EndProject
Project("{8BC9CEB8-8B4A-11D0-8D11-00A0C91BC942}") = "06-texturewrapping", "06-texturewrapping.vcxproj", "{FE0171F9-81BF-32A7-8EF3-980DFF4F02DF}"
	ProjectSection(ProjectDependencies) = postProject
		{81535EF7-3368-3AE1-9D54-7984DB2BA273} = {81535EF7-3368-3AE1-9D54-7984DB2BA273}
		{2DFBDF71-86A8-32C9-8B88-CD8B651AECEA} = {2DFBDF71-86A8-32C9-8B88-CD8B651AECEA}
	EndProjectSection
EndProject
Project("{8BC9CEB8-8B4A-11D0-8D11-00A0C91BC942}") = "06-volumetexturing", "06-volumetexturing.vcxproj", "{9B22EB7C-A9D7-3AD2-A1B3-83353565BFF9}"
	ProjectSection(ProjectDependencies) = postProject
		{81535EF7-3368-3AE1-9D54-7984DB2BA273} = {81535EF7-3368-3AE1-9D54-7984DB2BA273}
		{2DFBDF71-86A8-32C9-8B88-CD8B651AECEA} = {2DFBDF71-86A8-32C9-8B88-CD8B651AECEA}
	EndProjectSection
EndProject
Project("{8BC9CEB8-8B4A-11D0-8D11-00A0C91BC942}") = "08-lightmodels", "08-lightmodels.vcxproj", "{756EF41B-AA0F-3993-811A-253DE4BE567D}"
	ProjectSection(ProjectDependencies) = postProject
		{81535EF7-3368-3AE1-9D54-7984DB2BA273} = {81535EF7-3368-3AE1-9D54-7984DB2BA273}
		{2DFBDF71-86A8-32C9-8B88-CD8B651AECEA} = {2DFBDF71-86A8-32C9-8B88-CD8B651AECEA}
	EndProjectSection
EndProject
Project("{8BC9CEB8-8B4A-11D0-8D11-00A0C91BC942}") = "09-simpletess", "09-simpletess.vcxproj", "{0CF3D6CE-6F75-3227-A263-33070EC9B3D7}"
	ProjectSection(ProjectDependencies) = postProject
		{81535EF7-3368-3AE1-9D54-7984DB2BA273} = {81535EF7-3368-3AE1-9D54-7984DB2BA273}
		{2DFBDF71-86A8-32C9-8B88-CD8B651AECEA} = {2DFBDF71-86A8-32C9-8B88-CD8B651AECEA}
	EndProjectSection
EndProject
Project("{8BC9CEB8-8B4A-11D0-8D11-00A0C91BC942}") = "09-teapot", "09-teapot.vcxproj", "{74F776EA-7993-3400-8B54-C707C2BEEFFF}"
	ProjectSection(ProjectDependencies) = postProject
		{81535EF7-3368-3AE1-9D54-7984DB2BA273} = {81535EF7-3368-3AE1-9D54-7984DB2BA273}
		{2DFBDF71-86A8-32C9-8B88-CD8B651AECEA} = {2DFBDF71-86A8-32C9-8B88-CD8B651AECEA}
	EndProjectSection
EndProject
Project("{8BC9CEB8-8B4A-11D0-8D11-00A0C91BC942}") = "10-draw-xfb", "10-draw-xfb.vcxproj", "{50F9A4B1-471F-3336-AFC6-F1D5F8C9C17F}"
	ProjectSection(ProjectDependencies) = postProject
		{81535EF7-3368-3AE1-9D54-7984DB2BA273} = {81535EF7-3368-3AE1-9D54-7984DB2BA273}
		{2DFBDF71-86A8-32C9-8B88-CD8B651AECEA} = {2DFBDF71-86A8-32C9-8B88-CD8B651AECEA}
	EndProjectSection
EndProject
Project("{8BC9CEB8-8B4A-11D0-8D11-00A0C91BC942}") = "10-fur", "10-fur.vcxproj", "{9C135E0A-A319-3887-B884-142425D6B3CA}"
	ProjectSection(ProjectDependencies) = postProject
		{81535EF7-3368-3AE1-9D54-7984DB2BA273} = {81535EF7-3368-3AE1-9D54-7984DB2BA273}
		{2DFBDF71-86A8-32C9-8B88-CD8B651AECEA} = {2DFBDF71-86A8-32C9-8B88-CD8B651AECEA}
	EndProjectSection
EndProject
Project("{8BC9CEB8-8B4A-11D0-8D11-00A0C91BC942}") = "10-viewport-array", "10-viewport-array.vcxproj", "{6A58EE35-E66F-32AC-8A66-3DCE222D0AC4}"
	ProjectSection(ProjectDependencies) = postProject
		{81535EF7-3368-3AE1-9D54-7984DB2BA273} = {81535EF7-3368-3AE1-9D54-7984DB2BA273}
		{2DFBDF71-86A8-32C9-8B88-CD8B651AECEA} = {2DFBDF71-86A8-32C9-8B88-CD8B651AECEA}
	EndProjectSection
EndProject
Project("{8BC9CEB8-8B4A-11D0-8D11-00A0C91BC942}") = "11-doublewrite", "11-doublewrite.vcxproj", "{79597A99-64F9-301F-BD2E-E5A10FDAD094}"
	ProjectSection(ProjectDependencies) = postProject
		{81535EF7-3368-3AE1-9D54-7984DB2BA273} = {81535EF7-3368-3AE1-9D54-7984DB2BA273}
		{2DFBDF71-86A8-32C9-8B88-CD8B651AECEA} = {2DFBDF71-86A8-32C9-8B88-CD8B651AECEA}
	EndProjectSection
EndProject
Project("{8BC9CEB8-8B4A-11D0-8D11-00A0C91BC942}") = "11-oit", "11-oit.vcxproj", "{C6229436-D505-373A-873D-6E5E11445F0D}"
	ProjectSection(ProjectDependencies) = postProject
		{81535EF7-3368-3AE1-9D54-7984DB2BA273} = {81535EF7-3368-3AE1-9D54-7984DB2BA273}
		{2DFBDF71-86A8-32C9-8B88-CD8B651AECEA} = {2DFBDF71-86A8-32C9-8B88-CD8B651AECEA}
	EndProjectSection
EndProject
Project("{8BC9CEB8-8B4A-11D0-8D11-00A0C91BC942}") = "11-overdrawcount", "11-overdrawcount.vcxproj", "{FAA4DC4D-2B56-37A2-8D16-065FFDF0D909}"
	ProjectSection(ProjectDependencies) = postProject
		{81535EF7-3368-3AE1-9D54-7984DB2BA273} = {81535EF7-3368-3AE1-9D54-7984DB2BA273}
		{2DFBDF71-86A8-32C9-8B88-CD8B651AECEA} = {2DFBDF71-86A8-32C9-8B88-CD8B651AECEA}
	EndProjectSection
EndProject
Project("{8BC9CEB8-8B4A-11D0-8D11-00A0C91BC942}") = "12-imageprocessing", "12-imageprocessing.vcxproj", "{DFFF3750-660D-3EA7-B1C1-017C9FBDC260}"
	ProjectSection(ProjectDependencies) = postProject
		{81535EF7-3368-3AE1-9D54-7984DB2BA273} = {81535EF7-3368-3AE1-9D54-7984DB2BA273}
		{2DFBDF71-86A8-32C9-8B88-CD8B651AECEA} = {2DFBDF71-86A8-32C9-8B88-CD8B651AECEA}
	EndProjectSection
EndProject
Project("{8BC9CEB8-8B4A-11D0-8D11-00A0C91BC942}") = "12-particlesimulator", "12-particlesimulator.vcxproj", "{AC911BFF-23B0-3B0D-BF7E-0254F228D5DC}"
	ProjectSection(ProjectDependencies) = postProject
		{81535EF7-3368-3AE1-9D54-7984DB2BA273} = {81535EF7-3368-3AE1-9D54-7984DB2BA273}
		{2DFBDF71-86A8-32C9-8B88-CD8B651AECEA} = {2DFBDF71-86A8-32C9-8B88-CD8B651AECEA}
	EndProjectSection
EndProject
Project("{8BC9CEB8-8B4A-11D0-8D11-00A0C91BC942}") = "12-raytracer", "12-raytracer.vcxproj", "{56F9EA7D-32E5-363E-8C35-DBABE5487A65}"
	ProjectSection(ProjectDependencies) = postProject
		{81535EF7-3368-3AE1-9D54-7984DB2BA273} = {81535EF7-3368-3AE1-9D54-7984DB2BA273}
		{2DFBDF71-86A8-32C9-8B88-CD8B651AECEA} = {2DFBDF71-86A8-32C9-8B88-CD8B651AECEA}
	EndProjectSection
EndProject
Project("{8BC9CEB8-8B4A-11D0-8D11-00A0C91BC942}") = "12-simplecompute", "12-simplecompute.vcxproj", "{4E8D00EC-55E6-3354-AC18-798628395B07}"
	ProjectSection(ProjectDependencies) = postProject
		{81535EF7-3368-3AE1-9D54-7984DB2BA273} = {81535EF7-3368-3AE1-9D54-7984DB2BA273}
		{2DFBDF71-86A8-32C9-8B88-CD8B651AECEA} = {2DFBDF71-86A8-32C9-8B88-CD8B651AECEA}
	EndProjectSection
EndProject
Project("{8BC9CEB8-8B4A-11D0-8D11-00A0C91BC942}") = "INSTALL", "INSTALL.vcxproj", "{A47951A3-4EF2-356F-91D7-35376F707ACF}"
	ProjectSection(ProjectDependencies) = postProject
		{56EFE21C-E26E-359F-BE2D-E9AC7BC03D57} = {56EFE21C-E26E-359F-BE2D-E9AC7BC03D57}
		{81535EF7-3368-3AE1-9D54-7984DB2BA273} = {81535EF7-3368-3AE1-9D54-7984DB2BA273}
	EndProjectSection
EndProject
Project("{8BC9CEB8-8B4A-11D0-8D11-00A0C91BC942}") = "ZERO_CHECK", "ZERO_CHECK.vcxproj", "{81535EF7-3368-3AE1-9D54-7984DB2BA273}"
	ProjectSection(ProjectDependencies) = postProject
	EndProjectSection
EndProject
Project("{8BC9CEB8-8B4A-11D0-8D11-00A0C91BC942}") = "boing", "lib\glfw\examples\boing.vcxproj", "{ECFE848B-62E0-3794-B030-5419EB1589BD}"
	ProjectSection(ProjectDependencies) = postProject
		{81535EF7-3368-3AE1-9D54-7984DB2BA273} = {81535EF7-3368-3AE1-9D54-7984DB2BA273}
		{6DE0A0EE-51F9-3CD6-9913-A3D5A1592EAA} = {6DE0A0EE-51F9-3CD6-9913-A3D5A1592EAA}
	EndProjectSection
EndProject
Project("{8BC9CEB8-8B4A-11D0-8D11-00A0C91BC942}") = "clipboard", "lib\glfw\tests\clipboard.vcxproj", "{E5CD3609-8828-3E20-9311-2EAF6119FE66}"
	ProjectSection(ProjectDependencies) = postProject
		{81535EF7-3368-3AE1-9D54-7984DB2BA273} = {81535EF7-3368-3AE1-9D54-7984DB2BA273}
		{6DE0A0EE-51F9-3CD6-9913-A3D5A1592EAA} = {6DE0A0EE-51F9-3CD6-9913-A3D5A1592EAA}
	EndProjectSection
EndProject
Project("{8BC9CEB8-8B4A-11D0-8D11-00A0C91BC942}") = "cursor", "lib\glfw\tests\cursor.vcxproj", "{9AEC2DB4-67C7-3F61-ACFC-9E154B2C201F}"
	ProjectSection(ProjectDependencies) = postProject
		{81535EF7-3368-3AE1-9D54-7984DB2BA273} = {81535EF7-3368-3AE1-9D54-7984DB2BA273}
		{6DE0A0EE-51F9-3CD6-9913-A3D5A1592EAA} = {6DE0A0EE-51F9-3CD6-9913-A3D5A1592EAA}
	EndProjectSection
EndProject
Project("{8BC9CEB8-8B4A-11D0-8D11-00A0C91BC942}") = "debug", "debug.vcxproj", "{33C26BA0-651F-371C-AE5B-4A2020C63DC4}"
	ProjectSection(ProjectDependencies) = postProject
		{81535EF7-3368-3AE1-9D54-7984DB2BA273} = {81535EF7-3368-3AE1-9D54-7984DB2BA273}
	EndProjectSection
EndProject
Project("{8BC9CEB8-8B4A-11D0-8D11-00A0C91BC942}") = "empty", "lib\glfw\tests\empty.vcxproj", "{A3338D0A-F417-3E12-9F59-9C5013A58B9E}"
	ProjectSection(ProjectDependencies) = postProject
		{81535EF7-3368-3AE1-9D54-7984DB2BA273} = {81535EF7-3368-3AE1-9D54-7984DB2BA273}
		{6DE0A0EE-51F9-3CD6-9913-A3D5A1592EAA} = {6DE0A0EE-51F9-3CD6-9913-A3D5A1592EAA}
	EndProjectSection
EndProject
Project("{8BC9CEB8-8B4A-11D0-8D11-00A0C91BC942}") = "events", "lib\glfw\tests\events.vcxproj", "{D1DBACB0-2D57-3306-8728-8AB1572E65FE}"
	ProjectSection(ProjectDependencies) = postProject
		{81535EF7-3368-3AE1-9D54-7984DB2BA273} = {81535EF7-3368-3AE1-9D54-7984DB2BA273}
		{6DE0A0EE-51F9-3CD6-9913-A3D5A1592EAA} = {6DE0A0EE-51F9-3CD6-9913-A3D5A1592EAA}
	EndProjectSection
EndProject
Project("{8BC9CEB8-8B4A-11D0-8D11-00A0C91BC942}") = "gamma", "lib\glfw\tests\gamma.vcxproj", "{8B6934DA-F1FB-3731-B8CB-FEE71A17CB21}"
	ProjectSection(ProjectDependencies) = postProject
		{81535EF7-3368-3AE1-9D54-7984DB2BA273} = {81535EF7-3368-3AE1-9D54-7984DB2BA273}
		{6DE0A0EE-51F9-3CD6-9913-A3D5A1592EAA} = {6DE0A0EE-51F9-3CD6-9913-A3D5A1592EAA}
	EndProjectSection
EndProject
Project("{8BC9CEB8-8B4A-11D0-8D11-00A0C91BC942}") = "gears", "lib\glfw\examples\gears.vcxproj", "{EE425285-4BEF-3302-AA29-E1778C3FBC2A}"
	ProjectSection(ProjectDependencies) = postProject
		{81535EF7-3368-3AE1-9D54-7984DB2BA273} = {81535EF7-3368-3AE1-9D54-7984DB2BA273}
		{6DE0A0EE-51F9-3CD6-9913-A3D5A1592EAA} = {6DE0A0EE-51F9-3CD6-9913-A3D5A1592EAA}
	EndProjectSection
EndProject
Project("{8BC9CEB8-8B4A-11D0-8D11-00A0C91BC942}") = "glfw", "lib\glfw\src\glfw.vcxproj", "{6DE0A0EE-51F9-3CD6-9913-A3D5A1592EAA}"
	ProjectSection(ProjectDependencies) = postProject
		{81535EF7-3368-3AE1-9D54-7984DB2BA273} = {81535EF7-3368-3AE1-9D54-7984DB2BA273}
	EndProjectSection
EndProject
Project("{8BC9CEB8-8B4A-11D0-8D11-00A0C91BC942}") = "glfwinfo", "lib\glfw\tests\glfwinfo.vcxproj", "{AD620ABE-ADAF-3974-9741-99915D5AC169}"
	ProjectSection(ProjectDependencies) = postProject
		{81535EF7-3368-3AE1-9D54-7984DB2BA273} = {81535EF7-3368-3AE1-9D54-7984DB2BA273}
		{6DE0A0EE-51F9-3CD6-9913-A3D5A1592EAA} = {6DE0A0EE-51F9-3CD6-9913-A3D5A1592EAA}
	EndProjectSection
EndProject
Project("{8BC9CEB8-8B4A-11D0-8D11-00A0C91BC942}") = "heightmap", "lib\glfw\examples\heightmap.vcxproj", "{898BED3F-773D-3730-B870-3780FEC2C295}"
	ProjectSection(ProjectDependencies) = postProject
		{81535EF7-3368-3AE1-9D54-7984DB2BA273} = {81535EF7-3368-3AE1-9D54-7984DB2BA273}
		{6DE0A0EE-51F9-3CD6-9913-A3D5A1592EAA} = {6DE0A0EE-51F9-3CD6-9913-A3D5A1592EAA}
	EndProjectSection
EndProject
Project("{8BC9CEB8-8B4A-11D0-8D11-00A0C91BC942}") = "iconify", "lib\glfw\tests\iconify.vcxproj", "{154E4E90-C053-3094-A0AC-887716E109C2}"
	ProjectSection(ProjectDependencies) = postProject
		{81535EF7-3368-3AE1-9D54-7984DB2BA273} = {81535EF7-3368-3AE1-9D54-7984DB2BA273}
		{6DE0A0EE-51F9-3CD6-9913-A3D5A1592EAA} = {6DE0A0EE-51F9-3CD6-9913-A3D5A1592EAA}
	EndProjectSection
EndProject
Project("{8BC9CEB8-8B4A-11D0-8D11-00A0C91BC942}") = "joysticks", "lib\glfw\tests\joysticks.vcxproj", "{47695C1C-5A02-314B-966E-B0ACFE6E2820}"
	ProjectSection(ProjectDependencies) = postProject
		{81535EF7-3368-3AE1-9D54-7984DB2BA273} = {81535EF7-3368-3AE1-9D54-7984DB2BA273}
		{6DE0A0EE-51F9-3CD6-9913-A3D5A1592EAA} = {6DE0A0EE-51F9-3CD6-9913-A3D5A1592EAA}
	EndProjectSection
EndProject
Project("{8BC9CEB8-8B4A-11D0-8D11-00A0C91BC942}") = "monitors", "lib\glfw\tests\monitors.vcxproj", "{15AF24EF-F26F-31E9-ADCC-44668C683DDF}"
	ProjectSection(ProjectDependencies) = postProject
		{81535EF7-3368-3AE1-9D54-7984DB2BA273} = {81535EF7-3368-3AE1-9D54-7984DB2BA273}
		{6DE0A0EE-51F9-3CD6-9913-A3D5A1592EAA} = {6DE0A0EE-51F9-3CD6-9913-A3D5A1592EAA}
	EndProjectSection
EndProject
Project("{8BC9CEB8-8B4A-11D0-8D11-00A0C91BC942}") = "msaa", "lib\glfw\tests\msaa.vcxproj", "{B823D2F4-13ED-34B3-B7AF-6ADDE5BF8242}"
	ProjectSection(ProjectDependencies) = postProject
		{81535EF7-3368-3AE1-9D54-7984DB2BA273} = {81535EF7-3368-3AE1-9D54-7984DB2BA273}
		{6DE0A0EE-51F9-3CD6-9913-A3D5A1592EAA} = {6DE0A0EE-51F9-3CD6-9913-A3D5A1592EAA}
	EndProjectSection
EndProject
Project("{8BC9CEB8-8B4A-11D0-8D11-00A0C91BC942}") = "particles", "lib\glfw\examples\particles.vcxproj", "{B6EF09C8-A3D2-3A06-AF91-E276450D6720}"
	ProjectSection(ProjectDependencies) = postProject
		{81535EF7-3368-3AE1-9D54-7984DB2BA273} = {81535EF7-3368-3AE1-9D54-7984DB2BA273}
		{6DE0A0EE-51F9-3CD6-9913-A3D5A1592EAA} = {6DE0A0EE-51F9-3CD6-9913-A3D5A1592EAA}
	EndProjectSection
EndProject
Project("{8BC9CEB8-8B4A-11D0-8D11-00A0C91BC942}") = "release", "release.vcxproj", "{BC2DA11C-752D-371A-89E5-16BA0CA388F7}"
	ProjectSection(ProjectDependencies) = postProject
		{81535EF7-3368-3AE1-9D54-7984DB2BA273} = {81535EF7-3368-3AE1-9D54-7984DB2BA273}
	EndProjectSection
EndProject
Project("{8BC9CEB8-8B4A-11D0-8D11-00A0C91BC942}") = "reopen", "lib\glfw\tests\reopen.vcxproj", "{530D29D4-0EB5-35BA-B680-79E99EB8831A}"
	ProjectSection(ProjectDependencies) = postProject
		{81535EF7-3368-3AE1-9D54-7984DB2BA273} = {81535EF7-3368-3AE1-9D54-7984DB2BA273}
		{6DE0A0EE-51F9-3CD6-9913-A3D5A1592EAA} = {6DE0A0EE-51F9-3CD6-9913-A3D5A1592EAA}
	EndProjectSection
EndProject
Project("{8BC9CEB8-8B4A-11D0-8D11-00A0C91BC942}") = "sharing", "lib\glfw\tests\sharing.vcxproj", "{5F55A888-8D2D-3A42-9959-BEF66DA5E615}"
	ProjectSection(ProjectDependencies) = postProject
		{81535EF7-3368-3AE1-9D54-7984DB2BA273} = {81535EF7-3368-3AE1-9D54-7984DB2BA273}
		{6DE0A0EE-51F9-3CD6-9913-A3D5A1592EAA} = {6DE0A0EE-51F9-3CD6-9913-A3D5A1592EAA}
	EndProjectSection
EndProject
Project("{8BC9CEB8-8B4A-11D0-8D11-00A0C91BC942}") = "simple", "lib\glfw\examples\simple.vcxproj", "{11959CDE-A378-3CF8-AD7B-063BCFBB4606}"
	ProjectSection(ProjectDependencies) = postProject
		{81535EF7-3368-3AE1-9D54-7984DB2BA273} = {81535EF7-3368-3AE1-9D54-7984DB2BA273}
		{6DE0A0EE-51F9-3CD6-9913-A3D5A1592EAA} = {6DE0A0EE-51F9-3CD6-9913-A3D5A1592EAA}
	EndProjectSection
EndProject
Project("{8BC9CEB8-8B4A-11D0-8D11-00A0C91BC942}") = "splitview", "lib\glfw\examples\splitview.vcxproj", "{B2C0C467-5E7F-321E-ABA6-FFB2214FE12D}"
	ProjectSection(ProjectDependencies) = postProject
		{81535EF7-3368-3AE1-9D54-7984DB2BA273} = {81535EF7-3368-3AE1-9D54-7984DB2BA273}
		{6DE0A0EE-51F9-3CD6-9913-A3D5A1592EAA} = {6DE0A0EE-51F9-3CD6-9913-A3D5A1592EAA}
	EndProjectSection
EndProject
Project("{8BC9CEB8-8B4A-11D0-8D11-00A0C91BC942}") = "tearing", "lib\glfw\tests\tearing.vcxproj", "{C7F728C4-5092-345E-A0E7-FD6B45D3E954}"
	ProjectSection(ProjectDependencies) = postProject
		{81535EF7-3368-3AE1-9D54-7984DB2BA273} = {81535EF7-3368-3AE1-9D54-7984DB2BA273}
		{6DE0A0EE-51F9-3CD6-9913-A3D5A1592EAA} = {6DE0A0EE-51F9-3CD6-9913-A3D5A1592EAA}
	EndProjectSection
EndProject
Project("{8BC9CEB8-8B4A-11D0-8D11-00A0C91BC942}") = "threads", "lib\glfw\tests\threads.vcxproj", "{6046D466-B2EE-38D6-B288-2DF122417654}"
	ProjectSection(ProjectDependencies) = postProject
		{81535EF7-3368-3AE1-9D54-7984DB2BA273} = {81535EF7-3368-3AE1-9D54-7984DB2BA273}
		{6DE0A0EE-51F9-3CD6-9913-A3D5A1592EAA} = {6DE0A0EE-51F9-3CD6-9913-A3D5A1592EAA}
	EndProjectSection
EndProject
Project("{8BC9CEB8-8B4A-11D0-8D11-00A0C91BC942}") = "title", "lib\glfw\tests\title.vcxproj", "{6E6E0979-5A4A-3092-A57D-4533F949AB74}"
	ProjectSection(ProjectDependencies) = postProject
		{81535EF7-3368-3AE1-9D54-7984DB2BA273} = {81535EF7-3368-3AE1-9D54-7984DB2BA273}
		{6DE0A0EE-51F9-3CD6-9913-A3D5A1592EAA} = {6DE0A0EE-51F9-3CD6-9913-A3D5A1592EAA}
	EndProjectSection
EndProject
Project("{8BC9CEB8-8B4A-11D0-8D11-00A0C91BC942}") = "uninstall", "lib\glfw\uninstall.vcxproj", "{A1988C78-5083-3373-A65B-78405C6BBF52}"
	ProjectSection(ProjectDependencies) = postProject
		{81535EF7-3368-3AE1-9D54-7984DB2BA273} = {81535EF7-3368-3AE1-9D54-7984DB2BA273}
	EndProjectSection
EndProject
Project("{8BC9CEB8-8B4A-11D0-8D11-00A0C91BC942}") = "vermilion", "vermilion.vcxproj", "{2DFBDF71-86A8-32C9-8B88-CD8B651AECEA}"
	ProjectSection(ProjectDependencies) = postProject
		{81535EF7-3368-3AE1-9D54-7984DB2BA273} = {81535EF7-3368-3AE1-9D54-7984DB2BA273}
	EndProjectSection
EndProject
Project("{8BC9CEB8-8B4A-11D0-8D11-00A0C91BC942}") = "wave", "lib\glfw\examples\wave.vcxproj", "{E82EEFCA-A888-3326-9361-42A069B9C4DF}"
	ProjectSection(ProjectDependencies) = postProject
		{81535EF7-3368-3AE1-9D54-7984DB2BA273} = {81535EF7-3368-3AE1-9D54-7984DB2BA273}
		{6DE0A0EE-51F9-3CD6-9913-A3D5A1592EAA} = {6DE0A0EE-51F9-3CD6-9913-A3D5A1592EAA}
	EndProjectSection
EndProject
Project("{8BC9CEB8-8B4A-11D0-8D11-00A0C91BC942}") = "windows", "lib\glfw\tests\windows.vcxproj", "{633CF7B6-59C8-3C6D-8932-2D48B0CC6364}"
	ProjectSection(ProjectDependencies) = postProject
		{81535EF7-3368-3AE1-9D54-7984DB2BA273} = {81535EF7-3368-3AE1-9D54-7984DB2BA273}
		{6DE0A0EE-51F9-3CD6-9913-A3D5A1592EAA} = {6DE0A0EE-51F9-3CD6-9913-A3D5A1592EAA}
	EndProjectSection
EndProject
Global
	GlobalSection(SolutionConfigurationPlatforms) = preSolution
		Debug|x64 = Debug|x64
		Release|x64 = Release|x64
		MinSizeRel|x64 = MinSizeRel|x64
		RelWithDebInfo|x64 = RelWithDebInfo|x64
	EndGlobalSection
	GlobalSection(ProjectConfigurationPlatforms) = postSolution
		{56EFE21C-E26E-359F-BE2D-E9AC7BC03D57}.Debug|x64.ActiveCfg = Debug|x64
		{56EFE21C-E26E-359F-BE2D-E9AC7BC03D57}.Debug|x64.Build.0 = Debug|x64
		{56EFE21C-E26E-359F-BE2D-E9AC7BC03D57}.Release|x64.ActiveCfg = Release|x64
		{56EFE21C-E26E-359F-BE2D-E9AC7BC03D57}.Release|x64.Build.0 = Release|x64
		{56EFE21C-E26E-359F-BE2D-E9AC7BC03D57}.MinSizeRel|x64.ActiveCfg = MinSizeRel|x64
		{56EFE21C-E26E-359F-BE2D-E9AC7BC03D57}.MinSizeRel|x64.Build.0 = MinSizeRel|x64
		{56EFE21C-E26E-359F-BE2D-E9AC7BC03D57}.RelWithDebInfo|x64.ActiveCfg = RelWithDebInfo|x64
		{56EFE21C-E26E-359F-BE2D-E9AC7BC03D57}.RelWithDebInfo|x64.Build.0 = RelWithDebInfo|x64
		{F8639B46-B763-350D-99D3-701697FC9180}.Debug|x64.ActiveCfg = Debug|x64
		{F8639B46-B763-350D-99D3-701697FC9180}.Debug|x64.Build.0 = Debug|x64
		{F8639B46-B763-350D-99D3-701697FC9180}.Release|x64.ActiveCfg = Release|x64
		{F8639B46-B763-350D-99D3-701697FC9180}.Release|x64.Build.0 = Release|x64
		{F8639B46-B763-350D-99D3-701697FC9180}.MinSizeRel|x64.ActiveCfg = MinSizeRel|x64
		{F8639B46-B763-350D-99D3-701697FC9180}.MinSizeRel|x64.Build.0 = MinSizeRel|x64
		{F8639B46-B763-350D-99D3-701697FC9180}.RelWithDebInfo|x64.ActiveCfg = RelWithDebInfo|x64
		{F8639B46-B763-350D-99D3-701697FC9180}.RelWithDebInfo|x64.Build.0 = RelWithDebInfo|x64
		{4524E0FC-0BAC-35E3-BF9C-1DB3A3F535DD}.Debug|x64.ActiveCfg = Debug|x64
		{4524E0FC-0BAC-35E3-BF9C-1DB3A3F535DD}.Debug|x64.Build.0 = Debug|x64
		{4524E0FC-0BAC-35E3-BF9C-1DB3A3F535DD}.Release|x64.ActiveCfg = Release|x64
		{4524E0FC-0BAC-35E3-BF9C-1DB3A3F535DD}.Release|x64.Build.0 = Release|x64
		{4524E0FC-0BAC-35E3-BF9C-1DB3A3F535DD}.MinSizeRel|x64.ActiveCfg = MinSizeRel|x64
		{4524E0FC-0BAC-35E3-BF9C-1DB3A3F535DD}.MinSizeRel|x64.Build.0 = MinSizeRel|x64
		{4524E0FC-0BAC-35E3-BF9C-1DB3A3F535DD}.RelWithDebInfo|x64.ActiveCfg = RelWithDebInfo|x64
		{4524E0FC-0BAC-35E3-BF9C-1DB3A3F535DD}.RelWithDebInfo|x64.Build.0 = RelWithDebInfo|x64
		{BEAAEA20-AEB0-30ED-98AC-F65D97C9FD65}.Debug|x64.ActiveCfg = Debug|x64
		{BEAAEA20-AEB0-30ED-98AC-F65D97C9FD65}.Debug|x64.Build.0 = Debug|x64
		{BEAAEA20-AEB0-30ED-98AC-F65D97C9FD65}.Release|x64.ActiveCfg = Release|x64
		{BEAAEA20-AEB0-30ED-98AC-F65D97C9FD65}.Release|x64.Build.0 = Release|x64
		{BEAAEA20-AEB0-30ED-98AC-F65D97C9FD65}.MinSizeRel|x64.ActiveCfg = MinSizeRel|x64
		{BEAAEA20-AEB0-30ED-98AC-F65D97C9FD65}.MinSizeRel|x64.Build.0 = MinSizeRel|x64
		{BEAAEA20-AEB0-30ED-98AC-F65D97C9FD65}.RelWithDebInfo|x64.ActiveCfg = RelWithDebInfo|x64
		{BEAAEA20-AEB0-30ED-98AC-F65D97C9FD65}.RelWithDebInfo|x64.Build.0 = RelWithDebInfo|x64
		{95B9D5EB-427F-379F-9DDE-7F6A33585E92}.Debug|x64.ActiveCfg = Debug|x64
		{95B9D5EB-427F-379F-9DDE-7F6A33585E92}.Debug|x64.Build.0 = Debug|x64
		{95B9D5EB-427F-379F-9DDE-7F6A33585E92}.Release|x64.ActiveCfg = Release|x64
		{95B9D5EB-427F-379F-9DDE-7F6A33585E92}.Release|x64.Build.0 = Release|x64
		{95B9D5EB-427F-379F-9DDE-7F6A33585E92}.MinSizeRel|x64.ActiveCfg = MinSizeRel|x64
		{95B9D5EB-427F-379F-9DDE-7F6A33585E92}.MinSizeRel|x64.Build.0 = MinSizeRel|x64
		{95B9D5EB-427F-379F-9DDE-7F6A33585E92}.RelWithDebInfo|x64.ActiveCfg = RelWithDebInfo|x64
		{95B9D5EB-427F-379F-9DDE-7F6A33585E92}.RelWithDebInfo|x64.Build.0 = RelWithDebInfo|x64
		{515CB0A9-510A-385B-8E85-E23092B08851}.Debug|x64.ActiveCfg = Debug|x64
		{515CB0A9-510A-385B-8E85-E23092B08851}.Debug|x64.Build.0 = Debug|x64
		{515CB0A9-510A-385B-8E85-E23092B08851}.Release|x64.ActiveCfg = Release|x64
		{515CB0A9-510A-385B-8E85-E23092B08851}.Release|x64.Build.0 = Release|x64
		{515CB0A9-510A-385B-8E85-E23092B08851}.MinSizeRel|x64.ActiveCfg = MinSizeRel|x64
		{515CB0A9-510A-385B-8E85-E23092B08851}.MinSizeRel|x64.Build.0 = MinSizeRel|x64
		{515CB0A9-510A-385B-8E85-E23092B08851}.RelWithDebInfo|x64.ActiveCfg = RelWithDebInfo|x64
		{515CB0A9-510A-385B-8E85-E23092B08851}.RelWithDebInfo|x64.Build.0 = RelWithDebInfo|x64
		{F06A7A09-D983-3E98-B65A-0C876A08306A}.Debug|x64.ActiveCfg = Debug|x64
		{F06A7A09-D983-3E98-B65A-0C876A08306A}.Debug|x64.Build.0 = Debug|x64
		{F06A7A09-D983-3E98-B65A-0C876A08306A}.Release|x64.ActiveCfg = Release|x64
		{F06A7A09-D983-3E98-B65A-0C876A08306A}.Release|x64.Build.0 = Release|x64
		{F06A7A09-D983-3E98-B65A-0C876A08306A}.MinSizeRel|x64.ActiveCfg = MinSizeRel|x64
		{F06A7A09-D983-3E98-B65A-0C876A08306A}.MinSizeRel|x64.Build.0 = MinSizeRel|x64
		{F06A7A09-D983-3E98-B65A-0C876A08306A}.RelWithDebInfo|x64.ActiveCfg = RelWithDebInfo|x64
		{F06A7A09-D983-3E98-B65A-0C876A08306A}.RelWithDebInfo|x64.Build.0 = RelWithDebInfo|x64
		{1518E2B6-FC33-385C-AD01-5B703239BF4C}.Debug|x64.ActiveCfg = Debug|x64
		{1518E2B6-FC33-385C-AD01-5B703239BF4C}.Debug|x64.Build.0 = Debug|x64
		{1518E2B6-FC33-385C-AD01-5B703239BF4C}.Release|x64.ActiveCfg = Release|x64
		{1518E2B6-FC33-385C-AD01-5B703239BF4C}.Release|x64.Build.0 = Release|x64
		{1518E2B6-FC33-385C-AD01-5B703239BF4C}.MinSizeRel|x64.ActiveCfg = MinSizeRel|x64
		{1518E2B6-FC33-385C-AD01-5B703239BF4C}.MinSizeRel|x64.Build.0 = MinSizeRel|x64
		{1518E2B6-FC33-385C-AD01-5B703239BF4C}.RelWithDebInfo|x64.ActiveCfg = RelWithDebInfo|x64
		{1518E2B6-FC33-385C-AD01-5B703239BF4C}.RelWithDebInfo|x64.Build.0 = RelWithDebInfo|x64
		{3C459D36-444D-36BC-A5CA-9A0387498AEB}.Debug|x64.ActiveCfg = Debug|x64
		{3C459D36-444D-36BC-A5CA-9A0387498AEB}.Debug|x64.Build.0 = Debug|x64
		{3C459D36-444D-36BC-A5CA-9A0387498AEB}.Release|x64.ActiveCfg = Release|x64
		{3C459D36-444D-36BC-A5CA-9A0387498AEB}.Release|x64.Build.0 = Release|x64
		{3C459D36-444D-36BC-A5CA-9A0387498AEB}.MinSizeRel|x64.ActiveCfg = MinSizeRel|x64
		{3C459D36-444D-36BC-A5CA-9A0387498AEB}.MinSizeRel|x64.Build.0 = MinSizeRel|x64
		{3C459D36-444D-36BC-A5CA-9A0387498AEB}.RelWithDebInfo|x64.ActiveCfg = RelWithDebInfo|x64
		{3C459D36-444D-36BC-A5CA-9A0387498AEB}.RelWithDebInfo|x64.Build.0 = RelWithDebInfo|x64
		{44744ABB-F823-33F0-8EC1-53F277B2DD03}.Debug|x64.ActiveCfg = Debug|x64
		{44744ABB-F823-33F0-8EC1-53F277B2DD03}.Debug|x64.Build.0 = Debug|x64
		{44744ABB-F823-33F0-8EC1-53F277B2DD03}.Release|x64.ActiveCfg = Release|x64
		{44744ABB-F823-33F0-8EC1-53F277B2DD03}.Release|x64.Build.0 = Release|x64
		{44744ABB-F823-33F0-8EC1-53F277B2DD03}.MinSizeRel|x64.ActiveCfg = MinSizeRel|x64
		{44744ABB-F823-33F0-8EC1-53F277B2DD03}.MinSizeRel|x64.Build.0 = MinSizeRel|x64
		{44744ABB-F823-33F0-8EC1-53F277B2DD03}.RelWithDebInfo|x64.ActiveCfg = RelWithDebInfo|x64
		{44744ABB-F823-33F0-8EC1-53F277B2DD03}.RelWithDebInfo|x64.Build.0 = RelWithDebInfo|x64
		{D1A5436E-385A-3185-8821-D6D3D6195C89}.Debug|x64.ActiveCfg = Debug|x64
		{D1A5436E-385A-3185-8821-D6D3D6195C89}.Debug|x64.Build.0 = Debug|x64
		{D1A5436E-385A-3185-8821-D6D3D6195C89}.Release|x64.ActiveCfg = Release|x64
		{D1A5436E-385A-3185-8821-D6D3D6195C89}.Release|x64.Build.0 = Release|x64
		{D1A5436E-385A-3185-8821-D6D3D6195C89}.MinSizeRel|x64.ActiveCfg = MinSizeRel|x64
		{D1A5436E-385A-3185-8821-D6D3D6195C89}.MinSizeRel|x64.Build.0 = MinSizeRel|x64
		{D1A5436E-385A-3185-8821-D6D3D6195C89}.RelWithDebInfo|x64.ActiveCfg = RelWithDebInfo|x64
		{D1A5436E-385A-3185-8821-D6D3D6195C89}.RelWithDebInfo|x64.Build.0 = RelWithDebInfo|x64
		{0323B621-7340-35C9-B524-37CB62951184}.Debug|x64.ActiveCfg = Debug|x64
		{0323B621-7340-35C9-B524-37CB62951184}.Debug|x64.Build.0 = Debug|x64
		{0323B621-7340-35C9-B524-37CB62951184}.Release|x64.ActiveCfg = Release|x64
		{0323B621-7340-35C9-B524-37CB62951184}.Release|x64.Build.0 = Release|x64
		{0323B621-7340-35C9-B524-37CB62951184}.MinSizeRel|x64.ActiveCfg = MinSizeRel|x64
		{0323B621-7340-35C9-B524-37CB62951184}.MinSizeRel|x64.Build.0 = MinSizeRel|x64
		{0323B621-7340-35C9-B524-37CB62951184}.RelWithDebInfo|x64.ActiveCfg = RelWithDebInfo|x64
		{0323B621-7340-35C9-B524-37CB62951184}.RelWithDebInfo|x64.Build.0 = RelWithDebInfo|x64
		{D884821F-26F9-3507-98EF-85D324D214DD}.Debug|x64.ActiveCfg = Debug|x64
		{D884821F-26F9-3507-98EF-85D324D214DD}.Debug|x64.Build.0 = Debug|x64
		{D884821F-26F9-3507-98EF-85D324D214DD}.Release|x64.ActiveCfg = Release|x64
		{D884821F-26F9-3507-98EF-85D324D214DD}.Release|x64.Build.0 = Release|x64
		{D884821F-26F9-3507-98EF-85D324D214DD}.MinSizeRel|x64.ActiveCfg = MinSizeRel|x64
		{D884821F-26F9-3507-98EF-85D324D214DD}.MinSizeRel|x64.Build.0 = MinSizeRel|x64
		{D884821F-26F9-3507-98EF-85D324D214DD}.RelWithDebInfo|x64.ActiveCfg = RelWithDebInfo|x64
		{D884821F-26F9-3507-98EF-85D324D214DD}.RelWithDebInfo|x64.Build.0 = RelWithDebInfo|x64
		{07992338-6EE7-395F-B31B-487527E2F119}.Debug|x64.ActiveCfg = Debug|x64
		{07992338-6EE7-395F-B31B-487527E2F119}.Debug|x64.Build.0 = Debug|x64
		{07992338-6EE7-395F-B31B-487527E2F119}.Release|x64.ActiveCfg = Release|x64
		{07992338-6EE7-395F-B31B-487527E2F119}.Release|x64.Build.0 = Release|x64
		{07992338-6EE7-395F-B31B-487527E2F119}.MinSizeRel|x64.ActiveCfg = MinSizeRel|x64
		{07992338-6EE7-395F-B31B-487527E2F119}.MinSizeRel|x64.Build.0 = MinSizeRel|x64
		{07992338-6EE7-395F-B31B-487527E2F119}.RelWithDebInfo|x64.ActiveCfg = RelWithDebInfo|x64
		{07992338-6EE7-395F-B31B-487527E2F119}.RelWithDebInfo|x64.Build.0 = RelWithDebInfo|x64
		{AA894C61-22F5-3B5E-AACC-DFF6644B4D77}.Debug|x64.ActiveCfg = Debug|x64
		{AA894C61-22F5-3B5E-AACC-DFF6644B4D77}.Debug|x64.Build.0 = Debug|x64
		{AA894C61-22F5-3B5E-AACC-DFF6644B4D77}.Release|x64.ActiveCfg = Release|x64
		{AA894C61-22F5-3B5E-AACC-DFF6644B4D77}.Release|x64.Build.0 = Release|x64
		{AA894C61-22F5-3B5E-AACC-DFF6644B4D77}.MinSizeRel|x64.ActiveCfg = MinSizeRel|x64
		{AA894C61-22F5-3B5E-AACC-DFF6644B4D77}.MinSizeRel|x64.Build.0 = MinSizeRel|x64
		{AA894C61-22F5-3B5E-AACC-DFF6644B4D77}.RelWithDebInfo|x64.ActiveCfg = RelWithDebInfo|x64
		{AA894C61-22F5-3B5E-AACC-DFF6644B4D77}.RelWithDebInfo|x64.Build.0 = RelWithDebInfo|x64
		{93F1D1C0-71FF-3515-8D83-6A45F9686538}.Debug|x64.ActiveCfg = Debug|x64
		{93F1D1C0-71FF-3515-8D83-6A45F9686538}.Debug|x64.Build.0 = Debug|x64
		{93F1D1C0-71FF-3515-8D83-6A45F9686538}.Release|x64.ActiveCfg = Release|x64
		{93F1D1C0-71FF-3515-8D83-6A45F9686538}.Release|x64.Build.0 = Release|x64
		{93F1D1C0-71FF-3515-8D83-6A45F9686538}.MinSizeRel|x64.ActiveCfg = MinSizeRel|x64
		{93F1D1C0-71FF-3515-8D83-6A45F9686538}.MinSizeRel|x64.Build.0 = MinSizeRel|x64
		{93F1D1C0-71FF-3515-8D83-6A45F9686538}.RelWithDebInfo|x64.ActiveCfg = RelWithDebInfo|x64
		{93F1D1C0-71FF-3515-8D83-6A45F9686538}.RelWithDebInfo|x64.Build.0 = RelWithDebInfo|x64
		{195D4C96-5656-3324-832A-45BC896315C1}.Debug|x64.ActiveCfg = Debug|x64
		{195D4C96-5656-3324-832A-45BC896315C1}.Debug|x64.Build.0 = Debug|x64
		{195D4C96-5656-3324-832A-45BC896315C1}.Release|x64.ActiveCfg = Release|x64
		{195D4C96-5656-3324-832A-45BC896315C1}.Release|x64.Build.0 = Release|x64
		{195D4C96-5656-3324-832A-45BC896315C1}.MinSizeRel|x64.ActiveCfg = MinSizeRel|x64
		{195D4C96-5656-3324-832A-45BC896315C1}.MinSizeRel|x64.Build.0 = MinSizeRel|x64
		{195D4C96-5656-3324-832A-45BC896315C1}.RelWithDebInfo|x64.ActiveCfg = RelWithDebInfo|x64
		{195D4C96-5656-3324-832A-45BC896315C1}.RelWithDebInfo|x64.Build.0 = RelWithDebInfo|x64
		{D8E07797-733C-3FC3-968B-7C3DA5D07954}.Debug|x64.ActiveCfg = Debug|x64
		{D8E07797-733C-3FC3-968B-7C3DA5D07954}.Debug|x64.Build.0 = Debug|x64
		{D8E07797-733C-3FC3-968B-7C3DA5D07954}.Release|x64.ActiveCfg = Release|x64
		{D8E07797-733C-3FC3-968B-7C3DA5D07954}.Release|x64.Build.0 = Release|x64
		{D8E07797-733C-3FC3-968B-7C3DA5D07954}.MinSizeRel|x64.ActiveCfg = MinSizeRel|x64
		{D8E07797-733C-3FC3-968B-7C3DA5D07954}.MinSizeRel|x64.Build.0 = MinSizeRel|x64
		{D8E07797-733C-3FC3-968B-7C3DA5D07954}.RelWithDebInfo|x64.ActiveCfg = RelWithDebInfo|x64
		{D8E07797-733C-3FC3-968B-7C3DA5D07954}.RelWithDebInfo|x64.Build.0 = RelWithDebInfo|x64
		{FE0171F9-81BF-32A7-8EF3-980DFF4F02DF}.Debug|x64.ActiveCfg = Debug|x64
		{FE0171F9-81BF-32A7-8EF3-980DFF4F02DF}.Debug|x64.Build.0 = Debug|x64
		{FE0171F9-81BF-32A7-8EF3-980DFF4F02DF}.Release|x64.ActiveCfg = Release|x64
		{FE0171F9-81BF-32A7-8EF3-980DFF4F02DF}.Release|x64.Build.0 = Release|x64
		{FE0171F9-81BF-32A7-8EF3-980DFF4F02DF}.MinSizeRel|x64.ActiveCfg = MinSizeRel|x64
		{FE0171F9-81BF-32A7-8EF3-980DFF4F02DF}.MinSizeRel|x64.Build.0 = MinSizeRel|x64
		{FE0171F9-81BF-32A7-8EF3-980DFF4F02DF}.RelWithDebInfo|x64.ActiveCfg = RelWithDebInfo|x64
		{FE0171F9-81BF-32A7-8EF3-980DFF4F02DF}.RelWithDebInfo|x64.Build.0 = RelWithDebInfo|x64
		{9B22EB7C-A9D7-3AD2-A1B3-83353565BFF9}.Debug|x64.ActiveCfg = Debug|x64
		{9B22EB7C-A9D7-3AD2-A1B3-83353565BFF9}.Debug|x64.Build.0 = Debug|x64
		{9B22EB7C-A9D7-3AD2-A1B3-83353565BFF9}.Release|x64.ActiveCfg = Release|x64
		{9B22EB7C-A9D7-3AD2-A1B3-83353565BFF9}.Release|x64.Build.0 = Release|x64
		{9B22EB7C-A9D7-3AD2-A1B3-83353565BFF9}.MinSizeRel|x64.ActiveCfg = MinSizeRel|x64
		{9B22EB7C-A9D7-3AD2-A1B3-83353565BFF9}.MinSizeRel|x64.Build.0 = MinSizeRel|x64
		{9B22EB7C-A9D7-3AD2-A1B3-83353565BFF9}.RelWithDebInfo|x64.ActiveCfg = RelWithDebInfo|x64
		{9B22EB7C-A9D7-3AD2-A1B3-83353565BFF9}.RelWithDebInfo|x64.Build.0 = RelWithDebInfo|x64
		{756EF41B-AA0F-3993-811A-253DE4BE567D}.Debug|x64.ActiveCfg = Debug|x64
		{756EF41B-AA0F-3993-811A-253DE4BE567D}.Debug|x64.Build.0 = Debug|x64
		{756EF41B-AA0F-3993-811A-253DE4BE567D}.Release|x64.ActiveCfg = Release|x64
		{756EF41B-AA0F-3993-811A-253DE4BE567D}.Release|x64.Build.0 = Release|x64
		{756EF41B-AA0F-3993-811A-253DE4BE567D}.MinSizeRel|x64.ActiveCfg = MinSizeRel|x64
		{756EF41B-AA0F-3993-811A-253DE4BE567D}.MinSizeRel|x64.Build.0 = MinSizeRel|x64
		{756EF41B-AA0F-3993-811A-253DE4BE567D}.RelWithDebInfo|x64.ActiveCfg = RelWithDebInfo|x64
		{756EF41B-AA0F-3993-811A-253DE4BE567D}.RelWithDebInfo|x64.Build.0 = RelWithDebInfo|x64
		{0CF3D6CE-6F75-3227-A263-33070EC9B3D7}.Debug|x64.ActiveCfg = Debug|x64
		{0CF3D6CE-6F75-3227-A263-33070EC9B3D7}.Debug|x64.Build.0 = Debug|x64
		{0CF3D6CE-6F75-3227-A263-33070EC9B3D7}.Release|x64.ActiveCfg = Release|x64
		{0CF3D6CE-6F75-3227-A263-33070EC9B3D7}.Release|x64.Build.0 = Release|x64
		{0CF3D6CE-6F75-3227-A263-33070EC9B3D7}.MinSizeRel|x64.ActiveCfg = MinSizeRel|x64
		{0CF3D6CE-6F75-3227-A263-33070EC9B3D7}.MinSizeRel|x64.Build.0 = MinSizeRel|x64
		{0CF3D6CE-6F75-3227-A263-33070EC9B3D7}.RelWithDebInfo|x64.ActiveCfg = RelWithDebInfo|x64
		{0CF3D6CE-6F75-3227-A263-33070EC9B3D7}.RelWithDebInfo|x64.Build.0 = RelWithDebInfo|x64
		{74F776EA-7993-3400-8B54-C707C2BEEFFF}.Debug|x64.ActiveCfg = Debug|x64
		{74F776EA-7993-3400-8B54-C707C2BEEFFF}.Debug|x64.Build.0 = Debug|x64
		{74F776EA-7993-3400-8B54-C707C2BEEFFF}.Release|x64.ActiveCfg = Release|x64
		{74F776EA-7993-3400-8B54-C707C2BEEFFF}.Release|x64.Build.0 = Release|x64
		{74F776EA-7993-3400-8B54-C707C2BEEFFF}.MinSizeRel|x64.ActiveCfg = MinSizeRel|x64
		{74F776EA-7993-3400-8B54-C707C2BEEFFF}.MinSizeRel|x64.Build.0 = MinSizeRel|x64
		{74F776EA-7993-3400-8B54-C707C2BEEFFF}.RelWithDebInfo|x64.ActiveCfg = RelWithDebInfo|x64
		{74F776EA-7993-3400-8B54-C707C2BEEFFF}.RelWithDebInfo|x64.Build.0 = RelWithDebInfo|x64
		{50F9A4B1-471F-3336-AFC6-F1D5F8C9C17F}.Debug|x64.ActiveCfg = Debug|x64
		{50F9A4B1-471F-3336-AFC6-F1D5F8C9C17F}.Debug|x64.Build.0 = Debug|x64
		{50F9A4B1-471F-3336-AFC6-F1D5F8C9C17F}.Release|x64.ActiveCfg = Release|x64
		{50F9A4B1-471F-3336-AFC6-F1D5F8C9C17F}.Release|x64.Build.0 = Release|x64
		{50F9A4B1-471F-3336-AFC6-F1D5F8C9C17F}.MinSizeRel|x64.ActiveCfg = MinSizeRel|x64
		{50F9A4B1-471F-3336-AFC6-F1D5F8C9C17F}.MinSizeRel|x64.Build.0 = MinSizeRel|x64
		{50F9A4B1-471F-3336-AFC6-F1D5F8C9C17F}.RelWithDebInfo|x64.ActiveCfg = RelWithDebInfo|x64
		{50F9A4B1-471F-3336-AFC6-F1D5F8C9C17F}.RelWithDebInfo|x64.Build.0 = RelWithDebInfo|x64
		{9C135E0A-A319-3887-B884-142425D6B3CA}.Debug|x64.ActiveCfg = Debug|x64
		{9C135E0A-A319-3887-B884-142425D6B3CA}.Debug|x64.Build.0 = Debug|x64
		{9C135E0A-A319-3887-B884-142425D6B3CA}.Release|x64.ActiveCfg = Release|x64
		{9C135E0A-A319-3887-B884-142425D6B3CA}.Release|x64.Build.0 = Release|x64
		{9C135E0A-A319-3887-B884-142425D6B3CA}.MinSizeRel|x64.ActiveCfg = MinSizeRel|x64
		{9C135E0A-A319-3887-B884-142425D6B3CA}.MinSizeRel|x64.Build.0 = MinSizeRel|x64
		{9C135E0A-A319-3887-B884-142425D6B3CA}.RelWithDebInfo|x64.ActiveCfg = RelWithDebInfo|x64
		{9C135E0A-A319-3887-B884-142425D6B3CA}.RelWithDebInfo|x64.Build.0 = RelWithDebInfo|x64
		{6A58EE35-E66F-32AC-8A66-3DCE222D0AC4}.Debug|x64.ActiveCfg = Debug|x64
		{6A58EE35-E66F-32AC-8A66-3DCE222D0AC4}.Debug|x64.Build.0 = Debug|x64
		{6A58EE35-E66F-32AC-8A66-3DCE222D0AC4}.Release|x64.ActiveCfg = Release|x64
		{6A58EE35-E66F-32AC-8A66-3DCE222D0AC4}.Release|x64.Build.0 = Release|x64
		{6A58EE35-E66F-32AC-8A66-3DCE222D0AC4}.MinSizeRel|x64.ActiveCfg = MinSizeRel|x64
		{6A58EE35-E66F-32AC-8A66-3DCE222D0AC4}.MinSizeRel|x64.Build.0 = MinSizeRel|x64
		{6A58EE35-E66F-32AC-8A66-3DCE222D0AC4}.RelWithDebInfo|x64.ActiveCfg = RelWithDebInfo|x64
		{6A58EE35-E66F-32AC-8A66-3DCE222D0AC4}.RelWithDebInfo|x64.Build.0 = RelWithDebInfo|x64
		{79597A99-64F9-301F-BD2E-E5A10FDAD094}.Debug|x64.ActiveCfg = Debug|x64
		{79597A99-64F9-301F-BD2E-E5A10FDAD094}.Debug|x64.Build.0 = Debug|x64
		{79597A99-64F9-301F-BD2E-E5A10FDAD094}.Release|x64.ActiveCfg = Release|x64
		{79597A99-64F9-301F-BD2E-E5A10FDAD094}.Release|x64.Build.0 = Release|x64
		{79597A99-64F9-301F-BD2E-E5A10FDAD094}.MinSizeRel|x64.ActiveCfg = MinSizeRel|x64
		{79597A99-64F9-301F-BD2E-E5A10FDAD094}.MinSizeRel|x64.Build.0 = MinSizeRel|x64
		{79597A99-64F9-301F-BD2E-E5A10FDAD094}.RelWithDebInfo|x64.ActiveCfg = RelWithDebInfo|x64
		{79597A99-64F9-301F-BD2E-E5A10FDAD094}.RelWithDebInfo|x64.Build.0 = RelWithDebInfo|x64
		{C6229436-D505-373A-873D-6E5E11445F0D}.Debug|x64.ActiveCfg = Debug|x64
		{C6229436-D505-373A-873D-6E5E11445F0D}.Debug|x64.Build.0 = Debug|x64
		{C6229436-D505-373A-873D-6E5E11445F0D}.Release|x64.ActiveCfg = Release|x64
		{C6229436-D505-373A-873D-6E5E11445F0D}.Release|x64.Build.0 = Release|x64
		{C6229436-D505-373A-873D-6E5E11445F0D}.MinSizeRel|x64.ActiveCfg = MinSizeRel|x64
		{C6229436-D505-373A-873D-6E5E11445F0D}.MinSizeRel|x64.Build.0 = MinSizeRel|x64
		{C6229436-D505-373A-873D-6E5E11445F0D}.RelWithDebInfo|x64.ActiveCfg = RelWithDebInfo|x64
		{C6229436-D505-373A-873D-6E5E11445F0D}.RelWithDebInfo|x64.Build.0 = RelWithDebInfo|x64
		{FAA4DC4D-2B56-37A2-8D16-065FFDF0D909}.Debug|x64.ActiveCfg = Debug|x64
		{FAA4DC4D-2B56-37A2-8D16-065FFDF0D909}.Debug|x64.Build.0 = Debug|x64
		{FAA4DC4D-2B56-37A2-8D16-065FFDF0D909}.Release|x64.ActiveCfg = Release|x64
		{FAA4DC4D-2B56-37A2-8D16-065FFDF0D909}.Release|x64.Build.0 = Release|x64
		{FAA4DC4D-2B56-37A2-8D16-065FFDF0D909}.MinSizeRel|x64.ActiveCfg = MinSizeRel|x64
		{FAA4DC4D-2B56-37A2-8D16-065FFDF0D909}.MinSizeRel|x64.Build.0 = MinSizeRel|x64
		{FAA4DC4D-2B56-37A2-8D16-065FFDF0D909}.RelWithDebInfo|x64.ActiveCfg = RelWithDebInfo|x64
		{FAA4DC4D-2B56-37A2-8D16-065FFDF0D909}.RelWithDebInfo|x64.Build.0 = RelWithDebInfo|x64
		{DFFF3750-660D-3EA7-B1C1-017C9FBDC260}.Debug|x64.ActiveCfg = Debug|x64
		{DFFF3750-660D-3EA7-B1C1-017C9FBDC260}.Debug|x64.Build.0 = Debug|x64
		{DFFF3750-660D-3EA7-B1C1-017C9FBDC260}.Release|x64.ActiveCfg = Release|x64
		{DFFF3750-660D-3EA7-B1C1-017C9FBDC260}.Release|x64.Build.0 = Release|x64
		{DFFF3750-660D-3EA7-B1C1-017C9FBDC260}.MinSizeRel|x64.ActiveCfg = MinSizeRel|x64
		{DFFF3750-660D-3EA7-B1C1-017C9FBDC260}.MinSizeRel|x64.Build.0 = MinSizeRel|x64
		{DFFF3750-660D-3EA7-B1C1-017C9FBDC260}.RelWithDebInfo|x64.ActiveCfg = RelWithDebInfo|x64
		{DFFF3750-660D-3EA7-B1C1-017C9FBDC260}.RelWithDebInfo|x64.Build.0 = RelWithDebInfo|x64
		{AC911BFF-23B0-3B0D-BF7E-0254F228D5DC}.Debug|x64.ActiveCfg = Debug|x64
		{AC911BFF-23B0-3B0D-BF7E-0254F228D5DC}.Debug|x64.Build.0 = Debug|x64
		{AC911BFF-23B0-3B0D-BF7E-0254F228D5DC}.Release|x64.ActiveCfg = Release|x64
		{AC911BFF-23B0-3B0D-BF7E-0254F228D5DC}.Release|x64.Build.0 = Release|x64
		{AC911BFF-23B0-3B0D-BF7E-0254F228D5DC}.MinSizeRel|x64.ActiveCfg = MinSizeRel|x64
		{AC911BFF-23B0-3B0D-BF7E-0254F228D5DC}.MinSizeRel|x64.Build.0 = MinSizeRel|x64
		{AC911BFF-23B0-3B0D-BF7E-0254F228D5DC}.RelWithDebInfo|x64.ActiveCfg = RelWithDebInfo|x64
		{AC911BFF-23B0-3B0D-BF7E-0254F228D5DC}.RelWithDebInfo|x64.Build.0 = RelWithDebInfo|x64
		{56F9EA7D-32E5-363E-8C35-DBABE5487A65}.Debug|x64.ActiveCfg = Debug|x64
		{56F9EA7D-32E5-363E-8C35-DBABE5487A65}.Debug|x64.Build.0 = Debug|x64
		{56F9EA7D-32E5-363E-8C35-DBABE5487A65}.Release|x64.ActiveCfg = Release|x64
		{56F9EA7D-32E5-363E-8C35-DBABE5487A65}.Release|x64.Build.0 = Release|x64
		{56F9EA7D-32E5-363E-8C35-DBABE5487A65}.MinSizeRel|x64.ActiveCfg = MinSizeRel|x64
		{56F9EA7D-32E5-363E-8C35-DBABE5487A65}.MinSizeRel|x64.Build.0 = MinSizeRel|x64
		{56F9EA7D-32E5-363E-8C35-DBABE5487A65}.RelWithDebInfo|x64.ActiveCfg = RelWithDebInfo|x64
		{56F9EA7D-32E5-363E-8C35-DBABE5487A65}.RelWithDebInfo|x64.Build.0 = RelWithDebInfo|x64
		{4E8D00EC-55E6-3354-AC18-798628395B07}.Debug|x64.ActiveCfg = Debug|x64
		{4E8D00EC-55E6-3354-AC18-798628395B07}.Debug|x64.Build.0 = Debug|x64
		{4E8D00EC-55E6-3354-AC18-798628395B07}.Release|x64.ActiveCfg = Release|x64
		{4E8D00EC-55E6-3354-AC18-798628395B07}.Release|x64.Build.0 = Release|x64
		{4E8D00EC-55E6-3354-AC18-798628395B07}.MinSizeRel|x64.ActiveCfg = MinSizeRel|x64
		{4E8D00EC-55E6-3354-AC18-798628395B07}.MinSizeRel|x64.Build.0 = MinSizeRel|x64
		{4E8D00EC-55E6-3354-AC18-798628395B07}.RelWithDebInfo|x64.ActiveCfg = RelWithDebInfo|x64
		{4E8D00EC-55E6-3354-AC18-798628395B07}.RelWithDebInfo|x64.Build.0 = RelWithDebInfo|x64
		{A47951A3-4EF2-356F-91D7-35376F707ACF}.Debug|x64.ActiveCfg = Debug|x64
		{A47951A3-4EF2-356F-91D7-35376F707ACF}.Release|x64.ActiveCfg = Release|x64
		{A47951A3-4EF2-356F-91D7-35376F707ACF}.MinSizeRel|x64.ActiveCfg = MinSizeRel|x64
		{A47951A3-4EF2-356F-91D7-35376F707ACF}.RelWithDebInfo|x64.ActiveCfg = RelWithDebInfo|x64
		{81535EF7-3368-3AE1-9D54-7984DB2BA273}.Debug|x64.ActiveCfg = Debug|x64
		{81535EF7-3368-3AE1-9D54-7984DB2BA273}.Debug|x64.Build.0 = Debug|x64
		{81535EF7-3368-3AE1-9D54-7984DB2BA273}.Release|x64.ActiveCfg = Release|x64
		{81535EF7-3368-3AE1-9D54-7984DB2BA273}.Release|x64.Build.0 = Release|x64
		{81535EF7-3368-3AE1-9D54-7984DB2BA273}.MinSizeRel|x64.ActiveCfg = MinSizeRel|x64
		{81535EF7-3368-3AE1-9D54-7984DB2BA273}.MinSizeRel|x64.Build.0 = MinSizeRel|x64
		{81535EF7-3368-3AE1-9D54-7984DB2BA273}.RelWithDebInfo|x64.ActiveCfg = RelWithDebInfo|x64
		{81535EF7-3368-3AE1-9D54-7984DB2BA273}.RelWithDebInfo|x64.Build.0 = RelWithDebInfo|x64
		{ECFE848B-62E0-3794-B030-5419EB1589BD}.Debug|x64.ActiveCfg = Debug|x64
		{ECFE848B-62E0-3794-B030-5419EB1589BD}.Debug|x64.Build.0 = Debug|x64
		{ECFE848B-62E0-3794-B030-5419EB1589BD}.Release|x64.ActiveCfg = Release|x64
		{ECFE848B-62E0-3794-B030-5419EB1589BD}.Release|x64.Build.0 = Release|x64
		{ECFE848B-62E0-3794-B030-5419EB1589BD}.MinSizeRel|x64.ActiveCfg = MinSizeRel|x64
		{ECFE848B-62E0-3794-B030-5419EB1589BD}.MinSizeRel|x64.Build.0 = MinSizeRel|x64
		{ECFE848B-62E0-3794-B030-5419EB1589BD}.RelWithDebInfo|x64.ActiveCfg = RelWithDebInfo|x64
		{ECFE848B-62E0-3794-B030-5419EB1589BD}.RelWithDebInfo|x64.Build.0 = RelWithDebInfo|x64
		{E5CD3609-8828-3E20-9311-2EAF6119FE66}.Debug|x64.ActiveCfg = Debug|x64
		{E5CD3609-8828-3E20-9311-2EAF6119FE66}.Debug|x64.Build.0 = Debug|x64
		{E5CD3609-8828-3E20-9311-2EAF6119FE66}.Release|x64.ActiveCfg = Release|x64
		{E5CD3609-8828-3E20-9311-2EAF6119FE66}.Release|x64.Build.0 = Release|x64
		{E5CD3609-8828-3E20-9311-2EAF6119FE66}.MinSizeRel|x64.ActiveCfg = MinSizeRel|x64
		{E5CD3609-8828-3E20-9311-2EAF6119FE66}.MinSizeRel|x64.Build.0 = MinSizeRel|x64
		{E5CD3609-8828-3E20-9311-2EAF6119FE66}.RelWithDebInfo|x64.ActiveCfg = RelWithDebInfo|x64
		{E5CD3609-8828-3E20-9311-2EAF6119FE66}.RelWithDebInfo|x64.Build.0 = RelWithDebInfo|x64
		{9AEC2DB4-67C7-3F61-ACFC-9E154B2C201F}.Debug|x64.ActiveCfg = Debug|x64
		{9AEC2DB4-67C7-3F61-ACFC-9E154B2C201F}.Debug|x64.Build.0 = Debug|x64
		{9AEC2DB4-67C7-3F61-ACFC-9E154B2C201F}.Release|x64.ActiveCfg = Release|x64
		{9AEC2DB4-67C7-3F61-ACFC-9E154B2C201F}.Release|x64.Build.0 = Release|x64
		{9AEC2DB4-67C7-3F61-ACFC-9E154B2C201F}.MinSizeRel|x64.ActiveCfg = MinSizeRel|x64
		{9AEC2DB4-67C7-3F61-ACFC-9E154B2C201F}.MinSizeRel|x64.Build.0 = MinSizeRel|x64
		{9AEC2DB4-67C7-3F61-ACFC-9E154B2C201F}.RelWithDebInfo|x64.ActiveCfg = RelWithDebInfo|x64
		{9AEC2DB4-67C7-3F61-ACFC-9E154B2C201F}.RelWithDebInfo|x64.Build.0 = RelWithDebInfo|x64
		{33C26BA0-651F-371C-AE5B-4A2020C63DC4}.Debug|x64.ActiveCfg = Debug|x64
		{33C26BA0-651F-371C-AE5B-4A2020C63DC4}.Release|x64.ActiveCfg = Release|x64
		{33C26BA0-651F-371C-AE5B-4A2020C63DC4}.MinSizeRel|x64.ActiveCfg = MinSizeRel|x64
		{33C26BA0-651F-371C-AE5B-4A2020C63DC4}.RelWithDebInfo|x64.ActiveCfg = RelWithDebInfo|x64
		{A3338D0A-F417-3E12-9F59-9C5013A58B9E}.Debug|x64.ActiveCfg = Debug|x64
		{A3338D0A-F417-3E12-9F59-9C5013A58B9E}.Debug|x64.Build.0 = Debug|x64
		{A3338D0A-F417-3E12-9F59-9C5013A58B9E}.Release|x64.ActiveCfg = Release|x64
		{A3338D0A-F417-3E12-9F59-9C5013A58B9E}.Release|x64.Build.0 = Release|x64
		{A3338D0A-F417-3E12-9F59-9C5013A58B9E}.MinSizeRel|x64.ActiveCfg = MinSizeRel|x64
		{A3338D0A-F417-3E12-9F59-9C5013A58B9E}.MinSizeRel|x64.Build.0 = MinSizeRel|x64
		{A3338D0A-F417-3E12-9F59-9C5013A58B9E}.RelWithDebInfo|x64.ActiveCfg = RelWithDebInfo|x64
		{A3338D0A-F417-3E12-9F59-9C5013A58B9E}.RelWithDebInfo|x64.Build.0 = RelWithDebInfo|x64
		{D1DBACB0-2D57-3306-8728-8AB1572E65FE}.Debug|x64.ActiveCfg = Debug|x64
		{D1DBACB0-2D57-3306-8728-8AB1572E65FE}.Debug|x64.Build.0 = Debug|x64
		{D1DBACB0-2D57-3306-8728-8AB1572E65FE}.Release|x64.ActiveCfg = Release|x64
		{D1DBACB0-2D57-3306-8728-8AB1572E65FE}.Release|x64.Build.0 = Release|x64
		{D1DBACB0-2D57-3306-8728-8AB1572E65FE}.MinSizeRel|x64.ActiveCfg = MinSizeRel|x64
		{D1DBACB0-2D57-3306-8728-8AB1572E65FE}.MinSizeRel|x64.Build.0 = MinSizeRel|x64
		{D1DBACB0-2D57-3306-8728-8AB1572E65FE}.RelWithDebInfo|x64.ActiveCfg = RelWithDebInfo|x64
		{D1DBACB0-2D57-3306-8728-8AB1572E65FE}.RelWithDebInfo|x64.Build.0 = RelWithDebInfo|x64
		{8B6934DA-F1FB-3731-B8CB-FEE71A17CB21}.Debug|x64.ActiveCfg = Debug|x64
		{8B6934DA-F1FB-3731-B8CB-FEE71A17CB21}.Debug|x64.Build.0 = Debug|x64
		{8B6934DA-F1FB-3731-B8CB-FEE71A17CB21}.Release|x64.ActiveCfg = Release|x64
		{8B6934DA-F1FB-3731-B8CB-FEE71A17CB21}.Release|x64.Build.0 = Release|x64
		{8B6934DA-F1FB-3731-B8CB-FEE71A17CB21}.MinSizeRel|x64.ActiveCfg = MinSizeRel|x64
		{8B6934DA-F1FB-3731-B8CB-FEE71A17CB21}.MinSizeRel|x64.Build.0 = MinSizeRel|x64
		{8B6934DA-F1FB-3731-B8CB-FEE71A17CB21}.RelWithDebInfo|x64.ActiveCfg = RelWithDebInfo|x64
		{8B6934DA-F1FB-3731-B8CB-FEE71A17CB21}.RelWithDebInfo|x64.Build.0 = RelWithDebInfo|x64
		{EE425285-4BEF-3302-AA29-E1778C3FBC2A}.Debug|x64.ActiveCfg = Debug|x64
		{EE425285-4BEF-3302-AA29-E1778C3FBC2A}.Debug|x64.Build.0 = Debug|x64
		{EE425285-4BEF-3302-AA29-E1778C3FBC2A}.Release|x64.ActiveCfg = Release|x64
		{EE425285-4BEF-3302-AA29-E1778C3FBC2A}.Release|x64.Build.0 = Release|x64
		{EE425285-4BEF-3302-AA29-E1778C3FBC2A}.MinSizeRel|x64.ActiveCfg = MinSizeRel|x64
		{EE425285-4BEF-3302-AA29-E1778C3FBC2A}.MinSizeRel|x64.Build.0 = MinSizeRel|x64
		{EE425285-4BEF-3302-AA29-E1778C3FBC2A}.RelWithDebInfo|x64.ActiveCfg = RelWithDebInfo|x64
		{EE425285-4BEF-3302-AA29-E1778C3FBC2A}.RelWithDebInfo|x64.Build.0 = RelWithDebInfo|x64
		{6DE0A0EE-51F9-3CD6-9913-A3D5A1592EAA}.Debug|x64.ActiveCfg = Debug|x64
		{6DE0A0EE-51F9-3CD6-9913-A3D5A1592EAA}.Debug|x64.Build.0 = Debug|x64
		{6DE0A0EE-51F9-3CD6-9913-A3D5A1592EAA}.Release|x64.ActiveCfg = Release|x64
		{6DE0A0EE-51F9-3CD6-9913-A3D5A1592EAA}.Release|x64.Build.0 = Release|x64
		{6DE0A0EE-51F9-3CD6-9913-A3D5A1592EAA}.MinSizeRel|x64.ActiveCfg = MinSizeRel|x64
		{6DE0A0EE-51F9-3CD6-9913-A3D5A1592EAA}.MinSizeRel|x64.Build.0 = MinSizeRel|x64
		{6DE0A0EE-51F9-3CD6-9913-A3D5A1592EAA}.RelWithDebInfo|x64.ActiveCfg = RelWithDebInfo|x64
		{6DE0A0EE-51F9-3CD6-9913-A3D5A1592EAA}.RelWithDebInfo|x64.Build.0 = RelWithDebInfo|x64
		{AD620ABE-ADAF-3974-9741-99915D5AC169}.Debug|x64.ActiveCfg = Debug|x64
		{AD620ABE-ADAF-3974-9741-99915D5AC169}.Debug|x64.Build.0 = Debug|x64
		{AD620ABE-ADAF-3974-9741-99915D5AC169}.Release|x64.ActiveCfg = Release|x64
		{AD620ABE-ADAF-3974-9741-99915D5AC169}.Release|x64.Build.0 = Release|x64
		{AD620ABE-ADAF-3974-9741-99915D5AC169}.MinSizeRel|x64.ActiveCfg = MinSizeRel|x64
		{AD620ABE-ADAF-3974-9741-99915D5AC169}.MinSizeRel|x64.Build.0 = MinSizeRel|x64
		{AD620ABE-ADAF-3974-9741-99915D5AC169}.RelWithDebInfo|x64.ActiveCfg = RelWithDebInfo|x64
		{AD620ABE-ADAF-3974-9741-99915D5AC169}.RelWithDebInfo|x64.Build.0 = RelWithDebInfo|x64
		{898BED3F-773D-3730-B870-3780FEC2C295}.Debug|x64.ActiveCfg = Debug|x64
		{898BED3F-773D-3730-B870-3780FEC2C295}.Debug|x64.Build.0 = Debug|x64
		{898BED3F-773D-3730-B870-3780FEC2C295}.Release|x64.ActiveCfg = Release|x64
		{898BED3F-773D-3730-B870-3780FEC2C295}.Release|x64.Build.0 = Release|x64
		{898BED3F-773D-3730-B870-3780FEC2C295}.MinSizeRel|x64.ActiveCfg = MinSizeRel|x64
		{898BED3F-773D-3730-B870-3780FEC2C295}.MinSizeRel|x64.Build.0 = MinSizeRel|x64
		{898BED3F-773D-3730-B870-3780FEC2C295}.RelWithDebInfo|x64.ActiveCfg = RelWithDebInfo|x64
		{898BED3F-773D-3730-B870-3780FEC2C295}.RelWithDebInfo|x64.Build.0 = RelWithDebInfo|x64
		{154E4E90-C053-3094-A0AC-887716E109C2}.Debug|x64.ActiveCfg = Debug|x64
		{154E4E90-C053-3094-A0AC-887716E109C2}.Debug|x64.Build.0 = Debug|x64
		{154E4E90-C053-3094-A0AC-887716E109C2}.Release|x64.ActiveCfg = Release|x64
		{154E4E90-C053-3094-A0AC-887716E109C2}.Release|x64.Build.0 = Release|x64
		{154E4E90-C053-3094-A0AC-887716E109C2}.MinSizeRel|x64.ActiveCfg = MinSizeRel|x64
		{154E4E90-C053-3094-A0AC-887716E109C2}.MinSizeRel|x64.Build.0 = MinSizeRel|x64
		{154E4E90-C053-3094-A0AC-887716E109C2}.RelWithDebInfo|x64.ActiveCfg = RelWithDebInfo|x64
		{154E4E90-C053-3094-A0AC-887716E109C2}.RelWithDebInfo|x64.Build.0 = RelWithDebInfo|x64
		{47695C1C-5A02-314B-966E-B0ACFE6E2820}.Debug|x64.ActiveCfg = Debug|x64
		{47695C1C-5A02-314B-966E-B0ACFE6E2820}.Debug|x64.Build.0 = Debug|x64
		{47695C1C-5A02-314B-966E-B0ACFE6E2820}.Release|x64.ActiveCfg = Release|x64
		{47695C1C-5A02-314B-966E-B0ACFE6E2820}.Release|x64.Build.0 = Release|x64
		{47695C1C-5A02-314B-966E-B0ACFE6E2820}.MinSizeRel|x64.ActiveCfg = MinSizeRel|x64
		{47695C1C-5A02-314B-966E-B0ACFE6E2820}.MinSizeRel|x64.Build.0 = MinSizeRel|x64
		{47695C1C-5A02-314B-966E-B0ACFE6E2820}.RelWithDebInfo|x64.ActiveCfg = RelWithDebInfo|x64
		{47695C1C-5A02-314B-966E-B0ACFE6E2820}.RelWithDebInfo|x64.Build.0 = RelWithDebInfo|x64
		{15AF24EF-F26F-31E9-ADCC-44668C683DDF}.Debug|x64.ActiveCfg = Debug|x64
		{15AF24EF-F26F-31E9-ADCC-44668C683DDF}.Debug|x64.Build.0 = Debug|x64
		{15AF24EF-F26F-31E9-ADCC-44668C683DDF}.Release|x64.ActiveCfg = Release|x64
		{15AF24EF-F26F-31E9-ADCC-44668C683DDF}.Release|x64.Build.0 = Release|x64
		{15AF24EF-F26F-31E9-ADCC-44668C683DDF}.MinSizeRel|x64.ActiveCfg = MinSizeRel|x64
		{15AF24EF-F26F-31E9-ADCC-44668C683DDF}.MinSizeRel|x64.Build.0 = MinSizeRel|x64
		{15AF24EF-F26F-31E9-ADCC-44668C683DDF}.RelWithDebInfo|x64.ActiveCfg = RelWithDebInfo|x64
		{15AF24EF-F26F-31E9-ADCC-44668C683DDF}.RelWithDebInfo|x64.Build.0 = RelWithDebInfo|x64
		{B823D2F4-13ED-34B3-B7AF-6ADDE5BF8242}.Debug|x64.ActiveCfg = Debug|x64
		{B823D2F4-13ED-34B3-B7AF-6ADDE5BF8242}.Debug|x64.Build.0 = Debug|x64
		{B823D2F4-13ED-34B3-B7AF-6ADDE5BF8242}.Release|x64.ActiveCfg = Release|x64
		{B823D2F4-13ED-34B3-B7AF-6ADDE5BF8242}.Release|x64.Build.0 = Release|x64
		{B823D2F4-13ED-34B3-B7AF-6ADDE5BF8242}.MinSizeRel|x64.ActiveCfg = MinSizeRel|x64
		{B823D2F4-13ED-34B3-B7AF-6ADDE5BF8242}.MinSizeRel|x64.Build.0 = MinSizeRel|x64
		{B823D2F4-13ED-34B3-B7AF-6ADDE5BF8242}.RelWithDebInfo|x64.ActiveCfg = RelWithDebInfo|x64
		{B823D2F4-13ED-34B3-B7AF-6ADDE5BF8242}.RelWithDebInfo|x64.Build.0 = RelWithDebInfo|x64
		{B6EF09C8-A3D2-3A06-AF91-E276450D6720}.Debug|x64.ActiveCfg = Debug|x64
		{B6EF09C8-A3D2-3A06-AF91-E276450D6720}.Debug|x64.Build.0 = Debug|x64
		{B6EF09C8-A3D2-3A06-AF91-E276450D6720}.Release|x64.ActiveCfg = Release|x64
		{B6EF09C8-A3D2-3A06-AF91-E276450D6720}.Release|x64.Build.0 = Release|x64
		{B6EF09C8-A3D2-3A06-AF91-E276450D6720}.MinSizeRel|x64.ActiveCfg = MinSizeRel|x64
		{B6EF09C8-A3D2-3A06-AF91-E276450D6720}.MinSizeRel|x64.Build.0 = MinSizeRel|x64
		{B6EF09C8-A3D2-3A06-AF91-E276450D6720}.RelWithDebInfo|x64.ActiveCfg = RelWithDebInfo|x64
		{B6EF09C8-A3D2-3A06-AF91-E276450D6720}.RelWithDebInfo|x64.Build.0 = RelWithDebInfo|x64
		{BC2DA11C-752D-371A-89E5-16BA0CA388F7}.Debug|x64.ActiveCfg = Debug|x64
		{BC2DA11C-752D-371A-89E5-16BA0CA388F7}.Release|x64.ActiveCfg = Release|x64
		{BC2DA11C-752D-371A-89E5-16BA0CA388F7}.MinSizeRel|x64.ActiveCfg = MinSizeRel|x64
		{BC2DA11C-752D-371A-89E5-16BA0CA388F7}.RelWithDebInfo|x64.ActiveCfg = RelWithDebInfo|x64
		{530D29D4-0EB5-35BA-B680-79E99EB8831A}.Debug|x64.ActiveCfg = Debug|x64
		{530D29D4-0EB5-35BA-B680-79E99EB8831A}.Debug|x64.Build.0 = Debug|x64
		{530D29D4-0EB5-35BA-B680-79E99EB8831A}.Release|x64.ActiveCfg = Release|x64
		{530D29D4-0EB5-35BA-B680-79E99EB8831A}.Release|x64.Build.0 = Release|x64
		{530D29D4-0EB5-35BA-B680-79E99EB8831A}.MinSizeRel|x64.ActiveCfg = MinSizeRel|x64
		{530D29D4-0EB5-35BA-B680-79E99EB8831A}.MinSizeRel|x64.Build.0 = MinSizeRel|x64
		{530D29D4-0EB5-35BA-B680-79E99EB8831A}.RelWithDebInfo|x64.ActiveCfg = RelWithDebInfo|x64
		{530D29D4-0EB5-35BA-B680-79E99EB8831A}.RelWithDebInfo|x64.Build.0 = RelWithDebInfo|x64
		{5F55A888-8D2D-3A42-9959-BEF66DA5E615}.Debug|x64.ActiveCfg = Debug|x64
		{5F55A888-8D2D-3A42-9959-BEF66DA5E615}.Debug|x64.Build.0 = Debug|x64
		{5F55A888-8D2D-3A42-9959-BEF66DA5E615}.Release|x64.ActiveCfg = Release|x64
		{5F55A888-8D2D-3A42-9959-BEF66DA5E615}.Release|x64.Build.0 = Release|x64
		{5F55A888-8D2D-3A42-9959-BEF66DA5E615}.MinSizeRel|x64.ActiveCfg = MinSizeRel|x64
		{5F55A888-8D2D-3A42-9959-BEF66DA5E615}.MinSizeRel|x64.Build.0 = MinSizeRel|x64
		{5F55A888-8D2D-3A42-9959-BEF66DA5E615}.RelWithDebInfo|x64.ActiveCfg = RelWithDebInfo|x64
		{5F55A888-8D2D-3A42-9959-BEF66DA5E615}.RelWithDebInfo|x64.Build.0 = RelWithDebInfo|x64
		{11959CDE-A378-3CF8-AD7B-063BCFBB4606}.Debug|x64.ActiveCfg = Debug|x64
		{11959CDE-A378-3CF8-AD7B-063BCFBB4606}.Debug|x64.Build.0 = Debug|x64
		{11959CDE-A378-3CF8-AD7B-063BCFBB4606}.Release|x64.ActiveCfg = Release|x64
		{11959CDE-A378-3CF8-AD7B-063BCFBB4606}.Release|x64.Build.0 = Release|x64
		{11959CDE-A378-3CF8-AD7B-063BCFBB4606}.MinSizeRel|x64.ActiveCfg = MinSizeRel|x64
		{11959CDE-A378-3CF8-AD7B-063BCFBB4606}.MinSizeRel|x64.Build.0 = MinSizeRel|x64
		{11959CDE-A378-3CF8-AD7B-063BCFBB4606}.RelWithDebInfo|x64.ActiveCfg = RelWithDebInfo|x64
		{11959CDE-A378-3CF8-AD7B-063BCFBB4606}.RelWithDebInfo|x64.Build.0 = RelWithDebInfo|x64
		{B2C0C467-5E7F-321E-ABA6-FFB2214FE12D}.Debug|x64.ActiveCfg = Debug|x64
		{B2C0C467-5E7F-321E-ABA6-FFB2214FE12D}.Debug|x64.Build.0 = Debug|x64
		{B2C0C467-5E7F-321E-ABA6-FFB2214FE12D}.Release|x64.ActiveCfg = Release|x64
		{B2C0C467-5E7F-321E-ABA6-FFB2214FE12D}.Release|x64.Build.0 = Release|x64
		{B2C0C467-5E7F-321E-ABA6-FFB2214FE12D}.MinSizeRel|x64.ActiveCfg = MinSizeRel|x64
		{B2C0C467-5E7F-321E-ABA6-FFB2214FE12D}.MinSizeRel|x64.Build.0 = MinSizeRel|x64
		{B2C0C467-5E7F-321E-ABA6-FFB2214FE12D}.RelWithDebInfo|x64.ActiveCfg = RelWithDebInfo|x64
		{B2C0C467-5E7F-321E-ABA6-FFB2214FE12D}.RelWithDebInfo|x64.Build.0 = RelWithDebInfo|x64
		{C7F728C4-5092-345E-A0E7-FD6B45D3E954}.Debug|x64.ActiveCfg = Debug|x64
		{C7F728C4-5092-345E-A0E7-FD6B45D3E954}.Debug|x64.Build.0 = Debug|x64
		{C7F728C4-5092-345E-A0E7-FD6B45D3E954}.Release|x64.ActiveCfg = Release|x64
		{C7F728C4-5092-345E-A0E7-FD6B45D3E954}.Release|x64.Build.0 = Release|x64
		{C7F728C4-5092-345E-A0E7-FD6B45D3E954}.MinSizeRel|x64.ActiveCfg = MinSizeRel|x64
		{C7F728C4-5092-345E-A0E7-FD6B45D3E954}.MinSizeRel|x64.Build.0 = MinSizeRel|x64
		{C7F728C4-5092-345E-A0E7-FD6B45D3E954}.RelWithDebInfo|x64.ActiveCfg = RelWithDebInfo|x64
		{C7F728C4-5092-345E-A0E7-FD6B45D3E954}.RelWithDebInfo|x64.Build.0 = RelWithDebInfo|x64
		{6046D466-B2EE-38D6-B288-2DF122417654}.Debug|x64.ActiveCfg = Debug|x64
		{6046D466-B2EE-38D6-B288-2DF122417654}.Debug|x64.Build.0 = Debug|x64
		{6046D466-B2EE-38D6-B288-2DF122417654}.Release|x64.ActiveCfg = Release|x64
		{6046D466-B2EE-38D6-B288-2DF122417654}.Release|x64.Build.0 = Release|x64
		{6046D466-B2EE-38D6-B288-2DF122417654}.MinSizeRel|x64.ActiveCfg = MinSizeRel|x64
		{6046D466-B2EE-38D6-B288-2DF122417654}.MinSizeRel|x64.Build.0 = MinSizeRel|x64
		{6046D466-B2EE-38D6-B288-2DF122417654}.RelWithDebInfo|x64.ActiveCfg = RelWithDebInfo|x64
		{6046D466-B2EE-38D6-B288-2DF122417654}.RelWithDebInfo|x64.Build.0 = RelWithDebInfo|x64
		{6E6E0979-5A4A-3092-A57D-4533F949AB74}.Debug|x64.ActiveCfg = Debug|x64
		{6E6E0979-5A4A-3092-A57D-4533F949AB74}.Debug|x64.Build.0 = Debug|x64
		{6E6E0979-5A4A-3092-A57D-4533F949AB74}.Release|x64.ActiveCfg = Release|x64
		{6E6E0979-5A4A-3092-A57D-4533F949AB74}.Release|x64.Build.0 = Release|x64
		{6E6E0979-5A4A-3092-A57D-4533F949AB74}.MinSizeRel|x64.ActiveCfg = MinSizeRel|x64
		{6E6E0979-5A4A-3092-A57D-4533F949AB74}.MinSizeRel|x64.Build.0 = MinSizeRel|x64
		{6E6E0979-5A4A-3092-A57D-4533F949AB74}.RelWithDebInfo|x64.ActiveCfg = RelWithDebInfo|x64
		{6E6E0979-5A4A-3092-A57D-4533F949AB74}.RelWithDebInfo|x64.Build.0 = RelWithDebInfo|x64
		{A1988C78-5083-3373-A65B-78405C6BBF52}.Debug|x64.ActiveCfg = Debug|x64
		{A1988C78-5083-3373-A65B-78405C6BBF52}.Release|x64.ActiveCfg = Release|x64
		{A1988C78-5083-3373-A65B-78405C6BBF52}.MinSizeRel|x64.ActiveCfg = MinSizeRel|x64
		{A1988C78-5083-3373-A65B-78405C6BBF52}.RelWithDebInfo|x64.ActiveCfg = RelWithDebInfo|x64
		{2DFBDF71-86A8-32C9-8B88-CD8B651AECEA}.Debug|x64.ActiveCfg = Debug|x64
		{2DFBDF71-86A8-32C9-8B88-CD8B651AECEA}.Debug|x64.Build.0 = Debug|x64
		{2DFBDF71-86A8-32C9-8B88-CD8B651AECEA}.Release|x64.ActiveCfg = Release|x64
		{2DFBDF71-86A8-32C9-8B88-CD8B651AECEA}.Release|x64.Build.0 = Release|x64
		{2DFBDF71-86A8-32C9-8B88-CD8B651AECEA}.MinSizeRel|x64.ActiveCfg = MinSizeRel|x64
		{2DFBDF71-86A8-32C9-8B88-CD8B651AECEA}.MinSizeRel|x64.Build.0 = MinSizeRel|x64
		{2DFBDF71-86A8-32C9-8B88-CD8B651AECEA}.RelWithDebInfo|x64.ActiveCfg = RelWithDebInfo|x64
		{2DFBDF71-86A8-32C9-8B88-CD8B651AECEA}.RelWithDebInfo|x64.Build.0 = RelWithDebInfo|x64
		{E82EEFCA-A888-3326-9361-42A069B9C4DF}.Debug|x64.ActiveCfg = Debug|x64
		{E82EEFCA-A888-3326-9361-42A069B9C4DF}.Debug|x64.Build.0 = Debug|x64
		{E82EEFCA-A888-3326-9361-42A069B9C4DF}.Release|x64.ActiveCfg = Release|x64
		{E82EEFCA-A888-3326-9361-42A069B9C4DF}.Release|x64.Build.0 = Release|x64
		{E82EEFCA-A888-3326-9361-42A069B9C4DF}.MinSizeRel|x64.ActiveCfg = MinSizeRel|x64
		{E82EEFCA-A888-3326-9361-42A069B9C4DF}.MinSizeRel|x64.Build.0 = MinSizeRel|x64
		{E82EEFCA-A888-3326-9361-42A069B9C4DF}.RelWithDebInfo|x64.ActiveCfg = RelWithDebInfo|x64
		{E82EEFCA-A888-3326-9361-42A069B9C4DF}.RelWithDebInfo|x64.Build.0 = RelWithDebInfo|x64
		{633CF7B6-59C8-3C6D-8932-2D48B0CC6364}.Debug|x64.ActiveCfg = Debug|x64
		{633CF7B6-59C8-3C6D-8932-2D48B0CC6364}.Debug|x64.Build.0 = Debug|x64
		{633CF7B6-59C8-3C6D-8932-2D48B0CC6364}.Release|x64.ActiveCfg = Release|x64
		{633CF7B6-59C8-3C6D-8932-2D48B0CC6364}.Release|x64.Build.0 = Release|x64
		{633CF7B6-59C8-3C6D-8932-2D48B0CC6364}.MinSizeRel|x64.ActiveCfg = MinSizeRel|x64
		{633CF7B6-59C8-3C6D-8932-2D48B0CC6364}.MinSizeRel|x64.Build.0 = MinSizeRel|x64
		{633CF7B6-59C8-3C6D-8932-2D48B0CC6364}.RelWithDebInfo|x64.ActiveCfg = RelWithDebInfo|x64
		{633CF7B6-59C8-3C6D-8932-2D48B0CC6364}.RelWithDebInfo|x64.Build.0 = RelWithDebInfo|x64
	EndGlobalSection
	GlobalSection(NestedProjects) = preSolution
		{56EFE21C-E26E-359F-BE2D-E9AC7BC03D57} = {AB3E8E0C-DF05-3521-A5D6-94604DF3CB89}
		{A47951A3-4EF2-356F-91D7-35376F707ACF} = {AB3E8E0C-DF05-3521-A5D6-94604DF3CB89}
		{81535EF7-3368-3AE1-9D54-7984DB2BA273} = {AB3E8E0C-DF05-3521-A5D6-94604DF3CB89}
		{EDDC9388-6FB5-395B-A902-032048A32965} = {CC14BBC0-FB42-350E-9ADC-121161C39B84}
		{DB713FBC-B2DC-35C6-AC7B-244B33B3726A} = {CC14BBC0-FB42-350E-9ADC-121161C39B84}
		{6DE0A0EE-51F9-3CD6-9913-A3D5A1592EAA} = {CC14BBC0-FB42-350E-9ADC-121161C39B84}
		{ECFE848B-62E0-3794-B030-5419EB1589BD} = {EDDC9388-6FB5-395B-A902-032048A32965}
		{EE425285-4BEF-3302-AA29-E1778C3FBC2A} = {EDDC9388-6FB5-395B-A902-032048A32965}
		{898BED3F-773D-3730-B870-3780FEC2C295} = {EDDC9388-6FB5-395B-A902-032048A32965}
		{B6EF09C8-A3D2-3A06-AF91-E276450D6720} = {EDDC9388-6FB5-395B-A902-032048A32965}
		{11959CDE-A378-3CF8-AD7B-063BCFBB4606} = {EDDC9388-6FB5-395B-A902-032048A32965}
		{B2C0C467-5E7F-321E-ABA6-FFB2214FE12D} = {EDDC9388-6FB5-395B-A902-032048A32965}
		{E82EEFCA-A888-3326-9361-42A069B9C4DF} = {EDDC9388-6FB5-395B-A902-032048A32965}
		{E5CD3609-8828-3E20-9311-2EAF6119FE66} = {DB713FBC-B2DC-35C6-AC7B-244B33B3726A}
		{9AEC2DB4-67C7-3F61-ACFC-9E154B2C201F} = {DB713FBC-B2DC-35C6-AC7B-244B33B3726A}
		{A3338D0A-F417-3E12-9F59-9C5013A58B9E} = {DB713FBC-B2DC-35C6-AC7B-244B33B3726A}
		{D1DBACB0-2D57-3306-8728-8AB1572E65FE} = {DB713FBC-B2DC-35C6-AC7B-244B33B3726A}
		{8B6934DA-F1FB-3731-B8CB-FEE71A17CB21} = {DB713FBC-B2DC-35C6-AC7B-244B33B3726A}
		{AD620ABE-ADAF-3974-9741-99915D5AC169} = {DB713FBC-B2DC-35C6-AC7B-244B33B3726A}
		{154E4E90-C053-3094-A0AC-887716E109C2} = {DB713FBC-B2DC-35C6-AC7B-244B33B3726A}
		{47695C1C-5A02-314B-966E-B0ACFE6E2820} = {DB713FBC-B2DC-35C6-AC7B-244B33B3726A}
		{15AF24EF-F26F-31E9-ADCC-44668C683DDF} = {DB713FBC-B2DC-35C6-AC7B-244B33B3726A}
		{B823D2F4-13ED-34B3-B7AF-6ADDE5BF8242} = {DB713FBC-B2DC-35C6-AC7B-244B33B3726A}
		{530D29D4-0EB5-35BA-B680-79E99EB8831A} = {DB713FBC-B2DC-35C6-AC7B-244B33B3726A}
		{5F55A888-8D2D-3A42-9959-BEF66DA5E615} = {DB713FBC-B2DC-35C6-AC7B-244B33B3726A}
		{C7F728C4-5092-345E-A0E7-FD6B45D3E954} = {DB713FBC-B2DC-35C6-AC7B-244B33B3726A}
		{6046D466-B2EE-38D6-B288-2DF122417654} = {DB713FBC-B2DC-35C6-AC7B-244B33B3726A}
		{6E6E0979-5A4A-3092-A57D-4533F949AB74} = {DB713FBC-B2DC-35C6-AC7B-244B33B3726A}
		{633CF7B6-59C8-3C6D-8932-2D48B0CC6364} = {DB713FBC-B2DC-35C6-AC7B-244B33B3726A}
	EndGlobalSection
	GlobalSection(ExtensibilityGlobals) = postSolution
		SolutionGuid = {814ABA28-F3AD-365D-BF4A-4F34517E0B9E}
	EndGlobalSection
	GlobalSection(ExtensibilityAddIns) = postSolution
	EndGlobalSection
EndGlobal
