Microsoft Visual Studio Solution File, Format Version 12.00
# Visual Studio 14
Project("{2150E333-8FDC-42A3-9474-1A3956D46DE8}") = "CMakePredefinedTargets", "CMakePredefinedTargets", "{CC3ACC4A-C5BB-3C08-968B-637BEF3F166C}"
EndProject
Project("{2150E333-8FDC-42A3-9474-1A3956D46DE8}") = "GLFW3", "GLFW3", "{BD3EC45F-320D-3459-B686-CDA99F4C4E7D}"
EndProject
Project("{2150E333-8FDC-42A3-9474-1A3956D46DE8}") = "Examples", "GLFW3\Examples", "{F321DD26-BA27-3F69-8F6F-6559CF3FFA89}"
EndProject
Project("{2150E333-8FDC-42A3-9474-1A3956D46DE8}") = "Tests", "GLFW3\Tests", "{6E1BB827-8D65-3BA7-8240-E0F121988E56}"
EndProject
Project("{8BC9CEB8-8B4A-11D0-8D11-00A0C91BC942}") = "ALL_BUILD", "ALL_BUILD.vcxproj", "{61BA171C-BFAD-3E96-B317-155EE0BBEE53}"
	ProjectSection(ProjectDependencies) = postProject
		{4A5F9684-31AB-3DB6-ADAB-4BDAE57D3C67} = {4A5F9684-31AB-3DB6-ADAB-4BDAE57D3C67}
		{B1BB0316-904C-31B5-9BC1-402CE991C963} = {B1BB0316-904C-31B5-9BC1-402CE991C963}
		{3FC4E5C2-C3C1-3555-9235-DF4CF10EB069} = {3FC4E5C2-C3C1-3555-9235-DF4CF10EB069}
		{0CF64399-001C-32F0-9840-5E8D7390451B} = {0CF64399-001C-32F0-9840-5E8D7390451B}
		{0A0A9497-D848-3AFE-82AF-84134E785507} = {0A0A9497-D848-3AFE-82AF-84134E785507}
		{F4BAB96F-DBE0-370D-B345-7F8A4E20FAE5} = {F4BAB96F-DBE0-370D-B345-7F8A4E20FAE5}
		{439467AA-AF3F-3CDF-B151-2938FFBD233E} = {439467AA-AF3F-3CDF-B151-2938FFBD233E}
		{CAA2AD1B-53E1-3E86-AD1D-111A8FDBA84F} = {CAA2AD1B-53E1-3E86-AD1D-111A8FDBA84F}
		{63C0D626-0748-3D5C-A617-E5041F7D45E1} = {63C0D626-0748-3D5C-A617-E5041F7D45E1}
		{7D1CF01C-57D9-37EE-A53F-8CF289EFC532} = {7D1CF01C-57D9-37EE-A53F-8CF289EFC532}
		{B1EE6008-8542-3E7F-9CEA-A03856F76438} = {B1EE6008-8542-3E7F-9CEA-A03856F76438}
		{EE6D5833-E2B9-36ED-BD52-8EB69C993F19} = {EE6D5833-E2B9-36ED-BD52-8EB69C993F19}
		{F0F1B274-A4F6-3A40-AADD-35788712E0C3} = {F0F1B274-A4F6-3A40-AADD-35788712E0C3}
		{DC061DAB-5D41-34E9-A2BC-0FF724519E05} = {DC061DAB-5D41-34E9-A2BC-0FF724519E05}
		{07DDDA3C-4A56-3435-8A9B-19975C4996F0} = {07DDDA3C-4A56-3435-8A9B-19975C4996F0}
		{A578DF9C-B207-3A1A-8E78-0E449339F7D2} = {A578DF9C-B207-3A1A-8E78-0E449339F7D2}
		{20CEDD09-EEC2-3F5F-893D-76526FF0940C} = {20CEDD09-EEC2-3F5F-893D-76526FF0940C}
		{AA0BB38C-13D2-32D2-A894-BC03B3F66D5E} = {AA0BB38C-13D2-32D2-A894-BC03B3F66D5E}
		{E42CE8D4-31C8-3129-B5BE-21F1332917EF} = {E42CE8D4-31C8-3129-B5BE-21F1332917EF}
		{03E9C68B-B4F4-39A8-914F-BF084318BCE2} = {03E9C68B-B4F4-39A8-914F-BF084318BCE2}
		{A6F86FD9-7C16-3235-AE27-5CF854A44113} = {A6F86FD9-7C16-3235-AE27-5CF854A44113}
		{43D21D39-2CB6-3D74-AD04-48E588ADA0D5} = {43D21D39-2CB6-3D74-AD04-48E588ADA0D5}
		{328C7117-7F08-3175-B08C-5337B8679BA0} = {328C7117-7F08-3175-B08C-5337B8679BA0}
		{8EDDC76C-35E1-3622-B263-D1343A33EA19} = {8EDDC76C-35E1-3622-B263-D1343A33EA19}
		{0583AC4A-08A6-35C7-8F5D-6E65D0362B55} = {0583AC4A-08A6-35C7-8F5D-6E65D0362B55}
		{AF619BDB-CB12-3833-9B9C-FED5A2C5249A} = {AF619BDB-CB12-3833-9B9C-FED5A2C5249A}
		{6D3C4556-BF07-33B0-8365-DC658062C21A} = {6D3C4556-BF07-33B0-8365-DC658062C21A}
		{363AE9C1-6647-3CFA-9E67-D39D5701B709} = {363AE9C1-6647-3CFA-9E67-D39D5701B709}
		{9A6B3F55-9CB8-336A-A00B-BB76E234FD2A} = {9A6B3F55-9CB8-336A-A00B-BB76E234FD2A}
		{EF9DDC49-D66D-3C27-91BE-EDA2CBB59C7E} = {EF9DDC49-D66D-3C27-91BE-EDA2CBB59C7E}
		{9112CC56-D234-3777-A1D9-DE3526A71A97} = {9112CC56-D234-3777-A1D9-DE3526A71A97}
		{751E44C1-0C28-3E52-8290-044C54FEF5F2} = {751E44C1-0C28-3E52-8290-044C54FEF5F2}
		{2145D955-930C-3957-A29A-EE1358558829} = {2145D955-930C-3957-A29A-EE1358558829}
		{20344212-A9AD-30EC-8A8D-D4270923CAFF} = {20344212-A9AD-30EC-8A8D-D4270923CAFF}
		{D4767B80-B21D-3A00-90B0-5B02BFB049C3} = {D4767B80-B21D-3A00-90B0-5B02BFB049C3}
		{2AA246C5-2059-3F16-B40D-42DDAB36D08B} = {2AA246C5-2059-3F16-B40D-42DDAB36D08B}
		{04C08546-09E8-309E-AA9A-1C1B02572BA5} = {04C08546-09E8-309E-AA9A-1C1B02572BA5}
		{ED0B4DB8-B766-36ED-9319-A9B75941C63C} = {ED0B4DB8-B766-36ED-9319-A9B75941C63C}
		{3D4E1CC9-D775-39E0-AE55-B1751C581521} = {3D4E1CC9-D775-39E0-AE55-B1751C581521}
		{5223E0D3-4F18-3DB8-967C-077A62E4AD92} = {5223E0D3-4F18-3DB8-967C-077A62E4AD92}
		{483C337D-ED48-34EE-992D-DF12F7F52807} = {483C337D-ED48-34EE-992D-DF12F7F52807}
		{D286C535-91BC-3531-93E3-8334851B2A5E} = {D286C535-91BC-3531-93E3-8334851B2A5E}
		{AA6FA871-20E3-3085-B59C-25622A2FFEDB} = {AA6FA871-20E3-3085-B59C-25622A2FFEDB}
		{EB4C2ED1-6706-353D-9233-61CAAF97B9C5} = {EB4C2ED1-6706-353D-9233-61CAAF97B9C5}
		{8A41DC97-842D-3686-9675-26FE647EEA78} = {8A41DC97-842D-3686-9675-26FE647EEA78}
		{892AAF21-B249-3996-9264-EDD4AC5A7889} = {892AAF21-B249-3996-9264-EDD4AC5A7889}
		{29D48651-3B79-3B21-80AE-49094E30821B} = {29D48651-3B79-3B21-80AE-49094E30821B}
		{3C145839-06B2-3474-AF8B-B1128EB3D3F5} = {3C145839-06B2-3474-AF8B-B1128EB3D3F5}
		{817B082E-4227-39AD-9115-61CD177CF5F6} = {817B082E-4227-39AD-9115-61CD177CF5F6}
		{C3DB0F26-EA9A-3F9D-8606-671B68435003} = {C3DB0F26-EA9A-3F9D-8606-671B68435003}
		{499AAC71-7AB8-3840-8A16-25C98E284A09} = {499AAC71-7AB8-3840-8A16-25C98E284A09}
		{66DFE521-9D48-338D-9D02-ED4386F090AE} = {66DFE521-9D48-338D-9D02-ED4386F090AE}
		{2988CC88-580B-3975-8AFD-A88B9BEB628F} = {2988CC88-580B-3975-8AFD-A88B9BEB628F}
		{969617EF-E82F-3CAB-9865-78BDEACC878D} = {969617EF-E82F-3CAB-9865-78BDEACC878D}
		{D4501326-4AFB-34CC-A5F5-D816F01207FB} = {D4501326-4AFB-34CC-A5F5-D816F01207FB}
		{590D6E6A-FC2C-3FDA-8177-13B92CC2C11D} = {590D6E6A-FC2C-3FDA-8177-13B92CC2C11D}
		{19704C34-6E1B-333B-9CC4-AE65E56DC66A} = {19704C34-6E1B-333B-9CC4-AE65E56DC66A}
		{7BDABD29-923E-36DC-BC94-D16B3A610B71} = {7BDABD29-923E-36DC-BC94-D16B3A610B71}
	EndProjectSection
EndProject
Project("{8BC9CEB8-8B4A-11D0-8D11-00A0C91BC942}") = "01-keypress", "01-keypress.vcxproj", "{4A5F9684-31AB-3DB6-ADAB-4BDAE57D3C67}"
	ProjectSection(ProjectDependencies) = postProject
		{2145D955-930C-3957-A29A-EE1358558829} = {2145D955-930C-3957-A29A-EE1358558829}
		{590D6E6A-FC2C-3FDA-8177-13B92CC2C11D} = {590D6E6A-FC2C-3FDA-8177-13B92CC2C11D}
	EndProjectSection
EndProject
Project("{8BC9CEB8-8B4A-11D0-8D11-00A0C91BC942}") = "01-triangles", "01-triangles.vcxproj", "{B1BB0316-904C-31B5-9BC1-402CE991C963}"
	ProjectSection(ProjectDependencies) = postProject
		{2145D955-930C-3957-A29A-EE1358558829} = {2145D955-930C-3957-A29A-EE1358558829}
		{590D6E6A-FC2C-3FDA-8177-13B92CC2C11D} = {590D6E6A-FC2C-3FDA-8177-13B92CC2C11D}
	EndProjectSection
EndProject
Project("{8BC9CEB8-8B4A-11D0-8D11-00A0C91BC942}") = "03-drawcommands", "03-drawcommands.vcxproj", "{3FC4E5C2-C3C1-3555-9235-DF4CF10EB069}"
	ProjectSection(ProjectDependencies) = postProject
		{2145D955-930C-3957-A29A-EE1358558829} = {2145D955-930C-3957-A29A-EE1358558829}
		{590D6E6A-FC2C-3FDA-8177-13B92CC2C11D} = {590D6E6A-FC2C-3FDA-8177-13B92CC2C11D}
	EndProjectSection
EndProject
Project("{8BC9CEB8-8B4A-11D0-8D11-00A0C91BC942}") = "03-instancing", "03-instancing.vcxproj", "{0CF64399-001C-32F0-9840-5E8D7390451B}"
	ProjectSection(ProjectDependencies) = postProject
		{2145D955-930C-3957-A29A-EE1358558829} = {2145D955-930C-3957-A29A-EE1358558829}
		{590D6E6A-FC2C-3FDA-8177-13B92CC2C11D} = {590D6E6A-FC2C-3FDA-8177-13B92CC2C11D}
	EndProjectSection
EndProject
Project("{8BC9CEB8-8B4A-11D0-8D11-00A0C91BC942}") = "03-instancing2", "03-instancing2.vcxproj", "{0A0A9497-D848-3AFE-82AF-84134E785507}"
	ProjectSection(ProjectDependencies) = postProject
		{2145D955-930C-3957-A29A-EE1358558829} = {2145D955-930C-3957-A29A-EE1358558829}
		{590D6E6A-FC2C-3FDA-8177-13B92CC2C11D} = {590D6E6A-FC2C-3FDA-8177-13B92CC2C11D}
	EndProjectSection
EndProject
Project("{8BC9CEB8-8B4A-11D0-8D11-00A0C91BC942}") = "03-instancing3", "03-instancing3.vcxproj", "{F4BAB96F-DBE0-370D-B345-7F8A4E20FAE5}"
	ProjectSection(ProjectDependencies) = postProject
		{2145D955-930C-3957-A29A-EE1358558829} = {2145D955-930C-3957-A29A-EE1358558829}
		{590D6E6A-FC2C-3FDA-8177-13B92CC2C11D} = {590D6E6A-FC2C-3FDA-8177-13B92CC2C11D}
	EndProjectSection
EndProject
Project("{8BC9CEB8-8B4A-11D0-8D11-00A0C91BC942}") = "03-pointsprites", "03-pointsprites.vcxproj", "{439467AA-AF3F-3CDF-B151-2938FFBD233E}"
	ProjectSection(ProjectDependencies) = postProject
		{2145D955-930C-3957-A29A-EE1358558829} = {2145D955-930C-3957-A29A-EE1358558829}
		{590D6E6A-FC2C-3FDA-8177-13B92CC2C11D} = {590D6E6A-FC2C-3FDA-8177-13B92CC2C11D}
	EndProjectSection
EndProject
Project("{8BC9CEB8-8B4A-11D0-8D11-00A0C91BC942}") = "03-primitiverestart", "03-primitiverestart.vcxproj", "{CAA2AD1B-53E1-3E86-AD1D-111A8FDBA84F}"
	ProjectSection(ProjectDependencies) = postProject
		{2145D955-930C-3957-A29A-EE1358558829} = {2145D955-930C-3957-A29A-EE1358558829}
		{590D6E6A-FC2C-3FDA-8177-13B92CC2C11D} = {590D6E6A-FC2C-3FDA-8177-13B92CC2C11D}
	EndProjectSection
EndProject
Project("{8BC9CEB8-8B4A-11D0-8D11-00A0C91BC942}") = "03-xfb", "03-xfb.vcxproj", "{63C0D626-0748-3D5C-A617-E5041F7D45E1}"
	ProjectSection(ProjectDependencies) = postProject
		{2145D955-930C-3957-A29A-EE1358558829} = {2145D955-930C-3957-A29A-EE1358558829}
		{590D6E6A-FC2C-3FDA-8177-13B92CC2C11D} = {590D6E6A-FC2C-3FDA-8177-13B92CC2C11D}
	EndProjectSection
EndProject
Project("{8BC9CEB8-8B4A-11D0-8D11-00A0C91BC942}") = "04-gouraud", "04-gouraud.vcxproj", "{7D1CF01C-57D9-37EE-A53F-8CF289EFC532}"
	ProjectSection(ProjectDependencies) = postProject
		{2145D955-930C-3957-A29A-EE1358558829} = {2145D955-930C-3957-A29A-EE1358558829}
		{590D6E6A-FC2C-3FDA-8177-13B92CC2C11D} = {590D6E6A-FC2C-3FDA-8177-13B92CC2C11D}
	EndProjectSection
EndProject
Project("{8BC9CEB8-8B4A-11D0-8D11-00A0C91BC942}") = "04-gouraud-float", "04-gouraud-float.vcxproj", "{B1EE6008-8542-3E7F-9CEA-A03856F76438}"
	ProjectSection(ProjectDependencies) = postProject
		{2145D955-930C-3957-A29A-EE1358558829} = {2145D955-930C-3957-A29A-EE1358558829}
		{590D6E6A-FC2C-3FDA-8177-13B92CC2C11D} = {590D6E6A-FC2C-3FDA-8177-13B92CC2C11D}
	EndProjectSection
EndProject
Project("{8BC9CEB8-8B4A-11D0-8D11-00A0C91BC942}") = "04-shadowmap", "04-shadowmap.vcxproj", "{EE6D5833-E2B9-36ED-BD52-8EB69C993F19}"
	ProjectSection(ProjectDependencies) = postProject
		{2145D955-930C-3957-A29A-EE1358558829} = {2145D955-930C-3957-A29A-EE1358558829}
		{590D6E6A-FC2C-3FDA-8177-13B92CC2C11D} = {590D6E6A-FC2C-3FDA-8177-13B92CC2C11D}
	EndProjectSection
EndProject
Project("{8BC9CEB8-8B4A-11D0-8D11-00A0C91BC942}") = "06-cubemap", "06-cubemap.vcxproj", "{F0F1B274-A4F6-3A40-AADD-35788712E0C3}"
	ProjectSection(ProjectDependencies) = postProject
		{2145D955-930C-3957-A29A-EE1358558829} = {2145D955-930C-3957-A29A-EE1358558829}
		{590D6E6A-FC2C-3FDA-8177-13B92CC2C11D} = {590D6E6A-FC2C-3FDA-8177-13B92CC2C11D}
	EndProjectSection
EndProject
Project("{8BC9CEB8-8B4A-11D0-8D11-00A0C91BC942}") = "06-load-texture", "06-load-texture.vcxproj", "{DC061DAB-5D41-34E9-A2BC-0FF724519E05}"
	ProjectSection(ProjectDependencies) = postProject
		{2145D955-930C-3957-A29A-EE1358558829} = {2145D955-930C-3957-A29A-EE1358558829}
		{590D6E6A-FC2C-3FDA-8177-13B92CC2C11D} = {590D6E6A-FC2C-3FDA-8177-13B92CC2C11D}
	EndProjectSection
EndProject
Project("{8BC9CEB8-8B4A-11D0-8D11-00A0C91BC942}") = "06-mipfilters", "06-mipfilters.vcxproj", "{07DDDA3C-4A56-3435-8A9B-19975C4996F0}"
	ProjectSection(ProjectDependencies) = postProject
		{2145D955-930C-3957-A29A-EE1358558829} = {2145D955-930C-3957-A29A-EE1358558829}
		{590D6E6A-FC2C-3FDA-8177-13B92CC2C11D} = {590D6E6A-FC2C-3FDA-8177-13B92CC2C11D}
	EndProjectSection
EndProject
Project("{8BC9CEB8-8B4A-11D0-8D11-00A0C91BC942}") = "06-multitexture", "06-multitexture.vcxproj", "{A578DF9C-B207-3A1A-8E78-0E449339F7D2}"
	ProjectSection(ProjectDependencies) = postProject
		{2145D955-930C-3957-A29A-EE1358558829} = {2145D955-930C-3957-A29A-EE1358558829}
		{590D6E6A-FC2C-3FDA-8177-13B92CC2C11D} = {590D6E6A-FC2C-3FDA-8177-13B92CC2C11D}
	EndProjectSection
EndProject
Project("{8BC9CEB8-8B4A-11D0-8D11-00A0C91BC942}") = "06-statictexture", "06-statictexture.vcxproj", "{20CEDD09-EEC2-3F5F-893D-76526FF0940C}"
	ProjectSection(ProjectDependencies) = postProject
		{2145D955-930C-3957-A29A-EE1358558829} = {2145D955-930C-3957-A29A-EE1358558829}
		{590D6E6A-FC2C-3FDA-8177-13B92CC2C11D} = {590D6E6A-FC2C-3FDA-8177-13B92CC2C11D}
	EndProjectSection
EndProject
Project("{8BC9CEB8-8B4A-11D0-8D11-00A0C91BC942}") = "06-texturewrapping", "06-texturewrapping.vcxproj", "{AA0BB38C-13D2-32D2-A894-BC03B3F66D5E}"
	ProjectSection(ProjectDependencies) = postProject
		{2145D955-930C-3957-A29A-EE1358558829} = {2145D955-930C-3957-A29A-EE1358558829}
		{590D6E6A-FC2C-3FDA-8177-13B92CC2C11D} = {590D6E6A-FC2C-3FDA-8177-13B92CC2C11D}
	EndProjectSection
EndProject
Project("{8BC9CEB8-8B4A-11D0-8D11-00A0C91BC942}") = "06-volumetexturing", "06-volumetexturing.vcxproj", "{E42CE8D4-31C8-3129-B5BE-21F1332917EF}"
	ProjectSection(ProjectDependencies) = postProject
		{2145D955-930C-3957-A29A-EE1358558829} = {2145D955-930C-3957-A29A-EE1358558829}
		{590D6E6A-FC2C-3FDA-8177-13B92CC2C11D} = {590D6E6A-FC2C-3FDA-8177-13B92CC2C11D}
	EndProjectSection
EndProject
Project("{8BC9CEB8-8B4A-11D0-8D11-00A0C91BC942}") = "08-lightmodels", "08-lightmodels.vcxproj", "{03E9C68B-B4F4-39A8-914F-BF084318BCE2}"
	ProjectSection(ProjectDependencies) = postProject
		{2145D955-930C-3957-A29A-EE1358558829} = {2145D955-930C-3957-A29A-EE1358558829}
		{590D6E6A-FC2C-3FDA-8177-13B92CC2C11D} = {590D6E6A-FC2C-3FDA-8177-13B92CC2C11D}
	EndProjectSection
EndProject
Project("{8BC9CEB8-8B4A-11D0-8D11-00A0C91BC942}") = "09-simpletess", "09-simpletess.vcxproj", "{A6F86FD9-7C16-3235-AE27-5CF854A44113}"
	ProjectSection(ProjectDependencies) = postProject
		{2145D955-930C-3957-A29A-EE1358558829} = {2145D955-930C-3957-A29A-EE1358558829}
		{590D6E6A-FC2C-3FDA-8177-13B92CC2C11D} = {590D6E6A-FC2C-3FDA-8177-13B92CC2C11D}
	EndProjectSection
EndProject
Project("{8BC9CEB8-8B4A-11D0-8D11-00A0C91BC942}") = "09-teapot", "09-teapot.vcxproj", "{43D21D39-2CB6-3D74-AD04-48E588ADA0D5}"
	ProjectSection(ProjectDependencies) = postProject
		{2145D955-930C-3957-A29A-EE1358558829} = {2145D955-930C-3957-A29A-EE1358558829}
		{590D6E6A-FC2C-3FDA-8177-13B92CC2C11D} = {590D6E6A-FC2C-3FDA-8177-13B92CC2C11D}
	EndProjectSection
EndProject
Project("{8BC9CEB8-8B4A-11D0-8D11-00A0C91BC942}") = "10-draw-xfb", "10-draw-xfb.vcxproj", "{328C7117-7F08-3175-B08C-5337B8679BA0}"
	ProjectSection(ProjectDependencies) = postProject
		{2145D955-930C-3957-A29A-EE1358558829} = {2145D955-930C-3957-A29A-EE1358558829}
		{590D6E6A-FC2C-3FDA-8177-13B92CC2C11D} = {590D6E6A-FC2C-3FDA-8177-13B92CC2C11D}
	EndProjectSection
EndProject
Project("{8BC9CEB8-8B4A-11D0-8D11-00A0C91BC942}") = "10-fur", "10-fur.vcxproj", "{8EDDC76C-35E1-3622-B263-D1343A33EA19}"
	ProjectSection(ProjectDependencies) = postProject
		{2145D955-930C-3957-A29A-EE1358558829} = {2145D955-930C-3957-A29A-EE1358558829}
		{590D6E6A-FC2C-3FDA-8177-13B92CC2C11D} = {590D6E6A-FC2C-3FDA-8177-13B92CC2C11D}
	EndProjectSection
EndProject
Project("{8BC9CEB8-8B4A-11D0-8D11-00A0C91BC942}") = "10-viewport-array", "10-viewport-array.vcxproj", "{0583AC4A-08A6-35C7-8F5D-6E65D0362B55}"
	ProjectSection(ProjectDependencies) = postProject
		{2145D955-930C-3957-A29A-EE1358558829} = {2145D955-930C-3957-A29A-EE1358558829}
		{590D6E6A-FC2C-3FDA-8177-13B92CC2C11D} = {590D6E6A-FC2C-3FDA-8177-13B92CC2C11D}
	EndProjectSection
EndProject
Project("{8BC9CEB8-8B4A-11D0-8D11-00A0C91BC942}") = "11-doublewrite", "11-doublewrite.vcxproj", "{AF619BDB-CB12-3833-9B9C-FED5A2C5249A}"
	ProjectSection(ProjectDependencies) = postProject
		{2145D955-930C-3957-A29A-EE1358558829} = {2145D955-930C-3957-A29A-EE1358558829}
		{590D6E6A-FC2C-3FDA-8177-13B92CC2C11D} = {590D6E6A-FC2C-3FDA-8177-13B92CC2C11D}
	EndProjectSection
EndProject
Project("{8BC9CEB8-8B4A-11D0-8D11-00A0C91BC942}") = "11-oit", "11-oit.vcxproj", "{6D3C4556-BF07-33B0-8365-DC658062C21A}"
	ProjectSection(ProjectDependencies) = postProject
		{2145D955-930C-3957-A29A-EE1358558829} = {2145D955-930C-3957-A29A-EE1358558829}
		{590D6E6A-FC2C-3FDA-8177-13B92CC2C11D} = {590D6E6A-FC2C-3FDA-8177-13B92CC2C11D}
	EndProjectSection
EndProject
Project("{8BC9CEB8-8B4A-11D0-8D11-00A0C91BC942}") = "11-overdrawcount", "11-overdrawcount.vcxproj", "{363AE9C1-6647-3CFA-9E67-D39D5701B709}"
	ProjectSection(ProjectDependencies) = postProject
		{2145D955-930C-3957-A29A-EE1358558829} = {2145D955-930C-3957-A29A-EE1358558829}
		{590D6E6A-FC2C-3FDA-8177-13B92CC2C11D} = {590D6E6A-FC2C-3FDA-8177-13B92CC2C11D}
	EndProjectSection
EndProject
Project("{8BC9CEB8-8B4A-11D0-8D11-00A0C91BC942}") = "12-imageprocessing", "12-imageprocessing.vcxproj", "{9A6B3F55-9CB8-336A-A00B-BB76E234FD2A}"
	ProjectSection(ProjectDependencies) = postProject
		{2145D955-930C-3957-A29A-EE1358558829} = {2145D955-930C-3957-A29A-EE1358558829}
		{590D6E6A-FC2C-3FDA-8177-13B92CC2C11D} = {590D6E6A-FC2C-3FDA-8177-13B92CC2C11D}
	EndProjectSection
EndProject
Project("{8BC9CEB8-8B4A-11D0-8D11-00A0C91BC942}") = "12-particlesimulator", "12-particlesimulator.vcxproj", "{EF9DDC49-D66D-3C27-91BE-EDA2CBB59C7E}"
	ProjectSection(ProjectDependencies) = postProject
		{2145D955-930C-3957-A29A-EE1358558829} = {2145D955-930C-3957-A29A-EE1358558829}
		{590D6E6A-FC2C-3FDA-8177-13B92CC2C11D} = {590D6E6A-FC2C-3FDA-8177-13B92CC2C11D}
	EndProjectSection
EndProject
Project("{8BC9CEB8-8B4A-11D0-8D11-00A0C91BC942}") = "12-raytracer", "12-raytracer.vcxproj", "{9112CC56-D234-3777-A1D9-DE3526A71A97}"
	ProjectSection(ProjectDependencies) = postProject
		{2145D955-930C-3957-A29A-EE1358558829} = {2145D955-930C-3957-A29A-EE1358558829}
		{590D6E6A-FC2C-3FDA-8177-13B92CC2C11D} = {590D6E6A-FC2C-3FDA-8177-13B92CC2C11D}
	EndProjectSection
EndProject
Project("{8BC9CEB8-8B4A-11D0-8D11-00A0C91BC942}") = "12-simplecompute", "12-simplecompute.vcxproj", "{751E44C1-0C28-3E52-8290-044C54FEF5F2}"
	ProjectSection(ProjectDependencies) = postProject
		{2145D955-930C-3957-A29A-EE1358558829} = {2145D955-930C-3957-A29A-EE1358558829}
		{590D6E6A-FC2C-3FDA-8177-13B92CC2C11D} = {590D6E6A-FC2C-3FDA-8177-13B92CC2C11D}
	EndProjectSection
EndProject
Project("{8BC9CEB8-8B4A-11D0-8D11-00A0C91BC942}") = "INSTALL", "INSTALL.vcxproj", "{0649073E-282E-3668-A208-B0BCC3899BE5}"
	ProjectSection(ProjectDependencies) = postProject
		{61BA171C-BFAD-3E96-B317-155EE0BBEE53} = {61BA171C-BFAD-3E96-B317-155EE0BBEE53}
		{2145D955-930C-3957-A29A-EE1358558829} = {2145D955-930C-3957-A29A-EE1358558829}
	EndProjectSection
EndProject
Project("{8BC9CEB8-8B4A-11D0-8D11-00A0C91BC942}") = "ZERO_CHECK", "ZERO_CHECK.vcxproj", "{2145D955-930C-3957-A29A-EE1358558829}"
	ProjectSection(ProjectDependencies) = postProject
	EndProjectSection
EndProject
Project("{8BC9CEB8-8B4A-11D0-8D11-00A0C91BC942}") = "boing", "lib\glfw\examples\boing.vcxproj", "{20344212-A9AD-30EC-8A8D-D4270923CAFF}"
	ProjectSection(ProjectDependencies) = postProject
		{2145D955-930C-3957-A29A-EE1358558829} = {2145D955-930C-3957-A29A-EE1358558829}
		{483C337D-ED48-34EE-992D-DF12F7F52807} = {483C337D-ED48-34EE-992D-DF12F7F52807}
	EndProjectSection
EndProject
Project("{8BC9CEB8-8B4A-11D0-8D11-00A0C91BC942}") = "clipboard", "lib\glfw\tests\clipboard.vcxproj", "{D4767B80-B21D-3A00-90B0-5B02BFB049C3}"
	ProjectSection(ProjectDependencies) = postProject
		{2145D955-930C-3957-A29A-EE1358558829} = {2145D955-930C-3957-A29A-EE1358558829}
		{483C337D-ED48-34EE-992D-DF12F7F52807} = {483C337D-ED48-34EE-992D-DF12F7F52807}
	EndProjectSection
EndProject
Project("{8BC9CEB8-8B4A-11D0-8D11-00A0C91BC942}") = "cursor", "lib\glfw\tests\cursor.vcxproj", "{2AA246C5-2059-3F16-B40D-42DDAB36D08B}"
	ProjectSection(ProjectDependencies) = postProject
		{2145D955-930C-3957-A29A-EE1358558829} = {2145D955-930C-3957-A29A-EE1358558829}
		{483C337D-ED48-34EE-992D-DF12F7F52807} = {483C337D-ED48-34EE-992D-DF12F7F52807}
	EndProjectSection
EndProject
Project("{8BC9CEB8-8B4A-11D0-8D11-00A0C91BC942}") = "debug", "debug.vcxproj", "{90008D88-B183-3C20-B7D0-66B44108C3E3}"
	ProjectSection(ProjectDependencies) = postProject
		{2145D955-930C-3957-A29A-EE1358558829} = {2145D955-930C-3957-A29A-EE1358558829}
	EndProjectSection
EndProject
Project("{8BC9CEB8-8B4A-11D0-8D11-00A0C91BC942}") = "empty", "lib\glfw\tests\empty.vcxproj", "{04C08546-09E8-309E-AA9A-1C1B02572BA5}"
	ProjectSection(ProjectDependencies) = postProject
		{2145D955-930C-3957-A29A-EE1358558829} = {2145D955-930C-3957-A29A-EE1358558829}
		{483C337D-ED48-34EE-992D-DF12F7F52807} = {483C337D-ED48-34EE-992D-DF12F7F52807}
	EndProjectSection
EndProject
Project("{8BC9CEB8-8B4A-11D0-8D11-00A0C91BC942}") = "events", "lib\glfw\tests\events.vcxproj", "{ED0B4DB8-B766-36ED-9319-A9B75941C63C}"
	ProjectSection(ProjectDependencies) = postProject
		{2145D955-930C-3957-A29A-EE1358558829} = {2145D955-930C-3957-A29A-EE1358558829}
		{483C337D-ED48-34EE-992D-DF12F7F52807} = {483C337D-ED48-34EE-992D-DF12F7F52807}
	EndProjectSection
EndProject
Project("{8BC9CEB8-8B4A-11D0-8D11-00A0C91BC942}") = "gamma", "lib\glfw\tests\gamma.vcxproj", "{3D4E1CC9-D775-39E0-AE55-B1751C581521}"
	ProjectSection(ProjectDependencies) = postProject
		{2145D955-930C-3957-A29A-EE1358558829} = {2145D955-930C-3957-A29A-EE1358558829}
		{483C337D-ED48-34EE-992D-DF12F7F52807} = {483C337D-ED48-34EE-992D-DF12F7F52807}
	EndProjectSection
EndProject
Project("{8BC9CEB8-8B4A-11D0-8D11-00A0C91BC942}") = "gears", "lib\glfw\examples\gears.vcxproj", "{5223E0D3-4F18-3DB8-967C-077A62E4AD92}"
	ProjectSection(ProjectDependencies) = postProject
		{2145D955-930C-3957-A29A-EE1358558829} = {2145D955-930C-3957-A29A-EE1358558829}
		{483C337D-ED48-34EE-992D-DF12F7F52807} = {483C337D-ED48-34EE-992D-DF12F7F52807}
	EndProjectSection
EndProject
Project("{8BC9CEB8-8B4A-11D0-8D11-00A0C91BC942}") = "glfw", "lib\glfw\src\glfw.vcxproj", "{483C337D-ED48-34EE-992D-DF12F7F52807}"
	ProjectSection(ProjectDependencies) = postProject
		{2145D955-930C-3957-A29A-EE1358558829} = {2145D955-930C-3957-A29A-EE1358558829}
	EndProjectSection
EndProject
Project("{8BC9CEB8-8B4A-11D0-8D11-00A0C91BC942}") = "glfwinfo", "lib\glfw\tests\glfwinfo.vcxproj", "{D286C535-91BC-3531-93E3-8334851B2A5E}"
	ProjectSection(ProjectDependencies) = postProject
		{2145D955-930C-3957-A29A-EE1358558829} = {2145D955-930C-3957-A29A-EE1358558829}
		{483C337D-ED48-34EE-992D-DF12F7F52807} = {483C337D-ED48-34EE-992D-DF12F7F52807}
	EndProjectSection
EndProject
Project("{8BC9CEB8-8B4A-11D0-8D11-00A0C91BC942}") = "heightmap", "lib\glfw\examples\heightmap.vcxproj", "{AA6FA871-20E3-3085-B59C-25622A2FFEDB}"
	ProjectSection(ProjectDependencies) = postProject
		{2145D955-930C-3957-A29A-EE1358558829} = {2145D955-930C-3957-A29A-EE1358558829}
		{483C337D-ED48-34EE-992D-DF12F7F52807} = {483C337D-ED48-34EE-992D-DF12F7F52807}
	EndProjectSection
EndProject
Project("{8BC9CEB8-8B4A-11D0-8D11-00A0C91BC942}") = "iconify", "lib\glfw\tests\iconify.vcxproj", "{EB4C2ED1-6706-353D-9233-61CAAF97B9C5}"
	ProjectSection(ProjectDependencies) = postProject
		{2145D955-930C-3957-A29A-EE1358558829} = {2145D955-930C-3957-A29A-EE1358558829}
		{483C337D-ED48-34EE-992D-DF12F7F52807} = {483C337D-ED48-34EE-992D-DF12F7F52807}
	EndProjectSection
EndProject
Project("{8BC9CEB8-8B4A-11D0-8D11-00A0C91BC942}") = "joysticks", "lib\glfw\tests\joysticks.vcxproj", "{8A41DC97-842D-3686-9675-26FE647EEA78}"
	ProjectSection(ProjectDependencies) = postProject
		{2145D955-930C-3957-A29A-EE1358558829} = {2145D955-930C-3957-A29A-EE1358558829}
		{483C337D-ED48-34EE-992D-DF12F7F52807} = {483C337D-ED48-34EE-992D-DF12F7F52807}
	EndProjectSection
EndProject
Project("{8BC9CEB8-8B4A-11D0-8D11-00A0C91BC942}") = "monitors", "lib\glfw\tests\monitors.vcxproj", "{892AAF21-B249-3996-9264-EDD4AC5A7889}"
	ProjectSection(ProjectDependencies) = postProject
		{2145D955-930C-3957-A29A-EE1358558829} = {2145D955-930C-3957-A29A-EE1358558829}
		{483C337D-ED48-34EE-992D-DF12F7F52807} = {483C337D-ED48-34EE-992D-DF12F7F52807}
	EndProjectSection
EndProject
Project("{8BC9CEB8-8B4A-11D0-8D11-00A0C91BC942}") = "msaa", "lib\glfw\tests\msaa.vcxproj", "{29D48651-3B79-3B21-80AE-49094E30821B}"
	ProjectSection(ProjectDependencies) = postProject
		{2145D955-930C-3957-A29A-EE1358558829} = {2145D955-930C-3957-A29A-EE1358558829}
		{483C337D-ED48-34EE-992D-DF12F7F52807} = {483C337D-ED48-34EE-992D-DF12F7F52807}
	EndProjectSection
EndProject
Project("{8BC9CEB8-8B4A-11D0-8D11-00A0C91BC942}") = "particles", "lib\glfw\examples\particles.vcxproj", "{3C145839-06B2-3474-AF8B-B1128EB3D3F5}"
	ProjectSection(ProjectDependencies) = postProject
		{2145D955-930C-3957-A29A-EE1358558829} = {2145D955-930C-3957-A29A-EE1358558829}
		{483C337D-ED48-34EE-992D-DF12F7F52807} = {483C337D-ED48-34EE-992D-DF12F7F52807}
	EndProjectSection
EndProject
Project("{8BC9CEB8-8B4A-11D0-8D11-00A0C91BC942}") = "release", "release.vcxproj", "{7B058B2A-36A1-3068-88A7-5F3D8BE42FB7}"
	ProjectSection(ProjectDependencies) = postProject
		{2145D955-930C-3957-A29A-EE1358558829} = {2145D955-930C-3957-A29A-EE1358558829}
	EndProjectSection
EndProject
Project("{8BC9CEB8-8B4A-11D0-8D11-00A0C91BC942}") = "reopen", "lib\glfw\tests\reopen.vcxproj", "{817B082E-4227-39AD-9115-61CD177CF5F6}"
	ProjectSection(ProjectDependencies) = postProject
		{2145D955-930C-3957-A29A-EE1358558829} = {2145D955-930C-3957-A29A-EE1358558829}
		{483C337D-ED48-34EE-992D-DF12F7F52807} = {483C337D-ED48-34EE-992D-DF12F7F52807}
	EndProjectSection
EndProject
Project("{8BC9CEB8-8B4A-11D0-8D11-00A0C91BC942}") = "sharing", "lib\glfw\tests\sharing.vcxproj", "{C3DB0F26-EA9A-3F9D-8606-671B68435003}"
	ProjectSection(ProjectDependencies) = postProject
		{2145D955-930C-3957-A29A-EE1358558829} = {2145D955-930C-3957-A29A-EE1358558829}
		{483C337D-ED48-34EE-992D-DF12F7F52807} = {483C337D-ED48-34EE-992D-DF12F7F52807}
	EndProjectSection
EndProject
Project("{8BC9CEB8-8B4A-11D0-8D11-00A0C91BC942}") = "simple", "lib\glfw\examples\simple.vcxproj", "{499AAC71-7AB8-3840-8A16-25C98E284A09}"
	ProjectSection(ProjectDependencies) = postProject
		{2145D955-930C-3957-A29A-EE1358558829} = {2145D955-930C-3957-A29A-EE1358558829}
		{483C337D-ED48-34EE-992D-DF12F7F52807} = {483C337D-ED48-34EE-992D-DF12F7F52807}
	EndProjectSection
EndProject
Project("{8BC9CEB8-8B4A-11D0-8D11-00A0C91BC942}") = "splitview", "lib\glfw\examples\splitview.vcxproj", "{66DFE521-9D48-338D-9D02-ED4386F090AE}"
	ProjectSection(ProjectDependencies) = postProject
		{2145D955-930C-3957-A29A-EE1358558829} = {2145D955-930C-3957-A29A-EE1358558829}
		{483C337D-ED48-34EE-992D-DF12F7F52807} = {483C337D-ED48-34EE-992D-DF12F7F52807}
	EndProjectSection
EndProject
Project("{8BC9CEB8-8B4A-11D0-8D11-00A0C91BC942}") = "tearing", "lib\glfw\tests\tearing.vcxproj", "{2988CC88-580B-3975-8AFD-A88B9BEB628F}"
	ProjectSection(ProjectDependencies) = postProject
		{2145D955-930C-3957-A29A-EE1358558829} = {2145D955-930C-3957-A29A-EE1358558829}
		{483C337D-ED48-34EE-992D-DF12F7F52807} = {483C337D-ED48-34EE-992D-DF12F7F52807}
	EndProjectSection
EndProject
Project("{8BC9CEB8-8B4A-11D0-8D11-00A0C91BC942}") = "threads", "lib\glfw\tests\threads.vcxproj", "{969617EF-E82F-3CAB-9865-78BDEACC878D}"
	ProjectSection(ProjectDependencies) = postProject
		{2145D955-930C-3957-A29A-EE1358558829} = {2145D955-930C-3957-A29A-EE1358558829}
		{483C337D-ED48-34EE-992D-DF12F7F52807} = {483C337D-ED48-34EE-992D-DF12F7F52807}
	EndProjectSection
EndProject
Project("{8BC9CEB8-8B4A-11D0-8D11-00A0C91BC942}") = "title", "lib\glfw\tests\title.vcxproj", "{D4501326-4AFB-34CC-A5F5-D816F01207FB}"
	ProjectSection(ProjectDependencies) = postProject
		{2145D955-930C-3957-A29A-EE1358558829} = {2145D955-930C-3957-A29A-EE1358558829}
		{483C337D-ED48-34EE-992D-DF12F7F52807} = {483C337D-ED48-34EE-992D-DF12F7F52807}
	EndProjectSection
EndProject
Project("{8BC9CEB8-8B4A-11D0-8D11-00A0C91BC942}") = "uninstall", "lib\glfw\uninstall.vcxproj", "{4D3E240C-946B-383F-AE08-D58B1D19DE17}"
	ProjectSection(ProjectDependencies) = postProject
		{2145D955-930C-3957-A29A-EE1358558829} = {2145D955-930C-3957-A29A-EE1358558829}
	EndProjectSection
EndProject
Project("{8BC9CEB8-8B4A-11D0-8D11-00A0C91BC942}") = "vermilion", "vermilion.vcxproj", "{590D6E6A-FC2C-3FDA-8177-13B92CC2C11D}"
	ProjectSection(ProjectDependencies) = postProject
		{2145D955-930C-3957-A29A-EE1358558829} = {2145D955-930C-3957-A29A-EE1358558829}
	EndProjectSection
EndProject
Project("{8BC9CEB8-8B4A-11D0-8D11-00A0C91BC942}") = "wave", "lib\glfw\examples\wave.vcxproj", "{19704C34-6E1B-333B-9CC4-AE65E56DC66A}"
	ProjectSection(ProjectDependencies) = postProject
		{2145D955-930C-3957-A29A-EE1358558829} = {2145D955-930C-3957-A29A-EE1358558829}
		{483C337D-ED48-34EE-992D-DF12F7F52807} = {483C337D-ED48-34EE-992D-DF12F7F52807}
	EndProjectSection
EndProject
Project("{8BC9CEB8-8B4A-11D0-8D11-00A0C91BC942}") = "windows", "lib\glfw\tests\windows.vcxproj", "{7BDABD29-923E-36DC-BC94-D16B3A610B71}"
	ProjectSection(ProjectDependencies) = postProject
		{2145D955-930C-3957-A29A-EE1358558829} = {2145D955-930C-3957-A29A-EE1358558829}
		{483C337D-ED48-34EE-992D-DF12F7F52807} = {483C337D-ED48-34EE-992D-DF12F7F52807}
	EndProjectSection
EndProject
Global
	GlobalSection(SolutionConfigurationPlatforms) = preSolution
		Debug|x64 = Debug|x64
		Release|x64 = Release|x64
		MinSizeRel|x64 = MinSizeRel|x64
		RelWithDebInfo|x64 = RelWithDebInfo|x64
	EndGlobalSection
	GlobalSection(ProjectConfigurationPlatforms) = postSolution
		{61BA171C-BFAD-3E96-B317-155EE0BBEE53}.Debug|x64.ActiveCfg = Debug|x64
		{61BA171C-BFAD-3E96-B317-155EE0BBEE53}.Debug|x64.Build.0 = Debug|x64
		{61BA171C-BFAD-3E96-B317-155EE0BBEE53}.Release|x64.ActiveCfg = Release|x64
		{61BA171C-BFAD-3E96-B317-155EE0BBEE53}.Release|x64.Build.0 = Release|x64
		{61BA171C-BFAD-3E96-B317-155EE0BBEE53}.MinSizeRel|x64.ActiveCfg = MinSizeRel|x64
		{61BA171C-BFAD-3E96-B317-155EE0BBEE53}.MinSizeRel|x64.Build.0 = MinSizeRel|x64
		{61BA171C-BFAD-3E96-B317-155EE0BBEE53}.RelWithDebInfo|x64.ActiveCfg = RelWithDebInfo|x64
		{61BA171C-BFAD-3E96-B317-155EE0BBEE53}.RelWithDebInfo|x64.Build.0 = RelWithDebInfo|x64
		{4A5F9684-31AB-3DB6-ADAB-4BDAE57D3C67}.Debug|x64.ActiveCfg = Debug|x64
		{4A5F9684-31AB-3DB6-ADAB-4BDAE57D3C67}.Debug|x64.Build.0 = Debug|x64
		{4A5F9684-31AB-3DB6-ADAB-4BDAE57D3C67}.Release|x64.ActiveCfg = Release|x64
		{4A5F9684-31AB-3DB6-ADAB-4BDAE57D3C67}.Release|x64.Build.0 = Release|x64
		{4A5F9684-31AB-3DB6-ADAB-4BDAE57D3C67}.MinSizeRel|x64.ActiveCfg = MinSizeRel|x64
		{4A5F9684-31AB-3DB6-ADAB-4BDAE57D3C67}.MinSizeRel|x64.Build.0 = MinSizeRel|x64
		{4A5F9684-31AB-3DB6-ADAB-4BDAE57D3C67}.RelWithDebInfo|x64.ActiveCfg = RelWithDebInfo|x64
		{4A5F9684-31AB-3DB6-ADAB-4BDAE57D3C67}.RelWithDebInfo|x64.Build.0 = RelWithDebInfo|x64
		{B1BB0316-904C-31B5-9BC1-402CE991C963}.Debug|x64.ActiveCfg = Debug|x64
		{B1BB0316-904C-31B5-9BC1-402CE991C963}.Debug|x64.Build.0 = Debug|x64
		{B1BB0316-904C-31B5-9BC1-402CE991C963}.Release|x64.ActiveCfg = Release|x64
		{B1BB0316-904C-31B5-9BC1-402CE991C963}.Release|x64.Build.0 = Release|x64
		{B1BB0316-904C-31B5-9BC1-402CE991C963}.MinSizeRel|x64.ActiveCfg = MinSizeRel|x64
		{B1BB0316-904C-31B5-9BC1-402CE991C963}.MinSizeRel|x64.Build.0 = MinSizeRel|x64
		{B1BB0316-904C-31B5-9BC1-402CE991C963}.RelWithDebInfo|x64.ActiveCfg = RelWithDebInfo|x64
		{B1BB0316-904C-31B5-9BC1-402CE991C963}.RelWithDebInfo|x64.Build.0 = RelWithDebInfo|x64
		{3FC4E5C2-C3C1-3555-9235-DF4CF10EB069}.Debug|x64.ActiveCfg = Debug|x64
		{3FC4E5C2-C3C1-3555-9235-DF4CF10EB069}.Debug|x64.Build.0 = Debug|x64
		{3FC4E5C2-C3C1-3555-9235-DF4CF10EB069}.Release|x64.ActiveCfg = Release|x64
		{3FC4E5C2-C3C1-3555-9235-DF4CF10EB069}.Release|x64.Build.0 = Release|x64
		{3FC4E5C2-C3C1-3555-9235-DF4CF10EB069}.MinSizeRel|x64.ActiveCfg = MinSizeRel|x64
		{3FC4E5C2-C3C1-3555-9235-DF4CF10EB069}.MinSizeRel|x64.Build.0 = MinSizeRel|x64
		{3FC4E5C2-C3C1-3555-9235-DF4CF10EB069}.RelWithDebInfo|x64.ActiveCfg = RelWithDebInfo|x64
		{3FC4E5C2-C3C1-3555-9235-DF4CF10EB069}.RelWithDebInfo|x64.Build.0 = RelWithDebInfo|x64
		{0CF64399-001C-32F0-9840-5E8D7390451B}.Debug|x64.ActiveCfg = Debug|x64
		{0CF64399-001C-32F0-9840-5E8D7390451B}.Debug|x64.Build.0 = Debug|x64
		{0CF64399-001C-32F0-9840-5E8D7390451B}.Release|x64.ActiveCfg = Release|x64
		{0CF64399-001C-32F0-9840-5E8D7390451B}.Release|x64.Build.0 = Release|x64
		{0CF64399-001C-32F0-9840-5E8D7390451B}.MinSizeRel|x64.ActiveCfg = MinSizeRel|x64
		{0CF64399-001C-32F0-9840-5E8D7390451B}.MinSizeRel|x64.Build.0 = MinSizeRel|x64
		{0CF64399-001C-32F0-9840-5E8D7390451B}.RelWithDebInfo|x64.ActiveCfg = RelWithDebInfo|x64
		{0CF64399-001C-32F0-9840-5E8D7390451B}.RelWithDebInfo|x64.Build.0 = RelWithDebInfo|x64
		{0A0A9497-D848-3AFE-82AF-84134E785507}.Debug|x64.ActiveCfg = Debug|x64
		{0A0A9497-D848-3AFE-82AF-84134E785507}.Debug|x64.Build.0 = Debug|x64
		{0A0A9497-D848-3AFE-82AF-84134E785507}.Release|x64.ActiveCfg = Release|x64
		{0A0A9497-D848-3AFE-82AF-84134E785507}.Release|x64.Build.0 = Release|x64
		{0A0A9497-D848-3AFE-82AF-84134E785507}.MinSizeRel|x64.ActiveCfg = MinSizeRel|x64
		{0A0A9497-D848-3AFE-82AF-84134E785507}.MinSizeRel|x64.Build.0 = MinSizeRel|x64
		{0A0A9497-D848-3AFE-82AF-84134E785507}.RelWithDebInfo|x64.ActiveCfg = RelWithDebInfo|x64
		{0A0A9497-D848-3AFE-82AF-84134E785507}.RelWithDebInfo|x64.Build.0 = RelWithDebInfo|x64
		{F4BAB96F-DBE0-370D-B345-7F8A4E20FAE5}.Debug|x64.ActiveCfg = Debug|x64
		{F4BAB96F-DBE0-370D-B345-7F8A4E20FAE5}.Debug|x64.Build.0 = Debug|x64
		{F4BAB96F-DBE0-370D-B345-7F8A4E20FAE5}.Release|x64.ActiveCfg = Release|x64
		{F4BAB96F-DBE0-370D-B345-7F8A4E20FAE5}.Release|x64.Build.0 = Release|x64
		{F4BAB96F-DBE0-370D-B345-7F8A4E20FAE5}.MinSizeRel|x64.ActiveCfg = MinSizeRel|x64
		{F4BAB96F-DBE0-370D-B345-7F8A4E20FAE5}.MinSizeRel|x64.Build.0 = MinSizeRel|x64
		{F4BAB96F-DBE0-370D-B345-7F8A4E20FAE5}.RelWithDebInfo|x64.ActiveCfg = RelWithDebInfo|x64
		{F4BAB96F-DBE0-370D-B345-7F8A4E20FAE5}.RelWithDebInfo|x64.Build.0 = RelWithDebInfo|x64
		{439467AA-AF3F-3CDF-B151-2938FFBD233E}.Debug|x64.ActiveCfg = Debug|x64
		{439467AA-AF3F-3CDF-B151-2938FFBD233E}.Debug|x64.Build.0 = Debug|x64
		{439467AA-AF3F-3CDF-B151-2938FFBD233E}.Release|x64.ActiveCfg = Release|x64
		{439467AA-AF3F-3CDF-B151-2938FFBD233E}.Release|x64.Build.0 = Release|x64
		{439467AA-AF3F-3CDF-B151-2938FFBD233E}.MinSizeRel|x64.ActiveCfg = MinSizeRel|x64
		{439467AA-AF3F-3CDF-B151-2938FFBD233E}.MinSizeRel|x64.Build.0 = MinSizeRel|x64
		{439467AA-AF3F-3CDF-B151-2938FFBD233E}.RelWithDebInfo|x64.ActiveCfg = RelWithDebInfo|x64
		{439467AA-AF3F-3CDF-B151-2938FFBD233E}.RelWithDebInfo|x64.Build.0 = RelWithDebInfo|x64
		{CAA2AD1B-53E1-3E86-AD1D-111A8FDBA84F}.Debug|x64.ActiveCfg = Debug|x64
		{CAA2AD1B-53E1-3E86-AD1D-111A8FDBA84F}.Debug|x64.Build.0 = Debug|x64
		{CAA2AD1B-53E1-3E86-AD1D-111A8FDBA84F}.Release|x64.ActiveCfg = Release|x64
		{CAA2AD1B-53E1-3E86-AD1D-111A8FDBA84F}.Release|x64.Build.0 = Release|x64
		{CAA2AD1B-53E1-3E86-AD1D-111A8FDBA84F}.MinSizeRel|x64.ActiveCfg = MinSizeRel|x64
		{CAA2AD1B-53E1-3E86-AD1D-111A8FDBA84F}.MinSizeRel|x64.Build.0 = MinSizeRel|x64
		{CAA2AD1B-53E1-3E86-AD1D-111A8FDBA84F}.RelWithDebInfo|x64.ActiveCfg = RelWithDebInfo|x64
		{CAA2AD1B-53E1-3E86-AD1D-111A8FDBA84F}.RelWithDebInfo|x64.Build.0 = RelWithDebInfo|x64
		{63C0D626-0748-3D5C-A617-E5041F7D45E1}.Debug|x64.ActiveCfg = Debug|x64
		{63C0D626-0748-3D5C-A617-E5041F7D45E1}.Debug|x64.Build.0 = Debug|x64
		{63C0D626-0748-3D5C-A617-E5041F7D45E1}.Release|x64.ActiveCfg = Release|x64
		{63C0D626-0748-3D5C-A617-E5041F7D45E1}.Release|x64.Build.0 = Release|x64
		{63C0D626-0748-3D5C-A617-E5041F7D45E1}.MinSizeRel|x64.ActiveCfg = MinSizeRel|x64
		{63C0D626-0748-3D5C-A617-E5041F7D45E1}.MinSizeRel|x64.Build.0 = MinSizeRel|x64
		{63C0D626-0748-3D5C-A617-E5041F7D45E1}.RelWithDebInfo|x64.ActiveCfg = RelWithDebInfo|x64
		{63C0D626-0748-3D5C-A617-E5041F7D45E1}.RelWithDebInfo|x64.Build.0 = RelWithDebInfo|x64
		{7D1CF01C-57D9-37EE-A53F-8CF289EFC532}.Debug|x64.ActiveCfg = Debug|x64
		{7D1CF01C-57D9-37EE-A53F-8CF289EFC532}.Debug|x64.Build.0 = Debug|x64
		{7D1CF01C-57D9-37EE-A53F-8CF289EFC532}.Release|x64.ActiveCfg = Release|x64
		{7D1CF01C-57D9-37EE-A53F-8CF289EFC532}.Release|x64.Build.0 = Release|x64
		{7D1CF01C-57D9-37EE-A53F-8CF289EFC532}.MinSizeRel|x64.ActiveCfg = MinSizeRel|x64
		{7D1CF01C-57D9-37EE-A53F-8CF289EFC532}.MinSizeRel|x64.Build.0 = MinSizeRel|x64
		{7D1CF01C-57D9-37EE-A53F-8CF289EFC532}.RelWithDebInfo|x64.ActiveCfg = RelWithDebInfo|x64
		{7D1CF01C-57D9-37EE-A53F-8CF289EFC532}.RelWithDebInfo|x64.Build.0 = RelWithDebInfo|x64
		{B1EE6008-8542-3E7F-9CEA-A03856F76438}.Debug|x64.ActiveCfg = Debug|x64
		{B1EE6008-8542-3E7F-9CEA-A03856F76438}.Debug|x64.Build.0 = Debug|x64
		{B1EE6008-8542-3E7F-9CEA-A03856F76438}.Release|x64.ActiveCfg = Release|x64
		{B1EE6008-8542-3E7F-9CEA-A03856F76438}.Release|x64.Build.0 = Release|x64
		{B1EE6008-8542-3E7F-9CEA-A03856F76438}.MinSizeRel|x64.ActiveCfg = MinSizeRel|x64
		{B1EE6008-8542-3E7F-9CEA-A03856F76438}.MinSizeRel|x64.Build.0 = MinSizeRel|x64
		{B1EE6008-8542-3E7F-9CEA-A03856F76438}.RelWithDebInfo|x64.ActiveCfg = RelWithDebInfo|x64
		{B1EE6008-8542-3E7F-9CEA-A03856F76438}.RelWithDebInfo|x64.Build.0 = RelWithDebInfo|x64
		{EE6D5833-E2B9-36ED-BD52-8EB69C993F19}.Debug|x64.ActiveCfg = Debug|x64
		{EE6D5833-E2B9-36ED-BD52-8EB69C993F19}.Debug|x64.Build.0 = Debug|x64
		{EE6D5833-E2B9-36ED-BD52-8EB69C993F19}.Release|x64.ActiveCfg = Release|x64
		{EE6D5833-E2B9-36ED-BD52-8EB69C993F19}.Release|x64.Build.0 = Release|x64
		{EE6D5833-E2B9-36ED-BD52-8EB69C993F19}.MinSizeRel|x64.ActiveCfg = MinSizeRel|x64
		{EE6D5833-E2B9-36ED-BD52-8EB69C993F19}.MinSizeRel|x64.Build.0 = MinSizeRel|x64
		{EE6D5833-E2B9-36ED-BD52-8EB69C993F19}.RelWithDebInfo|x64.ActiveCfg = RelWithDebInfo|x64
		{EE6D5833-E2B9-36ED-BD52-8EB69C993F19}.RelWithDebInfo|x64.Build.0 = RelWithDebInfo|x64
		{F0F1B274-A4F6-3A40-AADD-35788712E0C3}.Debug|x64.ActiveCfg = Debug|x64
		{F0F1B274-A4F6-3A40-AADD-35788712E0C3}.Debug|x64.Build.0 = Debug|x64
		{F0F1B274-A4F6-3A40-AADD-35788712E0C3}.Release|x64.ActiveCfg = Release|x64
		{F0F1B274-A4F6-3A40-AADD-35788712E0C3}.Release|x64.Build.0 = Release|x64
		{F0F1B274-A4F6-3A40-AADD-35788712E0C3}.MinSizeRel|x64.ActiveCfg = MinSizeRel|x64
		{F0F1B274-A4F6-3A40-AADD-35788712E0C3}.MinSizeRel|x64.Build.0 = MinSizeRel|x64
		{F0F1B274-A4F6-3A40-AADD-35788712E0C3}.RelWithDebInfo|x64.ActiveCfg = RelWithDebInfo|x64
		{F0F1B274-A4F6-3A40-AADD-35788712E0C3}.RelWithDebInfo|x64.Build.0 = RelWithDebInfo|x64
		{DC061DAB-5D41-34E9-A2BC-0FF724519E05}.Debug|x64.ActiveCfg = Debug|x64
		{DC061DAB-5D41-34E9-A2BC-0FF724519E05}.Debug|x64.Build.0 = Debug|x64
		{DC061DAB-5D41-34E9-A2BC-0FF724519E05}.Release|x64.ActiveCfg = Release|x64
		{DC061DAB-5D41-34E9-A2BC-0FF724519E05}.Release|x64.Build.0 = Release|x64
		{DC061DAB-5D41-34E9-A2BC-0FF724519E05}.MinSizeRel|x64.ActiveCfg = MinSizeRel|x64
		{DC061DAB-5D41-34E9-A2BC-0FF724519E05}.MinSizeRel|x64.Build.0 = MinSizeRel|x64
		{DC061DAB-5D41-34E9-A2BC-0FF724519E05}.RelWithDebInfo|x64.ActiveCfg = RelWithDebInfo|x64
		{DC061DAB-5D41-34E9-A2BC-0FF724519E05}.RelWithDebInfo|x64.Build.0 = RelWithDebInfo|x64
		{07DDDA3C-4A56-3435-8A9B-19975C4996F0}.Debug|x64.ActiveCfg = Debug|x64
		{07DDDA3C-4A56-3435-8A9B-19975C4996F0}.Debug|x64.Build.0 = Debug|x64
		{07DDDA3C-4A56-3435-8A9B-19975C4996F0}.Release|x64.ActiveCfg = Release|x64
		{07DDDA3C-4A56-3435-8A9B-19975C4996F0}.Release|x64.Build.0 = Release|x64
		{07DDDA3C-4A56-3435-8A9B-19975C4996F0}.MinSizeRel|x64.ActiveCfg = MinSizeRel|x64
		{07DDDA3C-4A56-3435-8A9B-19975C4996F0}.MinSizeRel|x64.Build.0 = MinSizeRel|x64
		{07DDDA3C-4A56-3435-8A9B-19975C4996F0}.RelWithDebInfo|x64.ActiveCfg = RelWithDebInfo|x64
		{07DDDA3C-4A56-3435-8A9B-19975C4996F0}.RelWithDebInfo|x64.Build.0 = RelWithDebInfo|x64
		{A578DF9C-B207-3A1A-8E78-0E449339F7D2}.Debug|x64.ActiveCfg = Debug|x64
		{A578DF9C-B207-3A1A-8E78-0E449339F7D2}.Debug|x64.Build.0 = Debug|x64
		{A578DF9C-B207-3A1A-8E78-0E449339F7D2}.Release|x64.ActiveCfg = Release|x64
		{A578DF9C-B207-3A1A-8E78-0E449339F7D2}.Release|x64.Build.0 = Release|x64
		{A578DF9C-B207-3A1A-8E78-0E449339F7D2}.MinSizeRel|x64.ActiveCfg = MinSizeRel|x64
		{A578DF9C-B207-3A1A-8E78-0E449339F7D2}.MinSizeRel|x64.Build.0 = MinSizeRel|x64
		{A578DF9C-B207-3A1A-8E78-0E449339F7D2}.RelWithDebInfo|x64.ActiveCfg = RelWithDebInfo|x64
		{A578DF9C-B207-3A1A-8E78-0E449339F7D2}.RelWithDebInfo|x64.Build.0 = RelWithDebInfo|x64
		{20CEDD09-EEC2-3F5F-893D-76526FF0940C}.Debug|x64.ActiveCfg = Debug|x64
		{20CEDD09-EEC2-3F5F-893D-76526FF0940C}.Debug|x64.Build.0 = Debug|x64
		{20CEDD09-EEC2-3F5F-893D-76526FF0940C}.Release|x64.ActiveCfg = Release|x64
		{20CEDD09-EEC2-3F5F-893D-76526FF0940C}.Release|x64.Build.0 = Release|x64
		{20CEDD09-EEC2-3F5F-893D-76526FF0940C}.MinSizeRel|x64.ActiveCfg = MinSizeRel|x64
		{20CEDD09-EEC2-3F5F-893D-76526FF0940C}.MinSizeRel|x64.Build.0 = MinSizeRel|x64
		{20CEDD09-EEC2-3F5F-893D-76526FF0940C}.RelWithDebInfo|x64.ActiveCfg = RelWithDebInfo|x64
		{20CEDD09-EEC2-3F5F-893D-76526FF0940C}.RelWithDebInfo|x64.Build.0 = RelWithDebInfo|x64
		{AA0BB38C-13D2-32D2-A894-BC03B3F66D5E}.Debug|x64.ActiveCfg = Debug|x64
		{AA0BB38C-13D2-32D2-A894-BC03B3F66D5E}.Debug|x64.Build.0 = Debug|x64
		{AA0BB38C-13D2-32D2-A894-BC03B3F66D5E}.Release|x64.ActiveCfg = Release|x64
		{AA0BB38C-13D2-32D2-A894-BC03B3F66D5E}.Release|x64.Build.0 = Release|x64
		{AA0BB38C-13D2-32D2-A894-BC03B3F66D5E}.MinSizeRel|x64.ActiveCfg = MinSizeRel|x64
		{AA0BB38C-13D2-32D2-A894-BC03B3F66D5E}.MinSizeRel|x64.Build.0 = MinSizeRel|x64
		{AA0BB38C-13D2-32D2-A894-BC03B3F66D5E}.RelWithDebInfo|x64.ActiveCfg = RelWithDebInfo|x64
		{AA0BB38C-13D2-32D2-A894-BC03B3F66D5E}.RelWithDebInfo|x64.Build.0 = RelWithDebInfo|x64
		{E42CE8D4-31C8-3129-B5BE-21F1332917EF}.Debug|x64.ActiveCfg = Debug|x64
		{E42CE8D4-31C8-3129-B5BE-21F1332917EF}.Debug|x64.Build.0 = Debug|x64
		{E42CE8D4-31C8-3129-B5BE-21F1332917EF}.Release|x64.ActiveCfg = Release|x64
		{E42CE8D4-31C8-3129-B5BE-21F1332917EF}.Release|x64.Build.0 = Release|x64
		{E42CE8D4-31C8-3129-B5BE-21F1332917EF}.MinSizeRel|x64.ActiveCfg = MinSizeRel|x64
		{E42CE8D4-31C8-3129-B5BE-21F1332917EF}.MinSizeRel|x64.Build.0 = MinSizeRel|x64
		{E42CE8D4-31C8-3129-B5BE-21F1332917EF}.RelWithDebInfo|x64.ActiveCfg = RelWithDebInfo|x64
		{E42CE8D4-31C8-3129-B5BE-21F1332917EF}.RelWithDebInfo|x64.Build.0 = RelWithDebInfo|x64
		{03E9C68B-B4F4-39A8-914F-BF084318BCE2}.Debug|x64.ActiveCfg = Debug|x64
		{03E9C68B-B4F4-39A8-914F-BF084318BCE2}.Debug|x64.Build.0 = Debug|x64
		{03E9C68B-B4F4-39A8-914F-BF084318BCE2}.Release|x64.ActiveCfg = Release|x64
		{03E9C68B-B4F4-39A8-914F-BF084318BCE2}.Release|x64.Build.0 = Release|x64
		{03E9C68B-B4F4-39A8-914F-BF084318BCE2}.MinSizeRel|x64.ActiveCfg = MinSizeRel|x64
		{03E9C68B-B4F4-39A8-914F-BF084318BCE2}.MinSizeRel|x64.Build.0 = MinSizeRel|x64
		{03E9C68B-B4F4-39A8-914F-BF084318BCE2}.RelWithDebInfo|x64.ActiveCfg = RelWithDebInfo|x64
		{03E9C68B-B4F4-39A8-914F-BF084318BCE2}.RelWithDebInfo|x64.Build.0 = RelWithDebInfo|x64
		{A6F86FD9-7C16-3235-AE27-5CF854A44113}.Debug|x64.ActiveCfg = Debug|x64
		{A6F86FD9-7C16-3235-AE27-5CF854A44113}.Debug|x64.Build.0 = Debug|x64
		{A6F86FD9-7C16-3235-AE27-5CF854A44113}.Release|x64.ActiveCfg = Release|x64
		{A6F86FD9-7C16-3235-AE27-5CF854A44113}.Release|x64.Build.0 = Release|x64
		{A6F86FD9-7C16-3235-AE27-5CF854A44113}.MinSizeRel|x64.ActiveCfg = MinSizeRel|x64
		{A6F86FD9-7C16-3235-AE27-5CF854A44113}.MinSizeRel|x64.Build.0 = MinSizeRel|x64
		{A6F86FD9-7C16-3235-AE27-5CF854A44113}.RelWithDebInfo|x64.ActiveCfg = RelWithDebInfo|x64
		{A6F86FD9-7C16-3235-AE27-5CF854A44113}.RelWithDebInfo|x64.Build.0 = RelWithDebInfo|x64
		{43D21D39-2CB6-3D74-AD04-48E588ADA0D5}.Debug|x64.ActiveCfg = Debug|x64
		{43D21D39-2CB6-3D74-AD04-48E588ADA0D5}.Debug|x64.Build.0 = Debug|x64
		{43D21D39-2CB6-3D74-AD04-48E588ADA0D5}.Release|x64.ActiveCfg = Release|x64
		{43D21D39-2CB6-3D74-AD04-48E588ADA0D5}.Release|x64.Build.0 = Release|x64
		{43D21D39-2CB6-3D74-AD04-48E588ADA0D5}.MinSizeRel|x64.ActiveCfg = MinSizeRel|x64
		{43D21D39-2CB6-3D74-AD04-48E588ADA0D5}.MinSizeRel|x64.Build.0 = MinSizeRel|x64
		{43D21D39-2CB6-3D74-AD04-48E588ADA0D5}.RelWithDebInfo|x64.ActiveCfg = RelWithDebInfo|x64
		{43D21D39-2CB6-3D74-AD04-48E588ADA0D5}.RelWithDebInfo|x64.Build.0 = RelWithDebInfo|x64
		{328C7117-7F08-3175-B08C-5337B8679BA0}.Debug|x64.ActiveCfg = Debug|x64
		{328C7117-7F08-3175-B08C-5337B8679BA0}.Debug|x64.Build.0 = Debug|x64
		{328C7117-7F08-3175-B08C-5337B8679BA0}.Release|x64.ActiveCfg = Release|x64
		{328C7117-7F08-3175-B08C-5337B8679BA0}.Release|x64.Build.0 = Release|x64
		{328C7117-7F08-3175-B08C-5337B8679BA0}.MinSizeRel|x64.ActiveCfg = MinSizeRel|x64
		{328C7117-7F08-3175-B08C-5337B8679BA0}.MinSizeRel|x64.Build.0 = MinSizeRel|x64
		{328C7117-7F08-3175-B08C-5337B8679BA0}.RelWithDebInfo|x64.ActiveCfg = RelWithDebInfo|x64
		{328C7117-7F08-3175-B08C-5337B8679BA0}.RelWithDebInfo|x64.Build.0 = RelWithDebInfo|x64
		{8EDDC76C-35E1-3622-B263-D1343A33EA19}.Debug|x64.ActiveCfg = Debug|x64
		{8EDDC76C-35E1-3622-B263-D1343A33EA19}.Debug|x64.Build.0 = Debug|x64
		{8EDDC76C-35E1-3622-B263-D1343A33EA19}.Release|x64.ActiveCfg = Release|x64
		{8EDDC76C-35E1-3622-B263-D1343A33EA19}.Release|x64.Build.0 = Release|x64
		{8EDDC76C-35E1-3622-B263-D1343A33EA19}.MinSizeRel|x64.ActiveCfg = MinSizeRel|x64
		{8EDDC76C-35E1-3622-B263-D1343A33EA19}.MinSizeRel|x64.Build.0 = MinSizeRel|x64
		{8EDDC76C-35E1-3622-B263-D1343A33EA19}.RelWithDebInfo|x64.ActiveCfg = RelWithDebInfo|x64
		{8EDDC76C-35E1-3622-B263-D1343A33EA19}.RelWithDebInfo|x64.Build.0 = RelWithDebInfo|x64
		{0583AC4A-08A6-35C7-8F5D-6E65D0362B55}.Debug|x64.ActiveCfg = Debug|x64
		{0583AC4A-08A6-35C7-8F5D-6E65D0362B55}.Debug|x64.Build.0 = Debug|x64
		{0583AC4A-08A6-35C7-8F5D-6E65D0362B55}.Release|x64.ActiveCfg = Release|x64
		{0583AC4A-08A6-35C7-8F5D-6E65D0362B55}.Release|x64.Build.0 = Release|x64
		{0583AC4A-08A6-35C7-8F5D-6E65D0362B55}.MinSizeRel|x64.ActiveCfg = MinSizeRel|x64
		{0583AC4A-08A6-35C7-8F5D-6E65D0362B55}.MinSizeRel|x64.Build.0 = MinSizeRel|x64
		{0583AC4A-08A6-35C7-8F5D-6E65D0362B55}.RelWithDebInfo|x64.ActiveCfg = RelWithDebInfo|x64
		{0583AC4A-08A6-35C7-8F5D-6E65D0362B55}.RelWithDebInfo|x64.Build.0 = RelWithDebInfo|x64
		{AF619BDB-CB12-3833-9B9C-FED5A2C5249A}.Debug|x64.ActiveCfg = Debug|x64
		{AF619BDB-CB12-3833-9B9C-FED5A2C5249A}.Debug|x64.Build.0 = Debug|x64
		{AF619BDB-CB12-3833-9B9C-FED5A2C5249A}.Release|x64.ActiveCfg = Release|x64
		{AF619BDB-CB12-3833-9B9C-FED5A2C5249A}.Release|x64.Build.0 = Release|x64
		{AF619BDB-CB12-3833-9B9C-FED5A2C5249A}.MinSizeRel|x64.ActiveCfg = MinSizeRel|x64
		{AF619BDB-CB12-3833-9B9C-FED5A2C5249A}.MinSizeRel|x64.Build.0 = MinSizeRel|x64
		{AF619BDB-CB12-3833-9B9C-FED5A2C5249A}.RelWithDebInfo|x64.ActiveCfg = RelWithDebInfo|x64
		{AF619BDB-CB12-3833-9B9C-FED5A2C5249A}.RelWithDebInfo|x64.Build.0 = RelWithDebInfo|x64
		{6D3C4556-BF07-33B0-8365-DC658062C21A}.Debug|x64.ActiveCfg = Debug|x64
		{6D3C4556-BF07-33B0-8365-DC658062C21A}.Debug|x64.Build.0 = Debug|x64
		{6D3C4556-BF07-33B0-8365-DC658062C21A}.Release|x64.ActiveCfg = Release|x64
		{6D3C4556-BF07-33B0-8365-DC658062C21A}.Release|x64.Build.0 = Release|x64
		{6D3C4556-BF07-33B0-8365-DC658062C21A}.MinSizeRel|x64.ActiveCfg = MinSizeRel|x64
		{6D3C4556-BF07-33B0-8365-DC658062C21A}.MinSizeRel|x64.Build.0 = MinSizeRel|x64
		{6D3C4556-BF07-33B0-8365-DC658062C21A}.RelWithDebInfo|x64.ActiveCfg = RelWithDebInfo|x64
		{6D3C4556-BF07-33B0-8365-DC658062C21A}.RelWithDebInfo|x64.Build.0 = RelWithDebInfo|x64
		{363AE9C1-6647-3CFA-9E67-D39D5701B709}.Debug|x64.ActiveCfg = Debug|x64
		{363AE9C1-6647-3CFA-9E67-D39D5701B709}.Debug|x64.Build.0 = Debug|x64
		{363AE9C1-6647-3CFA-9E67-D39D5701B709}.Release|x64.ActiveCfg = Release|x64
		{363AE9C1-6647-3CFA-9E67-D39D5701B709}.Release|x64.Build.0 = Release|x64
		{363AE9C1-6647-3CFA-9E67-D39D5701B709}.MinSizeRel|x64.ActiveCfg = MinSizeRel|x64
		{363AE9C1-6647-3CFA-9E67-D39D5701B709}.MinSizeRel|x64.Build.0 = MinSizeRel|x64
		{363AE9C1-6647-3CFA-9E67-D39D5701B709}.RelWithDebInfo|x64.ActiveCfg = RelWithDebInfo|x64
		{363AE9C1-6647-3CFA-9E67-D39D5701B709}.RelWithDebInfo|x64.Build.0 = RelWithDebInfo|x64
		{9A6B3F55-9CB8-336A-A00B-BB76E234FD2A}.Debug|x64.ActiveCfg = Debug|x64
		{9A6B3F55-9CB8-336A-A00B-BB76E234FD2A}.Debug|x64.Build.0 = Debug|x64
		{9A6B3F55-9CB8-336A-A00B-BB76E234FD2A}.Release|x64.ActiveCfg = Release|x64
		{9A6B3F55-9CB8-336A-A00B-BB76E234FD2A}.Release|x64.Build.0 = Release|x64
		{9A6B3F55-9CB8-336A-A00B-BB76E234FD2A}.MinSizeRel|x64.ActiveCfg = MinSizeRel|x64
		{9A6B3F55-9CB8-336A-A00B-BB76E234FD2A}.MinSizeRel|x64.Build.0 = MinSizeRel|x64
		{9A6B3F55-9CB8-336A-A00B-BB76E234FD2A}.RelWithDebInfo|x64.ActiveCfg = RelWithDebInfo|x64
		{9A6B3F55-9CB8-336A-A00B-BB76E234FD2A}.RelWithDebInfo|x64.Build.0 = RelWithDebInfo|x64
		{EF9DDC49-D66D-3C27-91BE-EDA2CBB59C7E}.Debug|x64.ActiveCfg = Debug|x64
		{EF9DDC49-D66D-3C27-91BE-EDA2CBB59C7E}.Debug|x64.Build.0 = Debug|x64
		{EF9DDC49-D66D-3C27-91BE-EDA2CBB59C7E}.Release|x64.ActiveCfg = Release|x64
		{EF9DDC49-D66D-3C27-91BE-EDA2CBB59C7E}.Release|x64.Build.0 = Release|x64
		{EF9DDC49-D66D-3C27-91BE-EDA2CBB59C7E}.MinSizeRel|x64.ActiveCfg = MinSizeRel|x64
		{EF9DDC49-D66D-3C27-91BE-EDA2CBB59C7E}.MinSizeRel|x64.Build.0 = MinSizeRel|x64
		{EF9DDC49-D66D-3C27-91BE-EDA2CBB59C7E}.RelWithDebInfo|x64.ActiveCfg = RelWithDebInfo|x64
		{EF9DDC49-D66D-3C27-91BE-EDA2CBB59C7E}.RelWithDebInfo|x64.Build.0 = RelWithDebInfo|x64
		{9112CC56-D234-3777-A1D9-DE3526A71A97}.Debug|x64.ActiveCfg = Debug|x64
		{9112CC56-D234-3777-A1D9-DE3526A71A97}.Debug|x64.Build.0 = Debug|x64
		{9112CC56-D234-3777-A1D9-DE3526A71A97}.Release|x64.ActiveCfg = Release|x64
		{9112CC56-D234-3777-A1D9-DE3526A71A97}.Release|x64.Build.0 = Release|x64
		{9112CC56-D234-3777-A1D9-DE3526A71A97}.MinSizeRel|x64.ActiveCfg = MinSizeRel|x64
		{9112CC56-D234-3777-A1D9-DE3526A71A97}.MinSizeRel|x64.Build.0 = MinSizeRel|x64
		{9112CC56-D234-3777-A1D9-DE3526A71A97}.RelWithDebInfo|x64.ActiveCfg = RelWithDebInfo|x64
		{9112CC56-D234-3777-A1D9-DE3526A71A97}.RelWithDebInfo|x64.Build.0 = RelWithDebInfo|x64
		{751E44C1-0C28-3E52-8290-044C54FEF5F2}.Debug|x64.ActiveCfg = Debug|x64
		{751E44C1-0C28-3E52-8290-044C54FEF5F2}.Debug|x64.Build.0 = Debug|x64
		{751E44C1-0C28-3E52-8290-044C54FEF5F2}.Release|x64.ActiveCfg = Release|x64
		{751E44C1-0C28-3E52-8290-044C54FEF5F2}.Release|x64.Build.0 = Release|x64
		{751E44C1-0C28-3E52-8290-044C54FEF5F2}.MinSizeRel|x64.ActiveCfg = MinSizeRel|x64
		{751E44C1-0C28-3E52-8290-044C54FEF5F2}.MinSizeRel|x64.Build.0 = MinSizeRel|x64
		{751E44C1-0C28-3E52-8290-044C54FEF5F2}.RelWithDebInfo|x64.ActiveCfg = RelWithDebInfo|x64
		{751E44C1-0C28-3E52-8290-044C54FEF5F2}.RelWithDebInfo|x64.Build.0 = RelWithDebInfo|x64
		{0649073E-282E-3668-A208-B0BCC3899BE5}.Debug|x64.ActiveCfg = Debug|x64
		{0649073E-282E-3668-A208-B0BCC3899BE5}.Release|x64.ActiveCfg = Release|x64
		{0649073E-282E-3668-A208-B0BCC3899BE5}.MinSizeRel|x64.ActiveCfg = MinSizeRel|x64
		{0649073E-282E-3668-A208-B0BCC3899BE5}.RelWithDebInfo|x64.ActiveCfg = RelWithDebInfo|x64
		{2145D955-930C-3957-A29A-EE1358558829}.Debug|x64.ActiveCfg = Debug|x64
		{2145D955-930C-3957-A29A-EE1358558829}.Debug|x64.Build.0 = Debug|x64
		{2145D955-930C-3957-A29A-EE1358558829}.Release|x64.ActiveCfg = Release|x64
		{2145D955-930C-3957-A29A-EE1358558829}.Release|x64.Build.0 = Release|x64
		{2145D955-930C-3957-A29A-EE1358558829}.MinSizeRel|x64.ActiveCfg = MinSizeRel|x64
		{2145D955-930C-3957-A29A-EE1358558829}.MinSizeRel|x64.Build.0 = MinSizeRel|x64
		{2145D955-930C-3957-A29A-EE1358558829}.RelWithDebInfo|x64.ActiveCfg = RelWithDebInfo|x64
		{2145D955-930C-3957-A29A-EE1358558829}.RelWithDebInfo|x64.Build.0 = RelWithDebInfo|x64
		{20344212-A9AD-30EC-8A8D-D4270923CAFF}.Debug|x64.ActiveCfg = Debug|x64
		{20344212-A9AD-30EC-8A8D-D4270923CAFF}.Debug|x64.Build.0 = Debug|x64
		{20344212-A9AD-30EC-8A8D-D4270923CAFF}.Release|x64.ActiveCfg = Release|x64
		{20344212-A9AD-30EC-8A8D-D4270923CAFF}.Release|x64.Build.0 = Release|x64
		{20344212-A9AD-30EC-8A8D-D4270923CAFF}.MinSizeRel|x64.ActiveCfg = MinSizeRel|x64
		{20344212-A9AD-30EC-8A8D-D4270923CAFF}.MinSizeRel|x64.Build.0 = MinSizeRel|x64
		{20344212-A9AD-30EC-8A8D-D4270923CAFF}.RelWithDebInfo|x64.ActiveCfg = RelWithDebInfo|x64
		{20344212-A9AD-30EC-8A8D-D4270923CAFF}.RelWithDebInfo|x64.Build.0 = RelWithDebInfo|x64
		{D4767B80-B21D-3A00-90B0-5B02BFB049C3}.Debug|x64.ActiveCfg = Debug|x64
		{D4767B80-B21D-3A00-90B0-5B02BFB049C3}.Debug|x64.Build.0 = Debug|x64
		{D4767B80-B21D-3A00-90B0-5B02BFB049C3}.Release|x64.ActiveCfg = Release|x64
		{D4767B80-B21D-3A00-90B0-5B02BFB049C3}.Release|x64.Build.0 = Release|x64
		{D4767B80-B21D-3A00-90B0-5B02BFB049C3}.MinSizeRel|x64.ActiveCfg = MinSizeRel|x64
		{D4767B80-B21D-3A00-90B0-5B02BFB049C3}.MinSizeRel|x64.Build.0 = MinSizeRel|x64
		{D4767B80-B21D-3A00-90B0-5B02BFB049C3}.RelWithDebInfo|x64.ActiveCfg = RelWithDebInfo|x64
		{D4767B80-B21D-3A00-90B0-5B02BFB049C3}.RelWithDebInfo|x64.Build.0 = RelWithDebInfo|x64
		{2AA246C5-2059-3F16-B40D-42DDAB36D08B}.Debug|x64.ActiveCfg = Debug|x64
		{2AA246C5-2059-3F16-B40D-42DDAB36D08B}.Debug|x64.Build.0 = Debug|x64
		{2AA246C5-2059-3F16-B40D-42DDAB36D08B}.Release|x64.ActiveCfg = Release|x64
		{2AA246C5-2059-3F16-B40D-42DDAB36D08B}.Release|x64.Build.0 = Release|x64
		{2AA246C5-2059-3F16-B40D-42DDAB36D08B}.MinSizeRel|x64.ActiveCfg = MinSizeRel|x64
		{2AA246C5-2059-3F16-B40D-42DDAB36D08B}.MinSizeRel|x64.Build.0 = MinSizeRel|x64
		{2AA246C5-2059-3F16-B40D-42DDAB36D08B}.RelWithDebInfo|x64.ActiveCfg = RelWithDebInfo|x64
		{2AA246C5-2059-3F16-B40D-42DDAB36D08B}.RelWithDebInfo|x64.Build.0 = RelWithDebInfo|x64
		{90008D88-B183-3C20-B7D0-66B44108C3E3}.Debug|x64.ActiveCfg = Debug|x64
		{90008D88-B183-3C20-B7D0-66B44108C3E3}.Release|x64.ActiveCfg = Release|x64
		{90008D88-B183-3C20-B7D0-66B44108C3E3}.MinSizeRel|x64.ActiveCfg = MinSizeRel|x64
		{90008D88-B183-3C20-B7D0-66B44108C3E3}.RelWithDebInfo|x64.ActiveCfg = RelWithDebInfo|x64
		{04C08546-09E8-309E-AA9A-1C1B02572BA5}.Debug|x64.ActiveCfg = Debug|x64
		{04C08546-09E8-309E-AA9A-1C1B02572BA5}.Debug|x64.Build.0 = Debug|x64
		{04C08546-09E8-309E-AA9A-1C1B02572BA5}.Release|x64.ActiveCfg = Release|x64
		{04C08546-09E8-309E-AA9A-1C1B02572BA5}.Release|x64.Build.0 = Release|x64
		{04C08546-09E8-309E-AA9A-1C1B02572BA5}.MinSizeRel|x64.ActiveCfg = MinSizeRel|x64
		{04C08546-09E8-309E-AA9A-1C1B02572BA5}.MinSizeRel|x64.Build.0 = MinSizeRel|x64
		{04C08546-09E8-309E-AA9A-1C1B02572BA5}.RelWithDebInfo|x64.ActiveCfg = RelWithDebInfo|x64
		{04C08546-09E8-309E-AA9A-1C1B02572BA5}.RelWithDebInfo|x64.Build.0 = RelWithDebInfo|x64
		{ED0B4DB8-B766-36ED-9319-A9B75941C63C}.Debug|x64.ActiveCfg = Debug|x64
		{ED0B4DB8-B766-36ED-9319-A9B75941C63C}.Debug|x64.Build.0 = Debug|x64
		{ED0B4DB8-B766-36ED-9319-A9B75941C63C}.Release|x64.ActiveCfg = Release|x64
		{ED0B4DB8-B766-36ED-9319-A9B75941C63C}.Release|x64.Build.0 = Release|x64
		{ED0B4DB8-B766-36ED-9319-A9B75941C63C}.MinSizeRel|x64.ActiveCfg = MinSizeRel|x64
		{ED0B4DB8-B766-36ED-9319-A9B75941C63C}.MinSizeRel|x64.Build.0 = MinSizeRel|x64
		{ED0B4DB8-B766-36ED-9319-A9B75941C63C}.RelWithDebInfo|x64.ActiveCfg = RelWithDebInfo|x64
		{ED0B4DB8-B766-36ED-9319-A9B75941C63C}.RelWithDebInfo|x64.Build.0 = RelWithDebInfo|x64
		{3D4E1CC9-D775-39E0-AE55-B1751C581521}.Debug|x64.ActiveCfg = Debug|x64
		{3D4E1CC9-D775-39E0-AE55-B1751C581521}.Debug|x64.Build.0 = Debug|x64
		{3D4E1CC9-D775-39E0-AE55-B1751C581521}.Release|x64.ActiveCfg = Release|x64
		{3D4E1CC9-D775-39E0-AE55-B1751C581521}.Release|x64.Build.0 = Release|x64
		{3D4E1CC9-D775-39E0-AE55-B1751C581521}.MinSizeRel|x64.ActiveCfg = MinSizeRel|x64
		{3D4E1CC9-D775-39E0-AE55-B1751C581521}.MinSizeRel|x64.Build.0 = MinSizeRel|x64
		{3D4E1CC9-D775-39E0-AE55-B1751C581521}.RelWithDebInfo|x64.ActiveCfg = RelWithDebInfo|x64
		{3D4E1CC9-D775-39E0-AE55-B1751C581521}.RelWithDebInfo|x64.Build.0 = RelWithDebInfo|x64
		{5223E0D3-4F18-3DB8-967C-077A62E4AD92}.Debug|x64.ActiveCfg = Debug|x64
		{5223E0D3-4F18-3DB8-967C-077A62E4AD92}.Debug|x64.Build.0 = Debug|x64
		{5223E0D3-4F18-3DB8-967C-077A62E4AD92}.Release|x64.ActiveCfg = Release|x64
		{5223E0D3-4F18-3DB8-967C-077A62E4AD92}.Release|x64.Build.0 = Release|x64
		{5223E0D3-4F18-3DB8-967C-077A62E4AD92}.MinSizeRel|x64.ActiveCfg = MinSizeRel|x64
		{5223E0D3-4F18-3DB8-967C-077A62E4AD92}.MinSizeRel|x64.Build.0 = MinSizeRel|x64
		{5223E0D3-4F18-3DB8-967C-077A62E4AD92}.RelWithDebInfo|x64.ActiveCfg = RelWithDebInfo|x64
		{5223E0D3-4F18-3DB8-967C-077A62E4AD92}.RelWithDebInfo|x64.Build.0 = RelWithDebInfo|x64
		{483C337D-ED48-34EE-992D-DF12F7F52807}.Debug|x64.ActiveCfg = Debug|x64
		{483C337D-ED48-34EE-992D-DF12F7F52807}.Debug|x64.Build.0 = Debug|x64
		{483C337D-ED48-34EE-992D-DF12F7F52807}.Release|x64.ActiveCfg = Release|x64
		{483C337D-ED48-34EE-992D-DF12F7F52807}.Release|x64.Build.0 = Release|x64
		{483C337D-ED48-34EE-992D-DF12F7F52807}.MinSizeRel|x64.ActiveCfg = MinSizeRel|x64
		{483C337D-ED48-34EE-992D-DF12F7F52807}.MinSizeRel|x64.Build.0 = MinSizeRel|x64
		{483C337D-ED48-34EE-992D-DF12F7F52807}.RelWithDebInfo|x64.ActiveCfg = RelWithDebInfo|x64
		{483C337D-ED48-34EE-992D-DF12F7F52807}.RelWithDebInfo|x64.Build.0 = RelWithDebInfo|x64
		{D286C535-91BC-3531-93E3-8334851B2A5E}.Debug|x64.ActiveCfg = Debug|x64
		{D286C535-91BC-3531-93E3-8334851B2A5E}.Debug|x64.Build.0 = Debug|x64
		{D286C535-91BC-3531-93E3-8334851B2A5E}.Release|x64.ActiveCfg = Release|x64
		{D286C535-91BC-3531-93E3-8334851B2A5E}.Release|x64.Build.0 = Release|x64
		{D286C535-91BC-3531-93E3-8334851B2A5E}.MinSizeRel|x64.ActiveCfg = MinSizeRel|x64
		{D286C535-91BC-3531-93E3-8334851B2A5E}.MinSizeRel|x64.Build.0 = MinSizeRel|x64
		{D286C535-91BC-3531-93E3-8334851B2A5E}.RelWithDebInfo|x64.ActiveCfg = RelWithDebInfo|x64
		{D286C535-91BC-3531-93E3-8334851B2A5E}.RelWithDebInfo|x64.Build.0 = RelWithDebInfo|x64
		{AA6FA871-20E3-3085-B59C-25622A2FFEDB}.Debug|x64.ActiveCfg = Debug|x64
		{AA6FA871-20E3-3085-B59C-25622A2FFEDB}.Debug|x64.Build.0 = Debug|x64
		{AA6FA871-20E3-3085-B59C-25622A2FFEDB}.Release|x64.ActiveCfg = Release|x64
		{AA6FA871-20E3-3085-B59C-25622A2FFEDB}.Release|x64.Build.0 = Release|x64
		{AA6FA871-20E3-3085-B59C-25622A2FFEDB}.MinSizeRel|x64.ActiveCfg = MinSizeRel|x64
		{AA6FA871-20E3-3085-B59C-25622A2FFEDB}.MinSizeRel|x64.Build.0 = MinSizeRel|x64
		{AA6FA871-20E3-3085-B59C-25622A2FFEDB}.RelWithDebInfo|x64.ActiveCfg = RelWithDebInfo|x64
		{AA6FA871-20E3-3085-B59C-25622A2FFEDB}.RelWithDebInfo|x64.Build.0 = RelWithDebInfo|x64
		{EB4C2ED1-6706-353D-9233-61CAAF97B9C5}.Debug|x64.ActiveCfg = Debug|x64
		{EB4C2ED1-6706-353D-9233-61CAAF97B9C5}.Debug|x64.Build.0 = Debug|x64
		{EB4C2ED1-6706-353D-9233-61CAAF97B9C5}.Release|x64.ActiveCfg = Release|x64
		{EB4C2ED1-6706-353D-9233-61CAAF97B9C5}.Release|x64.Build.0 = Release|x64
		{EB4C2ED1-6706-353D-9233-61CAAF97B9C5}.MinSizeRel|x64.ActiveCfg = MinSizeRel|x64
		{EB4C2ED1-6706-353D-9233-61CAAF97B9C5}.MinSizeRel|x64.Build.0 = MinSizeRel|x64
		{EB4C2ED1-6706-353D-9233-61CAAF97B9C5}.RelWithDebInfo|x64.ActiveCfg = RelWithDebInfo|x64
		{EB4C2ED1-6706-353D-9233-61CAAF97B9C5}.RelWithDebInfo|x64.Build.0 = RelWithDebInfo|x64
		{8A41DC97-842D-3686-9675-26FE647EEA78}.Debug|x64.ActiveCfg = Debug|x64
		{8A41DC97-842D-3686-9675-26FE647EEA78}.Debug|x64.Build.0 = Debug|x64
		{8A41DC97-842D-3686-9675-26FE647EEA78}.Release|x64.ActiveCfg = Release|x64
		{8A41DC97-842D-3686-9675-26FE647EEA78}.Release|x64.Build.0 = Release|x64
		{8A41DC97-842D-3686-9675-26FE647EEA78}.MinSizeRel|x64.ActiveCfg = MinSizeRel|x64
		{8A41DC97-842D-3686-9675-26FE647EEA78}.MinSizeRel|x64.Build.0 = MinSizeRel|x64
		{8A41DC97-842D-3686-9675-26FE647EEA78}.RelWithDebInfo|x64.ActiveCfg = RelWithDebInfo|x64
		{8A41DC97-842D-3686-9675-26FE647EEA78}.RelWithDebInfo|x64.Build.0 = RelWithDebInfo|x64
		{892AAF21-B249-3996-9264-EDD4AC5A7889}.Debug|x64.ActiveCfg = Debug|x64
		{892AAF21-B249-3996-9264-EDD4AC5A7889}.Debug|x64.Build.0 = Debug|x64
		{892AAF21-B249-3996-9264-EDD4AC5A7889}.Release|x64.ActiveCfg = Release|x64
		{892AAF21-B249-3996-9264-EDD4AC5A7889}.Release|x64.Build.0 = Release|x64
		{892AAF21-B249-3996-9264-EDD4AC5A7889}.MinSizeRel|x64.ActiveCfg = MinSizeRel|x64
		{892AAF21-B249-3996-9264-EDD4AC5A7889}.MinSizeRel|x64.Build.0 = MinSizeRel|x64
		{892AAF21-B249-3996-9264-EDD4AC5A7889}.RelWithDebInfo|x64.ActiveCfg = RelWithDebInfo|x64
		{892AAF21-B249-3996-9264-EDD4AC5A7889}.RelWithDebInfo|x64.Build.0 = RelWithDebInfo|x64
		{29D48651-3B79-3B21-80AE-49094E30821B}.Debug|x64.ActiveCfg = Debug|x64
		{29D48651-3B79-3B21-80AE-49094E30821B}.Debug|x64.Build.0 = Debug|x64
		{29D48651-3B79-3B21-80AE-49094E30821B}.Release|x64.ActiveCfg = Release|x64
		{29D48651-3B79-3B21-80AE-49094E30821B}.Release|x64.Build.0 = Release|x64
		{29D48651-3B79-3B21-80AE-49094E30821B}.MinSizeRel|x64.ActiveCfg = MinSizeRel|x64
		{29D48651-3B79-3B21-80AE-49094E30821B}.MinSizeRel|x64.Build.0 = MinSizeRel|x64
		{29D48651-3B79-3B21-80AE-49094E30821B}.RelWithDebInfo|x64.ActiveCfg = RelWithDebInfo|x64
		{29D48651-3B79-3B21-80AE-49094E30821B}.RelWithDebInfo|x64.Build.0 = RelWithDebInfo|x64
		{3C145839-06B2-3474-AF8B-B1128EB3D3F5}.Debug|x64.ActiveCfg = Debug|x64
		{3C145839-06B2-3474-AF8B-B1128EB3D3F5}.Debug|x64.Build.0 = Debug|x64
		{3C145839-06B2-3474-AF8B-B1128EB3D3F5}.Release|x64.ActiveCfg = Release|x64
		{3C145839-06B2-3474-AF8B-B1128EB3D3F5}.Release|x64.Build.0 = Release|x64
		{3C145839-06B2-3474-AF8B-B1128EB3D3F5}.MinSizeRel|x64.ActiveCfg = MinSizeRel|x64
		{3C145839-06B2-3474-AF8B-B1128EB3D3F5}.MinSizeRel|x64.Build.0 = MinSizeRel|x64
		{3C145839-06B2-3474-AF8B-B1128EB3D3F5}.RelWithDebInfo|x64.ActiveCfg = RelWithDebInfo|x64
		{3C145839-06B2-3474-AF8B-B1128EB3D3F5}.RelWithDebInfo|x64.Build.0 = RelWithDebInfo|x64
		{7B058B2A-36A1-3068-88A7-5F3D8BE42FB7}.Debug|x64.ActiveCfg = Debug|x64
		{7B058B2A-36A1-3068-88A7-5F3D8BE42FB7}.Release|x64.ActiveCfg = Release|x64
		{7B058B2A-36A1-3068-88A7-5F3D8BE42FB7}.MinSizeRel|x64.ActiveCfg = MinSizeRel|x64
		{7B058B2A-36A1-3068-88A7-5F3D8BE42FB7}.RelWithDebInfo|x64.ActiveCfg = RelWithDebInfo|x64
		{817B082E-4227-39AD-9115-61CD177CF5F6}.Debug|x64.ActiveCfg = Debug|x64
		{817B082E-4227-39AD-9115-61CD177CF5F6}.Debug|x64.Build.0 = Debug|x64
		{817B082E-4227-39AD-9115-61CD177CF5F6}.Release|x64.ActiveCfg = Release|x64
		{817B082E-4227-39AD-9115-61CD177CF5F6}.Release|x64.Build.0 = Release|x64
		{817B082E-4227-39AD-9115-61CD177CF5F6}.MinSizeRel|x64.ActiveCfg = MinSizeRel|x64
		{817B082E-4227-39AD-9115-61CD177CF5F6}.MinSizeRel|x64.Build.0 = MinSizeRel|x64
		{817B082E-4227-39AD-9115-61CD177CF5F6}.RelWithDebInfo|x64.ActiveCfg = RelWithDebInfo|x64
		{817B082E-4227-39AD-9115-61CD177CF5F6}.RelWithDebInfo|x64.Build.0 = RelWithDebInfo|x64
		{C3DB0F26-EA9A-3F9D-8606-671B68435003}.Debug|x64.ActiveCfg = Debug|x64
		{C3DB0F26-EA9A-3F9D-8606-671B68435003}.Debug|x64.Build.0 = Debug|x64
		{C3DB0F26-EA9A-3F9D-8606-671B68435003}.Release|x64.ActiveCfg = Release|x64
		{C3DB0F26-EA9A-3F9D-8606-671B68435003}.Release|x64.Build.0 = Release|x64
		{C3DB0F26-EA9A-3F9D-8606-671B68435003}.MinSizeRel|x64.ActiveCfg = MinSizeRel|x64
		{C3DB0F26-EA9A-3F9D-8606-671B68435003}.MinSizeRel|x64.Build.0 = MinSizeRel|x64
		{C3DB0F26-EA9A-3F9D-8606-671B68435003}.RelWithDebInfo|x64.ActiveCfg = RelWithDebInfo|x64
		{C3DB0F26-EA9A-3F9D-8606-671B68435003}.RelWithDebInfo|x64.Build.0 = RelWithDebInfo|x64
		{499AAC71-7AB8-3840-8A16-25C98E284A09}.Debug|x64.ActiveCfg = Debug|x64
		{499AAC71-7AB8-3840-8A16-25C98E284A09}.Debug|x64.Build.0 = Debug|x64
		{499AAC71-7AB8-3840-8A16-25C98E284A09}.Release|x64.ActiveCfg = Release|x64
		{499AAC71-7AB8-3840-8A16-25C98E284A09}.Release|x64.Build.0 = Release|x64
		{499AAC71-7AB8-3840-8A16-25C98E284A09}.MinSizeRel|x64.ActiveCfg = MinSizeRel|x64
		{499AAC71-7AB8-3840-8A16-25C98E284A09}.MinSizeRel|x64.Build.0 = MinSizeRel|x64
		{499AAC71-7AB8-3840-8A16-25C98E284A09}.RelWithDebInfo|x64.ActiveCfg = RelWithDebInfo|x64
		{499AAC71-7AB8-3840-8A16-25C98E284A09}.RelWithDebInfo|x64.Build.0 = RelWithDebInfo|x64
		{66DFE521-9D48-338D-9D02-ED4386F090AE}.Debug|x64.ActiveCfg = Debug|x64
		{66DFE521-9D48-338D-9D02-ED4386F090AE}.Debug|x64.Build.0 = Debug|x64
		{66DFE521-9D48-338D-9D02-ED4386F090AE}.Release|x64.ActiveCfg = Release|x64
		{66DFE521-9D48-338D-9D02-ED4386F090AE}.Release|x64.Build.0 = Release|x64
		{66DFE521-9D48-338D-9D02-ED4386F090AE}.MinSizeRel|x64.ActiveCfg = MinSizeRel|x64
		{66DFE521-9D48-338D-9D02-ED4386F090AE}.MinSizeRel|x64.Build.0 = MinSizeRel|x64
		{66DFE521-9D48-338D-9D02-ED4386F090AE}.RelWithDebInfo|x64.ActiveCfg = RelWithDebInfo|x64
		{66DFE521-9D48-338D-9D02-ED4386F090AE}.RelWithDebInfo|x64.Build.0 = RelWithDebInfo|x64
		{2988CC88-580B-3975-8AFD-A88B9BEB628F}.Debug|x64.ActiveCfg = Debug|x64
		{2988CC88-580B-3975-8AFD-A88B9BEB628F}.Debug|x64.Build.0 = Debug|x64
		{2988CC88-580B-3975-8AFD-A88B9BEB628F}.Release|x64.ActiveCfg = Release|x64
		{2988CC88-580B-3975-8AFD-A88B9BEB628F}.Release|x64.Build.0 = Release|x64
		{2988CC88-580B-3975-8AFD-A88B9BEB628F}.MinSizeRel|x64.ActiveCfg = MinSizeRel|x64
		{2988CC88-580B-3975-8AFD-A88B9BEB628F}.MinSizeRel|x64.Build.0 = MinSizeRel|x64
		{2988CC88-580B-3975-8AFD-A88B9BEB628F}.RelWithDebInfo|x64.ActiveCfg = RelWithDebInfo|x64
		{2988CC88-580B-3975-8AFD-A88B9BEB628F}.RelWithDebInfo|x64.Build.0 = RelWithDebInfo|x64
		{969617EF-E82F-3CAB-9865-78BDEACC878D}.Debug|x64.ActiveCfg = Debug|x64
		{969617EF-E82F-3CAB-9865-78BDEACC878D}.Debug|x64.Build.0 = Debug|x64
		{969617EF-E82F-3CAB-9865-78BDEACC878D}.Release|x64.ActiveCfg = Release|x64
		{969617EF-E82F-3CAB-9865-78BDEACC878D}.Release|x64.Build.0 = Release|x64
		{969617EF-E82F-3CAB-9865-78BDEACC878D}.MinSizeRel|x64.ActiveCfg = MinSizeRel|x64
		{969617EF-E82F-3CAB-9865-78BDEACC878D}.MinSizeRel|x64.Build.0 = MinSizeRel|x64
		{969617EF-E82F-3CAB-9865-78BDEACC878D}.RelWithDebInfo|x64.ActiveCfg = RelWithDebInfo|x64
		{969617EF-E82F-3CAB-9865-78BDEACC878D}.RelWithDebInfo|x64.Build.0 = RelWithDebInfo|x64
		{D4501326-4AFB-34CC-A5F5-D816F01207FB}.Debug|x64.ActiveCfg = Debug|x64
		{D4501326-4AFB-34CC-A5F5-D816F01207FB}.Debug|x64.Build.0 = Debug|x64
		{D4501326-4AFB-34CC-A5F5-D816F01207FB}.Release|x64.ActiveCfg = Release|x64
		{D4501326-4AFB-34CC-A5F5-D816F01207FB}.Release|x64.Build.0 = Release|x64
		{D4501326-4AFB-34CC-A5F5-D816F01207FB}.MinSizeRel|x64.ActiveCfg = MinSizeRel|x64
		{D4501326-4AFB-34CC-A5F5-D816F01207FB}.MinSizeRel|x64.Build.0 = MinSizeRel|x64
		{D4501326-4AFB-34CC-A5F5-D816F01207FB}.RelWithDebInfo|x64.ActiveCfg = RelWithDebInfo|x64
		{D4501326-4AFB-34CC-A5F5-D816F01207FB}.RelWithDebInfo|x64.Build.0 = RelWithDebInfo|x64
		{4D3E240C-946B-383F-AE08-D58B1D19DE17}.Debug|x64.ActiveCfg = Debug|x64
		{4D3E240C-946B-383F-AE08-D58B1D19DE17}.Release|x64.ActiveCfg = Release|x64
		{4D3E240C-946B-383F-AE08-D58B1D19DE17}.MinSizeRel|x64.ActiveCfg = MinSizeRel|x64
		{4D3E240C-946B-383F-AE08-D58B1D19DE17}.RelWithDebInfo|x64.ActiveCfg = RelWithDebInfo|x64
		{590D6E6A-FC2C-3FDA-8177-13B92CC2C11D}.Debug|x64.ActiveCfg = Debug|x64
		{590D6E6A-FC2C-3FDA-8177-13B92CC2C11D}.Debug|x64.Build.0 = Debug|x64
		{590D6E6A-FC2C-3FDA-8177-13B92CC2C11D}.Release|x64.ActiveCfg = Release|x64
		{590D6E6A-FC2C-3FDA-8177-13B92CC2C11D}.Release|x64.Build.0 = Release|x64
		{590D6E6A-FC2C-3FDA-8177-13B92CC2C11D}.MinSizeRel|x64.ActiveCfg = MinSizeRel|x64
		{590D6E6A-FC2C-3FDA-8177-13B92CC2C11D}.MinSizeRel|x64.Build.0 = MinSizeRel|x64
		{590D6E6A-FC2C-3FDA-8177-13B92CC2C11D}.RelWithDebInfo|x64.ActiveCfg = RelWithDebInfo|x64
		{590D6E6A-FC2C-3FDA-8177-13B92CC2C11D}.RelWithDebInfo|x64.Build.0 = RelWithDebInfo|x64
		{19704C34-6E1B-333B-9CC4-AE65E56DC66A}.Debug|x64.ActiveCfg = Debug|x64
		{19704C34-6E1B-333B-9CC4-AE65E56DC66A}.Debug|x64.Build.0 = Debug|x64
		{19704C34-6E1B-333B-9CC4-AE65E56DC66A}.Release|x64.ActiveCfg = Release|x64
		{19704C34-6E1B-333B-9CC4-AE65E56DC66A}.Release|x64.Build.0 = Release|x64
		{19704C34-6E1B-333B-9CC4-AE65E56DC66A}.MinSizeRel|x64.ActiveCfg = MinSizeRel|x64
		{19704C34-6E1B-333B-9CC4-AE65E56DC66A}.MinSizeRel|x64.Build.0 = MinSizeRel|x64
		{19704C34-6E1B-333B-9CC4-AE65E56DC66A}.RelWithDebInfo|x64.ActiveCfg = RelWithDebInfo|x64
		{19704C34-6E1B-333B-9CC4-AE65E56DC66A}.RelWithDebInfo|x64.Build.0 = RelWithDebInfo|x64
		{7BDABD29-923E-36DC-BC94-D16B3A610B71}.Debug|x64.ActiveCfg = Debug|x64
		{7BDABD29-923E-36DC-BC94-D16B3A610B71}.Debug|x64.Build.0 = Debug|x64
		{7BDABD29-923E-36DC-BC94-D16B3A610B71}.Release|x64.ActiveCfg = Release|x64
		{7BDABD29-923E-36DC-BC94-D16B3A610B71}.Release|x64.Build.0 = Release|x64
		{7BDABD29-923E-36DC-BC94-D16B3A610B71}.MinSizeRel|x64.ActiveCfg = MinSizeRel|x64
		{7BDABD29-923E-36DC-BC94-D16B3A610B71}.MinSizeRel|x64.Build.0 = MinSizeRel|x64
		{7BDABD29-923E-36DC-BC94-D16B3A610B71}.RelWithDebInfo|x64.ActiveCfg = RelWithDebInfo|x64
		{7BDABD29-923E-36DC-BC94-D16B3A610B71}.RelWithDebInfo|x64.Build.0 = RelWithDebInfo|x64
	EndGlobalSection
	GlobalSection(NestedProjects) = preSolution
		{61BA171C-BFAD-3E96-B317-155EE0BBEE53} = {CC3ACC4A-C5BB-3C08-968B-637BEF3F166C}
		{0649073E-282E-3668-A208-B0BCC3899BE5} = {CC3ACC4A-C5BB-3C08-968B-637BEF3F166C}
		{2145D955-930C-3957-A29A-EE1358558829} = {CC3ACC4A-C5BB-3C08-968B-637BEF3F166C}
		{F321DD26-BA27-3F69-8F6F-6559CF3FFA89} = {BD3EC45F-320D-3459-B686-CDA99F4C4E7D}
		{6E1BB827-8D65-3BA7-8240-E0F121988E56} = {BD3EC45F-320D-3459-B686-CDA99F4C4E7D}
		{483C337D-ED48-34EE-992D-DF12F7F52807} = {BD3EC45F-320D-3459-B686-CDA99F4C4E7D}
		{20344212-A9AD-30EC-8A8D-D4270923CAFF} = {F321DD26-BA27-3F69-8F6F-6559CF3FFA89}
		{5223E0D3-4F18-3DB8-967C-077A62E4AD92} = {F321DD26-BA27-3F69-8F6F-6559CF3FFA89}
		{AA6FA871-20E3-3085-B59C-25622A2FFEDB} = {F321DD26-BA27-3F69-8F6F-6559CF3FFA89}
		{3C145839-06B2-3474-AF8B-B1128EB3D3F5} = {F321DD26-BA27-3F69-8F6F-6559CF3FFA89}
		{499AAC71-7AB8-3840-8A16-25C98E284A09} = {F321DD26-BA27-3F69-8F6F-6559CF3FFA89}
		{66DFE521-9D48-338D-9D02-ED4386F090AE} = {F321DD26-BA27-3F69-8F6F-6559CF3FFA89}
		{19704C34-6E1B-333B-9CC4-AE65E56DC66A} = {F321DD26-BA27-3F69-8F6F-6559CF3FFA89}
		{D4767B80-B21D-3A00-90B0-5B02BFB049C3} = {6E1BB827-8D65-3BA7-8240-E0F121988E56}
		{2AA246C5-2059-3F16-B40D-42DDAB36D08B} = {6E1BB827-8D65-3BA7-8240-E0F121988E56}
		{04C08546-09E8-309E-AA9A-1C1B02572BA5} = {6E1BB827-8D65-3BA7-8240-E0F121988E56}
		{ED0B4DB8-B766-36ED-9319-A9B75941C63C} = {6E1BB827-8D65-3BA7-8240-E0F121988E56}
		{3D4E1CC9-D775-39E0-AE55-B1751C581521} = {6E1BB827-8D65-3BA7-8240-E0F121988E56}
		{D286C535-91BC-3531-93E3-8334851B2A5E} = {6E1BB827-8D65-3BA7-8240-E0F121988E56}
		{EB4C2ED1-6706-353D-9233-61CAAF97B9C5} = {6E1BB827-8D65-3BA7-8240-E0F121988E56}
		{8A41DC97-842D-3686-9675-26FE647EEA78} = {6E1BB827-8D65-3BA7-8240-E0F121988E56}
		{892AAF21-B249-3996-9264-EDD4AC5A7889} = {6E1BB827-8D65-3BA7-8240-E0F121988E56}
		{29D48651-3B79-3B21-80AE-49094E30821B} = {6E1BB827-8D65-3BA7-8240-E0F121988E56}
		{817B082E-4227-39AD-9115-61CD177CF5F6} = {6E1BB827-8D65-3BA7-8240-E0F121988E56}
		{C3DB0F26-EA9A-3F9D-8606-671B68435003} = {6E1BB827-8D65-3BA7-8240-E0F121988E56}
		{2988CC88-580B-3975-8AFD-A88B9BEB628F} = {6E1BB827-8D65-3BA7-8240-E0F121988E56}
		{969617EF-E82F-3CAB-9865-78BDEACC878D} = {6E1BB827-8D65-3BA7-8240-E0F121988E56}
		{D4501326-4AFB-34CC-A5F5-D816F01207FB} = {6E1BB827-8D65-3BA7-8240-E0F121988E56}
		{7BDABD29-923E-36DC-BC94-D16B3A610B71} = {6E1BB827-8D65-3BA7-8240-E0F121988E56}
	EndGlobalSection
	GlobalSection(ExtensibilityGlobals) = postSolution
		SolutionGuid = {701B340B-22BB-3666-8836-36E046EB0AC9}
	EndGlobalSection
	GlobalSection(ExtensibilityAddIns) = postSolution
	EndGlobalSection
EndGlobal
