Microsoft Visual Studio Solution File, Format Version 12.00
# Visual Studio 14
Project("{2150E333-8FDC-42A3-9474-1A3956D46DE8}") = "CMakePredefinedTargets", "CMakePredefinedTargets", "{AB3E8E0C-DF05-3521-A5D6-94604DF3CB89}"
EndProject
Project("{2150E333-8FDC-42A3-9474-1A3956D46DE8}") = "GLFW3", "GLFW3", "{CC14BBC0-FB42-350E-9ADC-121161C39B84}"
EndProject
Project("{2150E333-8FDC-42A3-9474-1A3956D46DE8}") = "Examples", "GLFW3\Examples", "{EDDC9388-6FB5-395B-A902-032048A32965}"
EndProject
Project("{2150E333-8FDC-42A3-9474-1A3956D46DE8}") = "Tests", "GLFW3\Tests", "{DB713FBC-B2DC-35C6-AC7B-244B33B3726A}"
EndProject
Project("{8BC9CEB8-8B4A-11D0-8D11-00A0C91BC942}") = "ALL_BUILD", "ALL_BUILD.vcxproj", "{56EFE21C-E26E-359F-BE2D-E9AC7BC03D57}"
	ProjectSection(ProjectDependencies) = postProject
		{81535EF7-3368-3AE1-9D54-7984DB2BA273} = {81535EF7-3368-3AE1-9D54-7984DB2BA273}
		{ECFE848B-62E0-3794-B030-5419EB1589BD} = {ECFE848B-62E0-3794-B030-5419EB1589BD}
		{E5CD3609-8828-3E20-9311-2EAF6119FE66} = {E5CD3609-8828-3E20-9311-2EAF6119FE66}
		{9AEC2DB4-67C7-3F61-ACFC-9E154B2C201F} = {9AEC2DB4-67C7-3F61-ACFC-9E154B2C201F}
		{A3338D0A-F417-3E12-9F59-9C5013A58B9E} = {A3338D0A-F417-3E12-9F59-9C5013A58B9E}
		{D1DBACB0-2D57-3306-8728-8AB1572E65FE} = {D1DBACB0-2D57-3306-8728-8AB1572E65FE}
		{8B6934DA-F1FB-3731-B8CB-FEE71A17CB21} = {8B6934DA-F1FB-3731-B8CB-FEE71A17CB21}
		{EE425285-4BEF-3302-AA29-E1778C3FBC2A} = {EE425285-4BEF-3302-AA29-E1778C3FBC2A}
		{6DE0A0EE-51F9-3CD6-9913-A3D5A1592EAA} = {6DE0A0EE-51F9-3CD6-9913-A3D5A1592EAA}
		{AD620ABE-ADAF-3974-9741-99915D5AC169} = {AD620ABE-ADAF-3974-9741-99915D5AC169}
		{898BED3F-773D-3730-B870-3780FEC2C295} = {898BED3F-773D-3730-B870-3780FEC2C295}
		{154E4E90-C053-3094-A0AC-887716E109C2} = {154E4E90-C053-3094-A0AC-887716E109C2}
		{47695C1C-5A02-314B-966E-B0ACFE6E2820} = {47695C1C-5A02-314B-966E-B0ACFE6E2820}
		{15AF24EF-F26F-31E9-ADCC-44668C683DDF} = {15AF24EF-F26F-31E9-ADCC-44668C683DDF}
		{B823D2F4-13ED-34B3-B7AF-6ADDE5BF8242} = {B823D2F4-13ED-34B3-B7AF-6ADDE5BF8242}
		{B6EF09C8-A3D2-3A06-AF91-E276450D6720} = {B6EF09C8-A3D2-3A06-AF91-E276450D6720}
		{530D29D4-0EB5-35BA-B680-79E99EB8831A} = {530D29D4-0EB5-35BA-B680-79E99EB8831A}
		{5F55A888-8D2D-3A42-9959-BEF66DA5E615} = {5F55A888-8D2D-3A42-9959-BEF66DA5E615}
		{11959CDE-A378-3CF8-AD7B-063BCFBB4606} = {11959CDE-A378-3CF8-AD7B-063BCFBB4606}
		{B2C0C467-5E7F-321E-ABA6-FFB2214FE12D} = {B2C0C467-5E7F-321E-ABA6-FFB2214FE12D}
		{C7F728C4-5092-345E-A0E7-FD6B45D3E954} = {C7F728C4-5092-345E-A0E7-FD6B45D3E954}
		{6046D466-B2EE-38D6-B288-2DF122417654} = {6046D466-B2EE-38D6-B288-2DF122417654}
		{6E6E0979-5A4A-3092-A57D-4533F949AB74} = {6E6E0979-5A4A-3092-A57D-4533F949AB74}
		{E82EEFCA-A888-3326-9361-42A069B9C4DF} = {E82EEFCA-A888-3326-9361-42A069B9C4DF}
		{633CF7B6-59C8-3C6D-8932-2D48B0CC6364} = {633CF7B6-59C8-3C6D-8932-2D48B0CC6364}
	EndProjectSection
EndProject
Project("{8BC9CEB8-8B4A-11D0-8D11-00A0C91BC942}") = "INSTALL", "INSTALL.vcxproj", "{A47951A3-4EF2-356F-91D7-35376F707ACF}"
	ProjectSection(ProjectDependencies) = postProject
		{56EFE21C-E26E-359F-BE2D-E9AC7BC03D57} = {56EFE21C-E26E-359F-BE2D-E9AC7BC03D57}
		{81535EF7-3368-3AE1-9D54-7984DB2BA273} = {81535EF7-3368-3AE1-9D54-7984DB2BA273}
	EndProjectSection
EndProject
Project("{8BC9CEB8-8B4A-11D0-8D11-00A0C91BC942}") = "ZERO_CHECK", "..\..\\ZERO_CHECK.vcxproj", "{81535EF7-3368-3AE1-9D54-7984DB2BA273}"
	ProjectSection(ProjectDependencies) = postProject
	EndProjectSection
EndProject
Project("{8BC9CEB8-8B4A-11D0-8D11-00A0C91BC942}") = "boing", "examples\boing.vcxproj", "{ECFE848B-62E0-3794-B030-5419EB1589BD}"
	ProjectSection(ProjectDependencies) = postProject
		{81535EF7-3368-3AE1-9D54-7984DB2BA273} = {81535EF7-3368-3AE1-9D54-7984DB2BA273}
		{6DE0A0EE-51F9-3CD6-9913-A3D5A1592EAA} = {6DE0A0EE-51F9-3CD6-9913-A3D5A1592EAA}
	EndProjectSection
EndProject
Project("{8BC9CEB8-8B4A-11D0-8D11-00A0C91BC942}") = "clipboard", "tests\clipboard.vcxproj", "{E5CD3609-8828-3E20-9311-2EAF6119FE66}"
	ProjectSection(ProjectDependencies) = postProject
		{81535EF7-3368-3AE1-9D54-7984DB2BA273} = {81535EF7-3368-3AE1-9D54-7984DB2BA273}
		{6DE0A0EE-51F9-3CD6-9913-A3D5A1592EAA} = {6DE0A0EE-51F9-3CD6-9913-A3D5A1592EAA}
	EndProjectSection
EndProject
Project("{8BC9CEB8-8B4A-11D0-8D11-00A0C91BC942}") = "cursor", "tests\cursor.vcxproj", "{9AEC2DB4-67C7-3F61-ACFC-9E154B2C201F}"
	ProjectSection(ProjectDependencies) = postProject
		{81535EF7-3368-3AE1-9D54-7984DB2BA273} = {81535EF7-3368-3AE1-9D54-7984DB2BA273}
		{6DE0A0EE-51F9-3CD6-9913-A3D5A1592EAA} = {6DE0A0EE-51F9-3CD6-9913-A3D5A1592EAA}
	EndProjectSection
EndProject
Project("{8BC9CEB8-8B4A-11D0-8D11-00A0C91BC942}") = "empty", "tests\empty.vcxproj", "{A3338D0A-F417-3E12-9F59-9C5013A58B9E}"
	ProjectSection(ProjectDependencies) = postProject
		{81535EF7-3368-3AE1-9D54-7984DB2BA273} = {81535EF7-3368-3AE1-9D54-7984DB2BA273}
		{6DE0A0EE-51F9-3CD6-9913-A3D5A1592EAA} = {6DE0A0EE-51F9-3CD6-9913-A3D5A1592EAA}
	EndProjectSection
EndProject
Project("{8BC9CEB8-8B4A-11D0-8D11-00A0C91BC942}") = "events", "tests\events.vcxproj", "{D1DBACB0-2D57-3306-8728-8AB1572E65FE}"
	ProjectSection(ProjectDependencies) = postProject
		{81535EF7-3368-3AE1-9D54-7984DB2BA273} = {81535EF7-3368-3AE1-9D54-7984DB2BA273}
		{6DE0A0EE-51F9-3CD6-9913-A3D5A1592EAA} = {6DE0A0EE-51F9-3CD6-9913-A3D5A1592EAA}
	EndProjectSection
EndProject
Project("{8BC9CEB8-8B4A-11D0-8D11-00A0C91BC942}") = "gamma", "tests\gamma.vcxproj", "{8B6934DA-F1FB-3731-B8CB-FEE71A17CB21}"
	ProjectSection(ProjectDependencies) = postProject
		{81535EF7-3368-3AE1-9D54-7984DB2BA273} = {81535EF7-3368-3AE1-9D54-7984DB2BA273}
		{6DE0A0EE-51F9-3CD6-9913-A3D5A1592EAA} = {6DE0A0EE-51F9-3CD6-9913-A3D5A1592EAA}
	EndProjectSection
EndProject
Project("{8BC9CEB8-8B4A-11D0-8D11-00A0C91BC942}") = "gears", "examples\gears.vcxproj", "{EE425285-4BEF-3302-AA29-E1778C3FBC2A}"
	ProjectSection(ProjectDependencies) = postProject
		{81535EF7-3368-3AE1-9D54-7984DB2BA273} = {81535EF7-3368-3AE1-9D54-7984DB2BA273}
		{6DE0A0EE-51F9-3CD6-9913-A3D5A1592EAA} = {6DE0A0EE-51F9-3CD6-9913-A3D5A1592EAA}
	EndProjectSection
EndProject
Project("{8BC9CEB8-8B4A-11D0-8D11-00A0C91BC942}") = "glfw", "src\glfw.vcxproj", "{6DE0A0EE-51F9-3CD6-9913-A3D5A1592EAA}"
	ProjectSection(ProjectDependencies) = postProject
		{81535EF7-3368-3AE1-9D54-7984DB2BA273} = {81535EF7-3368-3AE1-9D54-7984DB2BA273}
	EndProjectSection
EndProject
Project("{8BC9CEB8-8B4A-11D0-8D11-00A0C91BC942}") = "glfwinfo", "tests\glfwinfo.vcxproj", "{AD620ABE-ADAF-3974-9741-99915D5AC169}"
	ProjectSection(ProjectDependencies) = postProject
		{81535EF7-3368-3AE1-9D54-7984DB2BA273} = {81535EF7-3368-3AE1-9D54-7984DB2BA273}
		{6DE0A0EE-51F9-3CD6-9913-A3D5A1592EAA} = {6DE0A0EE-51F9-3CD6-9913-A3D5A1592EAA}
	EndProjectSection
EndProject
Project("{8BC9CEB8-8B4A-11D0-8D11-00A0C91BC942}") = "heightmap", "examples\heightmap.vcxproj", "{898BED3F-773D-3730-B870-3780FEC2C295}"
	ProjectSection(ProjectDependencies) = postProject
		{81535EF7-3368-3AE1-9D54-7984DB2BA273} = {81535EF7-3368-3AE1-9D54-7984DB2BA273}
		{6DE0A0EE-51F9-3CD6-9913-A3D5A1592EAA} = {6DE0A0EE-51F9-3CD6-9913-A3D5A1592EAA}
	EndProjectSection
EndProject
Project("{8BC9CEB8-8B4A-11D0-8D11-00A0C91BC942}") = "iconify", "tests\iconify.vcxproj", "{154E4E90-C053-3094-A0AC-887716E109C2}"
	ProjectSection(ProjectDependencies) = postProject
		{81535EF7-3368-3AE1-9D54-7984DB2BA273} = {81535EF7-3368-3AE1-9D54-7984DB2BA273}
		{6DE0A0EE-51F9-3CD6-9913-A3D5A1592EAA} = {6DE0A0EE-51F9-3CD6-9913-A3D5A1592EAA}
	EndProjectSection
EndProject
Project("{8BC9CEB8-8B4A-11D0-8D11-00A0C91BC942}") = "joysticks", "tests\joysticks.vcxproj", "{47695C1C-5A02-314B-966E-B0ACFE6E2820}"
	ProjectSection(ProjectDependencies) = postProject
		{81535EF7-3368-3AE1-9D54-7984DB2BA273} = {81535EF7-3368-3AE1-9D54-7984DB2BA273}
		{6DE0A0EE-51F9-3CD6-9913-A3D5A1592EAA} = {6DE0A0EE-51F9-3CD6-9913-A3D5A1592EAA}
	EndProjectSection
EndProject
Project("{8BC9CEB8-8B4A-11D0-8D11-00A0C91BC942}") = "monitors", "tests\monitors.vcxproj", "{15AF24EF-F26F-31E9-ADCC-44668C683DDF}"
	ProjectSection(ProjectDependencies) = postProject
		{81535EF7-3368-3AE1-9D54-7984DB2BA273} = {81535EF7-3368-3AE1-9D54-7984DB2BA273}
		{6DE0A0EE-51F9-3CD6-9913-A3D5A1592EAA} = {6DE0A0EE-51F9-3CD6-9913-A3D5A1592EAA}
	EndProjectSection
EndProject
Project("{8BC9CEB8-8B4A-11D0-8D11-00A0C91BC942}") = "msaa", "tests\msaa.vcxproj", "{B823D2F4-13ED-34B3-B7AF-6ADDE5BF8242}"
	ProjectSection(ProjectDependencies) = postProject
		{81535EF7-3368-3AE1-9D54-7984DB2BA273} = {81535EF7-3368-3AE1-9D54-7984DB2BA273}
		{6DE0A0EE-51F9-3CD6-9913-A3D5A1592EAA} = {6DE0A0EE-51F9-3CD6-9913-A3D5A1592EAA}
	EndProjectSection
EndProject
Project("{8BC9CEB8-8B4A-11D0-8D11-00A0C91BC942}") = "particles", "examples\particles.vcxproj", "{B6EF09C8-A3D2-3A06-AF91-E276450D6720}"
	ProjectSection(ProjectDependencies) = postProject
		{81535EF7-3368-3AE1-9D54-7984DB2BA273} = {81535EF7-3368-3AE1-9D54-7984DB2BA273}
		{6DE0A0EE-51F9-3CD6-9913-A3D5A1592EAA} = {6DE0A0EE-51F9-3CD6-9913-A3D5A1592EAA}
	EndProjectSection
EndProject
Project("{8BC9CEB8-8B4A-11D0-8D11-00A0C91BC942}") = "reopen", "tests\reopen.vcxproj", "{530D29D4-0EB5-35BA-B680-79E99EB8831A}"
	ProjectSection(ProjectDependencies) = postProject
		{81535EF7-3368-3AE1-9D54-7984DB2BA273} = {81535EF7-3368-3AE1-9D54-7984DB2BA273}
		{6DE0A0EE-51F9-3CD6-9913-A3D5A1592EAA} = {6DE0A0EE-51F9-3CD6-9913-A3D5A1592EAA}
	EndProjectSection
EndProject
Project("{8BC9CEB8-8B4A-11D0-8D11-00A0C91BC942}") = "sharing", "tests\sharing.vcxproj", "{5F55A888-8D2D-3A42-9959-BEF66DA5E615}"
	ProjectSection(ProjectDependencies) = postProject
		{81535EF7-3368-3AE1-9D54-7984DB2BA273} = {81535EF7-3368-3AE1-9D54-7984DB2BA273}
		{6DE0A0EE-51F9-3CD6-9913-A3D5A1592EAA} = {6DE0A0EE-51F9-3CD6-9913-A3D5A1592EAA}
	EndProjectSection
EndProject
Project("{8BC9CEB8-8B4A-11D0-8D11-00A0C91BC942}") = "simple", "examples\simple.vcxproj", "{11959CDE-A378-3CF8-AD7B-063BCFBB4606}"
	ProjectSection(ProjectDependencies) = postProject
		{81535EF7-3368-3AE1-9D54-7984DB2BA273} = {81535EF7-3368-3AE1-9D54-7984DB2BA273}
		{6DE0A0EE-51F9-3CD6-9913-A3D5A1592EAA} = {6DE0A0EE-51F9-3CD6-9913-A3D5A1592EAA}
	EndProjectSection
EndProject
Project("{8BC9CEB8-8B4A-11D0-8D11-00A0C91BC942}") = "splitview", "examples\splitview.vcxproj", "{B2C0C467-5E7F-321E-ABA6-FFB2214FE12D}"
	ProjectSection(ProjectDependencies) = postProject
		{81535EF7-3368-3AE1-9D54-7984DB2BA273} = {81535EF7-3368-3AE1-9D54-7984DB2BA273}
		{6DE0A0EE-51F9-3CD6-9913-A3D5A1592EAA} = {6DE0A0EE-51F9-3CD6-9913-A3D5A1592EAA}
	EndProjectSection
EndProject
Project("{8BC9CEB8-8B4A-11D0-8D11-00A0C91BC942}") = "tearing", "tests\tearing.vcxproj", "{C7F728C4-5092-345E-A0E7-FD6B45D3E954}"
	ProjectSection(ProjectDependencies) = postProject
		{81535EF7-3368-3AE1-9D54-7984DB2BA273} = {81535EF7-3368-3AE1-9D54-7984DB2BA273}
		{6DE0A0EE-51F9-3CD6-9913-A3D5A1592EAA} = {6DE0A0EE-51F9-3CD6-9913-A3D5A1592EAA}
	EndProjectSection
EndProject
Project("{8BC9CEB8-8B4A-11D0-8D11-00A0C91BC942}") = "threads", "tests\threads.vcxproj", "{6046D466-B2EE-38D6-B288-2DF122417654}"
	ProjectSection(ProjectDependencies) = postProject
		{81535EF7-3368-3AE1-9D54-7984DB2BA273} = {81535EF7-3368-3AE1-9D54-7984DB2BA273}
		{6DE0A0EE-51F9-3CD6-9913-A3D5A1592EAA} = {6DE0A0EE-51F9-3CD6-9913-A3D5A1592EAA}
	EndProjectSection
EndProject
Project("{8BC9CEB8-8B4A-11D0-8D11-00A0C91BC942}") = "title", "tests\title.vcxproj", "{6E6E0979-5A4A-3092-A57D-4533F949AB74}"
	ProjectSection(ProjectDependencies) = postProject
		{81535EF7-3368-3AE1-9D54-7984DB2BA273} = {81535EF7-3368-3AE1-9D54-7984DB2BA273}
		{6DE0A0EE-51F9-3CD6-9913-A3D5A1592EAA} = {6DE0A0EE-51F9-3CD6-9913-A3D5A1592EAA}
	EndProjectSection
EndProject
Project("{8BC9CEB8-8B4A-11D0-8D11-00A0C91BC942}") = "uninstall", "uninstall.vcxproj", "{A1988C78-5083-3373-A65B-78405C6BBF52}"
	ProjectSection(ProjectDependencies) = postProject
		{81535EF7-3368-3AE1-9D54-7984DB2BA273} = {81535EF7-3368-3AE1-9D54-7984DB2BA273}
	EndProjectSection
EndProject
Project("{8BC9CEB8-8B4A-11D0-8D11-00A0C91BC942}") = "wave", "examples\wave.vcxproj", "{E82EEFCA-A888-3326-9361-42A069B9C4DF}"
	ProjectSection(ProjectDependencies) = postProject
		{81535EF7-3368-3AE1-9D54-7984DB2BA273} = {81535EF7-3368-3AE1-9D54-7984DB2BA273}
		{6DE0A0EE-51F9-3CD6-9913-A3D5A1592EAA} = {6DE0A0EE-51F9-3CD6-9913-A3D5A1592EAA}
	EndProjectSection
EndProject
Project("{8BC9CEB8-8B4A-11D0-8D11-00A0C91BC942}") = "windows", "tests\windows.vcxproj", "{633CF7B6-59C8-3C6D-8932-2D48B0CC6364}"
	ProjectSection(ProjectDependencies) = postProject
		{81535EF7-3368-3AE1-9D54-7984DB2BA273} = {81535EF7-3368-3AE1-9D54-7984DB2BA273}
		{6DE0A0EE-51F9-3CD6-9913-A3D5A1592EAA} = {6DE0A0EE-51F9-3CD6-9913-A3D5A1592EAA}
	EndProjectSection
EndProject
Global
	GlobalSection(SolutionConfigurationPlatforms) = preSolution
		Debug|x64 = Debug|x64
		Release|x64 = Release|x64
		MinSizeRel|x64 = MinSizeRel|x64
		RelWithDebInfo|x64 = RelWithDebInfo|x64
	EndGlobalSection
	GlobalSection(ProjectConfigurationPlatforms) = postSolution
		{56EFE21C-E26E-359F-BE2D-E9AC7BC03D57}.Debug|x64.ActiveCfg = Debug|x64
		{56EFE21C-E26E-359F-BE2D-E9AC7BC03D57}.Debug|x64.Build.0 = Debug|x64
		{56EFE21C-E26E-359F-BE2D-E9AC7BC03D57}.Release|x64.ActiveCfg = Release|x64
		{56EFE21C-E26E-359F-BE2D-E9AC7BC03D57}.Release|x64.Build.0 = Release|x64
		{56EFE21C-E26E-359F-BE2D-E9AC7BC03D57}.MinSizeRel|x64.ActiveCfg = MinSizeRel|x64
		{56EFE21C-E26E-359F-BE2D-E9AC7BC03D57}.MinSizeRel|x64.Build.0 = MinSizeRel|x64
		{56EFE21C-E26E-359F-BE2D-E9AC7BC03D57}.RelWithDebInfo|x64.ActiveCfg = RelWithDebInfo|x64
		{56EFE21C-E26E-359F-BE2D-E9AC7BC03D57}.RelWithDebInfo|x64.Build.0 = RelWithDebInfo|x64
		{A47951A3-4EF2-356F-91D7-35376F707ACF}.Debug|x64.ActiveCfg = Debug|x64
		{A47951A3-4EF2-356F-91D7-35376F707ACF}.Release|x64.ActiveCfg = Release|x64
		{A47951A3-4EF2-356F-91D7-35376F707ACF}.MinSizeRel|x64.ActiveCfg = MinSizeRel|x64
		{A47951A3-4EF2-356F-91D7-35376F707ACF}.RelWithDebInfo|x64.ActiveCfg = RelWithDebInfo|x64
		{81535EF7-3368-3AE1-9D54-7984DB2BA273}.Debug|x64.ActiveCfg = Debug|x64
		{81535EF7-3368-3AE1-9D54-7984DB2BA273}.Debug|x64.Build.0 = Debug|x64
		{81535EF7-3368-3AE1-9D54-7984DB2BA273}.Release|x64.ActiveCfg = Release|x64
		{81535EF7-3368-3AE1-9D54-7984DB2BA273}.Release|x64.Build.0 = Release|x64
		{81535EF7-3368-3AE1-9D54-7984DB2BA273}.MinSizeRel|x64.ActiveCfg = MinSizeRel|x64
		{81535EF7-3368-3AE1-9D54-7984DB2BA273}.MinSizeRel|x64.Build.0 = MinSizeRel|x64
		{81535EF7-3368-3AE1-9D54-7984DB2BA273}.RelWithDebInfo|x64.ActiveCfg = RelWithDebInfo|x64
		{81535EF7-3368-3AE1-9D54-7984DB2BA273}.RelWithDebInfo|x64.Build.0 = RelWithDebInfo|x64
		{ECFE848B-62E0-3794-B030-5419EB1589BD}.Debug|x64.ActiveCfg = Debug|x64
		{ECFE848B-62E0-3794-B030-5419EB1589BD}.Debug|x64.Build.0 = Debug|x64
		{ECFE848B-62E0-3794-B030-5419EB1589BD}.Release|x64.ActiveCfg = Release|x64
		{ECFE848B-62E0-3794-B030-5419EB1589BD}.Release|x64.Build.0 = Release|x64
		{ECFE848B-62E0-3794-B030-5419EB1589BD}.MinSizeRel|x64.ActiveCfg = MinSizeRel|x64
		{ECFE848B-62E0-3794-B030-5419EB1589BD}.MinSizeRel|x64.Build.0 = MinSizeRel|x64
		{ECFE848B-62E0-3794-B030-5419EB1589BD}.RelWithDebInfo|x64.ActiveCfg = RelWithDebInfo|x64
		{ECFE848B-62E0-3794-B030-5419EB1589BD}.RelWithDebInfo|x64.Build.0 = RelWithDebInfo|x64
		{E5CD3609-8828-3E20-9311-2EAF6119FE66}.Debug|x64.ActiveCfg = Debug|x64
		{E5CD3609-8828-3E20-9311-2EAF6119FE66}.Debug|x64.Build.0 = Debug|x64
		{E5CD3609-8828-3E20-9311-2EAF6119FE66}.Release|x64.ActiveCfg = Release|x64
		{E5CD3609-8828-3E20-9311-2EAF6119FE66}.Release|x64.Build.0 = Release|x64
		{E5CD3609-8828-3E20-9311-2EAF6119FE66}.MinSizeRel|x64.ActiveCfg = MinSizeRel|x64
		{E5CD3609-8828-3E20-9311-2EAF6119FE66}.MinSizeRel|x64.Build.0 = MinSizeRel|x64
		{E5CD3609-8828-3E20-9311-2EAF6119FE66}.RelWithDebInfo|x64.ActiveCfg = RelWithDebInfo|x64
		{E5CD3609-8828-3E20-9311-2EAF6119FE66}.RelWithDebInfo|x64.Build.0 = RelWithDebInfo|x64
		{9AEC2DB4-67C7-3F61-ACFC-9E154B2C201F}.Debug|x64.ActiveCfg = Debug|x64
		{9AEC2DB4-67C7-3F61-ACFC-9E154B2C201F}.Debug|x64.Build.0 = Debug|x64
		{9AEC2DB4-67C7-3F61-ACFC-9E154B2C201F}.Release|x64.ActiveCfg = Release|x64
		{9AEC2DB4-67C7-3F61-ACFC-9E154B2C201F}.Release|x64.Build.0 = Release|x64
		{9AEC2DB4-67C7-3F61-ACFC-9E154B2C201F}.MinSizeRel|x64.ActiveCfg = MinSizeRel|x64
		{9AEC2DB4-67C7-3F61-ACFC-9E154B2C201F}.MinSizeRel|x64.Build.0 = MinSizeRel|x64
		{9AEC2DB4-67C7-3F61-ACFC-9E154B2C201F}.RelWithDebInfo|x64.ActiveCfg = RelWithDebInfo|x64
		{9AEC2DB4-67C7-3F61-ACFC-9E154B2C201F}.RelWithDebInfo|x64.Build.0 = RelWithDebInfo|x64
		{A3338D0A-F417-3E12-9F59-9C5013A58B9E}.Debug|x64.ActiveCfg = Debug|x64
		{A3338D0A-F417-3E12-9F59-9C5013A58B9E}.Debug|x64.Build.0 = Debug|x64
		{A3338D0A-F417-3E12-9F59-9C5013A58B9E}.Release|x64.ActiveCfg = Release|x64
		{A3338D0A-F417-3E12-9F59-9C5013A58B9E}.Release|x64.Build.0 = Release|x64
		{A3338D0A-F417-3E12-9F59-9C5013A58B9E}.MinSizeRel|x64.ActiveCfg = MinSizeRel|x64
		{A3338D0A-F417-3E12-9F59-9C5013A58B9E}.MinSizeRel|x64.Build.0 = MinSizeRel|x64
		{A3338D0A-F417-3E12-9F59-9C5013A58B9E}.RelWithDebInfo|x64.ActiveCfg = RelWithDebInfo|x64
		{A3338D0A-F417-3E12-9F59-9C5013A58B9E}.RelWithDebInfo|x64.Build.0 = RelWithDebInfo|x64
		{D1DBACB0-2D57-3306-8728-8AB1572E65FE}.Debug|x64.ActiveCfg = Debug|x64
		{D1DBACB0-2D57-3306-8728-8AB1572E65FE}.Debug|x64.Build.0 = Debug|x64
		{D1DBACB0-2D57-3306-8728-8AB1572E65FE}.Release|x64.ActiveCfg = Release|x64
		{D1DBACB0-2D57-3306-8728-8AB1572E65FE}.Release|x64.Build.0 = Release|x64
		{D1DBACB0-2D57-3306-8728-8AB1572E65FE}.MinSizeRel|x64.ActiveCfg = MinSizeRel|x64
		{D1DBACB0-2D57-3306-8728-8AB1572E65FE}.MinSizeRel|x64.Build.0 = MinSizeRel|x64
		{D1DBACB0-2D57-3306-8728-8AB1572E65FE}.RelWithDebInfo|x64.ActiveCfg = RelWithDebInfo|x64
		{D1DBACB0-2D57-3306-8728-8AB1572E65FE}.RelWithDebInfo|x64.Build.0 = RelWithDebInfo|x64
		{8B6934DA-F1FB-3731-B8CB-FEE71A17CB21}.Debug|x64.ActiveCfg = Debug|x64
		{8B6934DA-F1FB-3731-B8CB-FEE71A17CB21}.Debug|x64.Build.0 = Debug|x64
		{8B6934DA-F1FB-3731-B8CB-FEE71A17CB21}.Release|x64.ActiveCfg = Release|x64
		{8B6934DA-F1FB-3731-B8CB-FEE71A17CB21}.Release|x64.Build.0 = Release|x64
		{8B6934DA-F1FB-3731-B8CB-FEE71A17CB21}.MinSizeRel|x64.ActiveCfg = MinSizeRel|x64
		{8B6934DA-F1FB-3731-B8CB-FEE71A17CB21}.MinSizeRel|x64.Build.0 = MinSizeRel|x64
		{8B6934DA-F1FB-3731-B8CB-FEE71A17CB21}.RelWithDebInfo|x64.ActiveCfg = RelWithDebInfo|x64
		{8B6934DA-F1FB-3731-B8CB-FEE71A17CB21}.RelWithDebInfo|x64.Build.0 = RelWithDebInfo|x64
		{EE425285-4BEF-3302-AA29-E1778C3FBC2A}.Debug|x64.ActiveCfg = Debug|x64
		{EE425285-4BEF-3302-AA29-E1778C3FBC2A}.Debug|x64.Build.0 = Debug|x64
		{EE425285-4BEF-3302-AA29-E1778C3FBC2A}.Release|x64.ActiveCfg = Release|x64
		{EE425285-4BEF-3302-AA29-E1778C3FBC2A}.Release|x64.Build.0 = Release|x64
		{EE425285-4BEF-3302-AA29-E1778C3FBC2A}.MinSizeRel|x64.ActiveCfg = MinSizeRel|x64
		{EE425285-4BEF-3302-AA29-E1778C3FBC2A}.MinSizeRel|x64.Build.0 = MinSizeRel|x64
		{EE425285-4BEF-3302-AA29-E1778C3FBC2A}.RelWithDebInfo|x64.ActiveCfg = RelWithDebInfo|x64
		{EE425285-4BEF-3302-AA29-E1778C3FBC2A}.RelWithDebInfo|x64.Build.0 = RelWithDebInfo|x64
		{6DE0A0EE-51F9-3CD6-9913-A3D5A1592EAA}.Debug|x64.ActiveCfg = Debug|x64
		{6DE0A0EE-51F9-3CD6-9913-A3D5A1592EAA}.Debug|x64.Build.0 = Debug|x64
		{6DE0A0EE-51F9-3CD6-9913-A3D5A1592EAA}.Release|x64.ActiveCfg = Release|x64
		{6DE0A0EE-51F9-3CD6-9913-A3D5A1592EAA}.Release|x64.Build.0 = Release|x64
		{6DE0A0EE-51F9-3CD6-9913-A3D5A1592EAA}.MinSizeRel|x64.ActiveCfg = MinSizeRel|x64
		{6DE0A0EE-51F9-3CD6-9913-A3D5A1592EAA}.MinSizeRel|x64.Build.0 = MinSizeRel|x64
		{6DE0A0EE-51F9-3CD6-9913-A3D5A1592EAA}.RelWithDebInfo|x64.ActiveCfg = RelWithDebInfo|x64
		{6DE0A0EE-51F9-3CD6-9913-A3D5A1592EAA}.RelWithDebInfo|x64.Build.0 = RelWithDebInfo|x64
		{AD620ABE-ADAF-3974-9741-99915D5AC169}.Debug|x64.ActiveCfg = Debug|x64
		{AD620ABE-ADAF-3974-9741-99915D5AC169}.Debug|x64.Build.0 = Debug|x64
		{AD620ABE-ADAF-3974-9741-99915D5AC169}.Release|x64.ActiveCfg = Release|x64
		{AD620ABE-ADAF-3974-9741-99915D5AC169}.Release|x64.Build.0 = Release|x64
		{AD620ABE-ADAF-3974-9741-99915D5AC169}.MinSizeRel|x64.ActiveCfg = MinSizeRel|x64
		{AD620ABE-ADAF-3974-9741-99915D5AC169}.MinSizeRel|x64.Build.0 = MinSizeRel|x64
		{AD620ABE-ADAF-3974-9741-99915D5AC169}.RelWithDebInfo|x64.ActiveCfg = RelWithDebInfo|x64
		{AD620ABE-ADAF-3974-9741-99915D5AC169}.RelWithDebInfo|x64.Build.0 = RelWithDebInfo|x64
		{898BED3F-773D-3730-B870-3780FEC2C295}.Debug|x64.ActiveCfg = Debug|x64
		{898BED3F-773D-3730-B870-3780FEC2C295}.Debug|x64.Build.0 = Debug|x64
		{898BED3F-773D-3730-B870-3780FEC2C295}.Release|x64.ActiveCfg = Release|x64
		{898BED3F-773D-3730-B870-3780FEC2C295}.Release|x64.Build.0 = Release|x64
		{898BED3F-773D-3730-B870-3780FEC2C295}.MinSizeRel|x64.ActiveCfg = MinSizeRel|x64
		{898BED3F-773D-3730-B870-3780FEC2C295}.MinSizeRel|x64.Build.0 = MinSizeRel|x64
		{898BED3F-773D-3730-B870-3780FEC2C295}.RelWithDebInfo|x64.ActiveCfg = RelWithDebInfo|x64
		{898BED3F-773D-3730-B870-3780FEC2C295}.RelWithDebInfo|x64.Build.0 = RelWithDebInfo|x64
		{154E4E90-C053-3094-A0AC-887716E109C2}.Debug|x64.ActiveCfg = Debug|x64
		{154E4E90-C053-3094-A0AC-887716E109C2}.Debug|x64.Build.0 = Debug|x64
		{154E4E90-C053-3094-A0AC-887716E109C2}.Release|x64.ActiveCfg = Release|x64
		{154E4E90-C053-3094-A0AC-887716E109C2}.Release|x64.Build.0 = Release|x64
		{154E4E90-C053-3094-A0AC-887716E109C2}.MinSizeRel|x64.ActiveCfg = MinSizeRel|x64
		{154E4E90-C053-3094-A0AC-887716E109C2}.MinSizeRel|x64.Build.0 = MinSizeRel|x64
		{154E4E90-C053-3094-A0AC-887716E109C2}.RelWithDebInfo|x64.ActiveCfg = RelWithDebInfo|x64
		{154E4E90-C053-3094-A0AC-887716E109C2}.RelWithDebInfo|x64.Build.0 = RelWithDebInfo|x64
		{47695C1C-5A02-314B-966E-B0ACFE6E2820}.Debug|x64.ActiveCfg = Debug|x64
		{47695C1C-5A02-314B-966E-B0ACFE6E2820}.Debug|x64.Build.0 = Debug|x64
		{47695C1C-5A02-314B-966E-B0ACFE6E2820}.Release|x64.ActiveCfg = Release|x64
		{47695C1C-5A02-314B-966E-B0ACFE6E2820}.Release|x64.Build.0 = Release|x64
		{47695C1C-5A02-314B-966E-B0ACFE6E2820}.MinSizeRel|x64.ActiveCfg = MinSizeRel|x64
		{47695C1C-5A02-314B-966E-B0ACFE6E2820}.MinSizeRel|x64.Build.0 = MinSizeRel|x64
		{47695C1C-5A02-314B-966E-B0ACFE6E2820}.RelWithDebInfo|x64.ActiveCfg = RelWithDebInfo|x64
		{47695C1C-5A02-314B-966E-B0ACFE6E2820}.RelWithDebInfo|x64.Build.0 = RelWithDebInfo|x64
		{15AF24EF-F26F-31E9-ADCC-44668C683DDF}.Debug|x64.ActiveCfg = Debug|x64
		{15AF24EF-F26F-31E9-ADCC-44668C683DDF}.Debug|x64.Build.0 = Debug|x64
		{15AF24EF-F26F-31E9-ADCC-44668C683DDF}.Release|x64.ActiveCfg = Release|x64
		{15AF24EF-F26F-31E9-ADCC-44668C683DDF}.Release|x64.Build.0 = Release|x64
		{15AF24EF-F26F-31E9-ADCC-44668C683DDF}.MinSizeRel|x64.ActiveCfg = MinSizeRel|x64
		{15AF24EF-F26F-31E9-ADCC-44668C683DDF}.MinSizeRel|x64.Build.0 = MinSizeRel|x64
		{15AF24EF-F26F-31E9-ADCC-44668C683DDF}.RelWithDebInfo|x64.ActiveCfg = RelWithDebInfo|x64
		{15AF24EF-F26F-31E9-ADCC-44668C683DDF}.RelWithDebInfo|x64.Build.0 = RelWithDebInfo|x64
		{B823D2F4-13ED-34B3-B7AF-6ADDE5BF8242}.Debug|x64.ActiveCfg = Debug|x64
		{B823D2F4-13ED-34B3-B7AF-6ADDE5BF8242}.Debug|x64.Build.0 = Debug|x64
		{B823D2F4-13ED-34B3-B7AF-6ADDE5BF8242}.Release|x64.ActiveCfg = Release|x64
		{B823D2F4-13ED-34B3-B7AF-6ADDE5BF8242}.Release|x64.Build.0 = Release|x64
		{B823D2F4-13ED-34B3-B7AF-6ADDE5BF8242}.MinSizeRel|x64.ActiveCfg = MinSizeRel|x64
		{B823D2F4-13ED-34B3-B7AF-6ADDE5BF8242}.MinSizeRel|x64.Build.0 = MinSizeRel|x64
		{B823D2F4-13ED-34B3-B7AF-6ADDE5BF8242}.RelWithDebInfo|x64.ActiveCfg = RelWithDebInfo|x64
		{B823D2F4-13ED-34B3-B7AF-6ADDE5BF8242}.RelWithDebInfo|x64.Build.0 = RelWithDebInfo|x64
		{B6EF09C8-A3D2-3A06-AF91-E276450D6720}.Debug|x64.ActiveCfg = Debug|x64
		{B6EF09C8-A3D2-3A06-AF91-E276450D6720}.Debug|x64.Build.0 = Debug|x64
		{B6EF09C8-A3D2-3A06-AF91-E276450D6720}.Release|x64.ActiveCfg = Release|x64
		{B6EF09C8-A3D2-3A06-AF91-E276450D6720}.Release|x64.Build.0 = Release|x64
		{B6EF09C8-A3D2-3A06-AF91-E276450D6720}.MinSizeRel|x64.ActiveCfg = MinSizeRel|x64
		{B6EF09C8-A3D2-3A06-AF91-E276450D6720}.MinSizeRel|x64.Build.0 = MinSizeRel|x64
		{B6EF09C8-A3D2-3A06-AF91-E276450D6720}.RelWithDebInfo|x64.ActiveCfg = RelWithDebInfo|x64
		{B6EF09C8-A3D2-3A06-AF91-E276450D6720}.RelWithDebInfo|x64.Build.0 = RelWithDebInfo|x64
		{530D29D4-0EB5-35BA-B680-79E99EB8831A}.Debug|x64.ActiveCfg = Debug|x64
		{530D29D4-0EB5-35BA-B680-79E99EB8831A}.Debug|x64.Build.0 = Debug|x64
		{530D29D4-0EB5-35BA-B680-79E99EB8831A}.Release|x64.ActiveCfg = Release|x64
		{530D29D4-0EB5-35BA-B680-79E99EB8831A}.Release|x64.Build.0 = Release|x64
		{530D29D4-0EB5-35BA-B680-79E99EB8831A}.MinSizeRel|x64.ActiveCfg = MinSizeRel|x64
		{530D29D4-0EB5-35BA-B680-79E99EB8831A}.MinSizeRel|x64.Build.0 = MinSizeRel|x64
		{530D29D4-0EB5-35BA-B680-79E99EB8831A}.RelWithDebInfo|x64.ActiveCfg = RelWithDebInfo|x64
		{530D29D4-0EB5-35BA-B680-79E99EB8831A}.RelWithDebInfo|x64.Build.0 = RelWithDebInfo|x64
		{5F55A888-8D2D-3A42-9959-BEF66DA5E615}.Debug|x64.ActiveCfg = Debug|x64
		{5F55A888-8D2D-3A42-9959-BEF66DA5E615}.Debug|x64.Build.0 = Debug|x64
		{5F55A888-8D2D-3A42-9959-BEF66DA5E615}.Release|x64.ActiveCfg = Release|x64
		{5F55A888-8D2D-3A42-9959-BEF66DA5E615}.Release|x64.Build.0 = Release|x64
		{5F55A888-8D2D-3A42-9959-BEF66DA5E615}.MinSizeRel|x64.ActiveCfg = MinSizeRel|x64
		{5F55A888-8D2D-3A42-9959-BEF66DA5E615}.MinSizeRel|x64.Build.0 = MinSizeRel|x64
		{5F55A888-8D2D-3A42-9959-BEF66DA5E615}.RelWithDebInfo|x64.ActiveCfg = RelWithDebInfo|x64
		{5F55A888-8D2D-3A42-9959-BEF66DA5E615}.RelWithDebInfo|x64.Build.0 = RelWithDebInfo|x64
		{11959CDE-A378-3CF8-AD7B-063BCFBB4606}.Debug|x64.ActiveCfg = Debug|x64
		{11959CDE-A378-3CF8-AD7B-063BCFBB4606}.Debug|x64.Build.0 = Debug|x64
		{11959CDE-A378-3CF8-AD7B-063BCFBB4606}.Release|x64.ActiveCfg = Release|x64
		{11959CDE-A378-3CF8-AD7B-063BCFBB4606}.Release|x64.Build.0 = Release|x64
		{11959CDE-A378-3CF8-AD7B-063BCFBB4606}.MinSizeRel|x64.ActiveCfg = MinSizeRel|x64
		{11959CDE-A378-3CF8-AD7B-063BCFBB4606}.MinSizeRel|x64.Build.0 = MinSizeRel|x64
		{11959CDE-A378-3CF8-AD7B-063BCFBB4606}.RelWithDebInfo|x64.ActiveCfg = RelWithDebInfo|x64
		{11959CDE-A378-3CF8-AD7B-063BCFBB4606}.RelWithDebInfo|x64.Build.0 = RelWithDebInfo|x64
		{B2C0C467-5E7F-321E-ABA6-FFB2214FE12D}.Debug|x64.ActiveCfg = Debug|x64
		{B2C0C467-5E7F-321E-ABA6-FFB2214FE12D}.Debug|x64.Build.0 = Debug|x64
		{B2C0C467-5E7F-321E-ABA6-FFB2214FE12D}.Release|x64.ActiveCfg = Release|x64
		{B2C0C467-5E7F-321E-ABA6-FFB2214FE12D}.Release|x64.Build.0 = Release|x64
		{B2C0C467-5E7F-321E-ABA6-FFB2214FE12D}.MinSizeRel|x64.ActiveCfg = MinSizeRel|x64
		{B2C0C467-5E7F-321E-ABA6-FFB2214FE12D}.MinSizeRel|x64.Build.0 = MinSizeRel|x64
		{B2C0C467-5E7F-321E-ABA6-FFB2214FE12D}.RelWithDebInfo|x64.ActiveCfg = RelWithDebInfo|x64
		{B2C0C467-5E7F-321E-ABA6-FFB2214FE12D}.RelWithDebInfo|x64.Build.0 = RelWithDebInfo|x64
		{C7F728C4-5092-345E-A0E7-FD6B45D3E954}.Debug|x64.ActiveCfg = Debug|x64
		{C7F728C4-5092-345E-A0E7-FD6B45D3E954}.Debug|x64.Build.0 = Debug|x64
		{C7F728C4-5092-345E-A0E7-FD6B45D3E954}.Release|x64.ActiveCfg = Release|x64
		{C7F728C4-5092-345E-A0E7-FD6B45D3E954}.Release|x64.Build.0 = Release|x64
		{C7F728C4-5092-345E-A0E7-FD6B45D3E954}.MinSizeRel|x64.ActiveCfg = MinSizeRel|x64
		{C7F728C4-5092-345E-A0E7-FD6B45D3E954}.MinSizeRel|x64.Build.0 = MinSizeRel|x64
		{C7F728C4-5092-345E-A0E7-FD6B45D3E954}.RelWithDebInfo|x64.ActiveCfg = RelWithDebInfo|x64
		{C7F728C4-5092-345E-A0E7-FD6B45D3E954}.RelWithDebInfo|x64.Build.0 = RelWithDebInfo|x64
		{6046D466-B2EE-38D6-B288-2DF122417654}.Debug|x64.ActiveCfg = Debug|x64
		{6046D466-B2EE-38D6-B288-2DF122417654}.Debug|x64.Build.0 = Debug|x64
		{6046D466-B2EE-38D6-B288-2DF122417654}.Release|x64.ActiveCfg = Release|x64
		{6046D466-B2EE-38D6-B288-2DF122417654}.Release|x64.Build.0 = Release|x64
		{6046D466-B2EE-38D6-B288-2DF122417654}.MinSizeRel|x64.ActiveCfg = MinSizeRel|x64
		{6046D466-B2EE-38D6-B288-2DF122417654}.MinSizeRel|x64.Build.0 = MinSizeRel|x64
		{6046D466-B2EE-38D6-B288-2DF122417654}.RelWithDebInfo|x64.ActiveCfg = RelWithDebInfo|x64
		{6046D466-B2EE-38D6-B288-2DF122417654}.RelWithDebInfo|x64.Build.0 = RelWithDebInfo|x64
		{6E6E0979-5A4A-3092-A57D-4533F949AB74}.Debug|x64.ActiveCfg = Debug|x64
		{6E6E0979-5A4A-3092-A57D-4533F949AB74}.Debug|x64.Build.0 = Debug|x64
		{6E6E0979-5A4A-3092-A57D-4533F949AB74}.Release|x64.ActiveCfg = Release|x64
		{6E6E0979-5A4A-3092-A57D-4533F949AB74}.Release|x64.Build.0 = Release|x64
		{6E6E0979-5A4A-3092-A57D-4533F949AB74}.MinSizeRel|x64.ActiveCfg = MinSizeRel|x64
		{6E6E0979-5A4A-3092-A57D-4533F949AB74}.MinSizeRel|x64.Build.0 = MinSizeRel|x64
		{6E6E0979-5A4A-3092-A57D-4533F949AB74}.RelWithDebInfo|x64.ActiveCfg = RelWithDebInfo|x64
		{6E6E0979-5A4A-3092-A57D-4533F949AB74}.RelWithDebInfo|x64.Build.0 = RelWithDebInfo|x64
		{A1988C78-5083-3373-A65B-78405C6BBF52}.Debug|x64.ActiveCfg = Debug|x64
		{A1988C78-5083-3373-A65B-78405C6BBF52}.Release|x64.ActiveCfg = Release|x64
		{A1988C78-5083-3373-A65B-78405C6BBF52}.MinSizeRel|x64.ActiveCfg = MinSizeRel|x64
		{A1988C78-5083-3373-A65B-78405C6BBF52}.RelWithDebInfo|x64.ActiveCfg = RelWithDebInfo|x64
		{E82EEFCA-A888-3326-9361-42A069B9C4DF}.Debug|x64.ActiveCfg = Debug|x64
		{E82EEFCA-A888-3326-9361-42A069B9C4DF}.Debug|x64.Build.0 = Debug|x64
		{E82EEFCA-A888-3326-9361-42A069B9C4DF}.Release|x64.ActiveCfg = Release|x64
		{E82EEFCA-A888-3326-9361-42A069B9C4DF}.Release|x64.Build.0 = Release|x64
		{E82EEFCA-A888-3326-9361-42A069B9C4DF}.MinSizeRel|x64.ActiveCfg = MinSizeRel|x64
		{E82EEFCA-A888-3326-9361-42A069B9C4DF}.MinSizeRel|x64.Build.0 = MinSizeRel|x64
		{E82EEFCA-A888-3326-9361-42A069B9C4DF}.RelWithDebInfo|x64.ActiveCfg = RelWithDebInfo|x64
		{E82EEFCA-A888-3326-9361-42A069B9C4DF}.RelWithDebInfo|x64.Build.0 = RelWithDebInfo|x64
		{633CF7B6-59C8-3C6D-8932-2D48B0CC6364}.Debug|x64.ActiveCfg = Debug|x64
		{633CF7B6-59C8-3C6D-8932-2D48B0CC6364}.Debug|x64.Build.0 = Debug|x64
		{633CF7B6-59C8-3C6D-8932-2D48B0CC6364}.Release|x64.ActiveCfg = Release|x64
		{633CF7B6-59C8-3C6D-8932-2D48B0CC6364}.Release|x64.Build.0 = Release|x64
		{633CF7B6-59C8-3C6D-8932-2D48B0CC6364}.MinSizeRel|x64.ActiveCfg = MinSizeRel|x64
		{633CF7B6-59C8-3C6D-8932-2D48B0CC6364}.MinSizeRel|x64.Build.0 = MinSizeRel|x64
		{633CF7B6-59C8-3C6D-8932-2D48B0CC6364}.RelWithDebInfo|x64.ActiveCfg = RelWithDebInfo|x64
		{633CF7B6-59C8-3C6D-8932-2D48B0CC6364}.RelWithDebInfo|x64.Build.0 = RelWithDebInfo|x64
	EndGlobalSection
	GlobalSection(NestedProjects) = preSolution
		{56EFE21C-E26E-359F-BE2D-E9AC7BC03D57} = {AB3E8E0C-DF05-3521-A5D6-94604DF3CB89}
		{A47951A3-4EF2-356F-91D7-35376F707ACF} = {AB3E8E0C-DF05-3521-A5D6-94604DF3CB89}
		{81535EF7-3368-3AE1-9D54-7984DB2BA273} = {AB3E8E0C-DF05-3521-A5D6-94604DF3CB89}
		{EDDC9388-6FB5-395B-A902-032048A32965} = {CC14BBC0-FB42-350E-9ADC-121161C39B84}
		{DB713FBC-B2DC-35C6-AC7B-244B33B3726A} = {CC14BBC0-FB42-350E-9ADC-121161C39B84}
		{6DE0A0EE-51F9-3CD6-9913-A3D5A1592EAA} = {CC14BBC0-FB42-350E-9ADC-121161C39B84}
		{ECFE848B-62E0-3794-B030-5419EB1589BD} = {EDDC9388-6FB5-395B-A902-032048A32965}
		{EE425285-4BEF-3302-AA29-E1778C3FBC2A} = {EDDC9388-6FB5-395B-A902-032048A32965}
		{898BED3F-773D-3730-B870-3780FEC2C295} = {EDDC9388-6FB5-395B-A902-032048A32965}
		{B6EF09C8-A3D2-3A06-AF91-E276450D6720} = {EDDC9388-6FB5-395B-A902-032048A32965}
		{11959CDE-A378-3CF8-AD7B-063BCFBB4606} = {EDDC9388-6FB5-395B-A902-032048A32965}
		{B2C0C467-5E7F-321E-ABA6-FFB2214FE12D} = {EDDC9388-6FB5-395B-A902-032048A32965}
		{E82EEFCA-A888-3326-9361-42A069B9C4DF} = {EDDC9388-6FB5-395B-A902-032048A32965}
		{E5CD3609-8828-3E20-9311-2EAF6119FE66} = {DB713FBC-B2DC-35C6-AC7B-244B33B3726A}
		{9AEC2DB4-67C7-3F61-ACFC-9E154B2C201F} = {DB713FBC-B2DC-35C6-AC7B-244B33B3726A}
		{A3338D0A-F417-3E12-9F59-9C5013A58B9E} = {DB713FBC-B2DC-35C6-AC7B-244B33B3726A}
		{D1DBACB0-2D57-3306-8728-8AB1572E65FE} = {DB713FBC-B2DC-35C6-AC7B-244B33B3726A}
		{8B6934DA-F1FB-3731-B8CB-FEE71A17CB21} = {DB713FBC-B2DC-35C6-AC7B-244B33B3726A}
		{AD620ABE-ADAF-3974-9741-99915D5AC169} = {DB713FBC-B2DC-35C6-AC7B-244B33B3726A}
		{154E4E90-C053-3094-A0AC-887716E109C2} = {DB713FBC-B2DC-35C6-AC7B-244B33B3726A}
		{47695C1C-5A02-314B-966E-B0ACFE6E2820} = {DB713FBC-B2DC-35C6-AC7B-244B33B3726A}
		{15AF24EF-F26F-31E9-ADCC-44668C683DDF} = {DB713FBC-B2DC-35C6-AC7B-244B33B3726A}
		{B823D2F4-13ED-34B3-B7AF-6ADDE5BF8242} = {DB713FBC-B2DC-35C6-AC7B-244B33B3726A}
		{530D29D4-0EB5-35BA-B680-79E99EB8831A} = {DB713FBC-B2DC-35C6-AC7B-244B33B3726A}
		{5F55A888-8D2D-3A42-9959-BEF66DA5E615} = {DB713FBC-B2DC-35C6-AC7B-244B33B3726A}
		{C7F728C4-5092-345E-A0E7-FD6B45D3E954} = {DB713FBC-B2DC-35C6-AC7B-244B33B3726A}
		{6046D466-B2EE-38D6-B288-2DF122417654} = {DB713FBC-B2DC-35C6-AC7B-244B33B3726A}
		{6E6E0979-5A4A-3092-A57D-4533F949AB74} = {DB713FBC-B2DC-35C6-AC7B-244B33B3726A}
		{633CF7B6-59C8-3C6D-8932-2D48B0CC6364} = {DB713FBC-B2DC-35C6-AC7B-244B33B3726A}
	EndGlobalSection
	GlobalSection(ExtensibilityGlobals) = postSolution
		SolutionGuid = {04BDAE45-02EA-3D4C-8E6B-455BCB6E05AC}
	EndGlobalSection
	GlobalSection(ExtensibilityAddIns) = postSolution
	EndGlobalSection
EndGlobal
